{
  "name": "@generative-music/piece-oxalis-1",
  "version": "4.3.1",
  "lockfileVersion": 1,
  "requires": true,
  "dependencies": {
    "@generative-music/make-piece-oxalis": {
      "version": "4.2.0",
      "resolved": "https://registry.npmjs.org/@generative-music/make-piece-oxalis/-/make-piece-oxalis-4.2.0.tgz",
      "integrity": "sha512-WH+eK6IPN5UwTiMbl7PoKWAf2QH/LwjBkcE9FNZQfeTMrwQtZoRu1BU3NS6yvwTR92mwxzeXctV6wX8yVwwzjw==",
      "requires": {
        "@generative-music/utilities": "^4.2.0"
      }
    },
    "@generative-music/utilities": {
      "version": "4.2.0",
      "resolved": "https://registry.npmjs.org/@generative-music/utilities/-/utilities-4.2.0.tgz",
      "integrity": "sha512-lxS7hpegL+lzlY70nV6cPgvhzOeVwY8R4lIRJwUwgB3MFuADzQ1SlnW1uJf5oQ1DANYMWt9wHVVyodaUlnlsCA=="
    }
  }
}
