{
  "name": "@generative-music/piece-oxalis-1",
  "version": "4.0.0",
  "lockfileVersion": 1,
  "requires": true,
  "dependencies": {
    "@generative-music/make-piece-oxalis": {
      "version": "3.2.6",
      "resolved": "https://registry.npmjs.org/@generative-music/make-piece-oxalis/-/make-piece-oxalis-3.2.6.tgz",
      "integrity": "sha512-jCqoCHcC7SoDxvzasH98dUOxZbnwbzdl9ns2SQGt+Zins3/P/RsJzkYcou/3LWf23wuwLl1+3i2bG0iHlFiT3w==",
      "requires": {
        "@generative-music/utilities": "^3.2.6"
      }
    },
    "@generative-music/utilities": {
      "version": "3.2.6",
      "resolved": "https://registry.npmjs.org/@generative-music/utilities/-/utilities-3.2.6.tgz",
      "integrity": "sha512-o2dxDr+OWViBA5+THXohr51BuTXMFZYxDN6EU9Zyozvfd+FxcoEiboIWQQTWVBXZxlCeeSfXRjsw30WYgXjvfA=="
    },
    "tone": {
      "version": "13.8.25",
      "resolved": "https://registry.npmjs.org/tone/-/tone-13.8.25.tgz",
      "integrity": "sha512-8QqmLn+/R+Urib/78zf93+NqFLddXS777kQO7+EbJHwqy+nmug+SJFRp2KIytT0LQY2sJBiopNb2ceHA8uQQJg==",
      "dev": true
    }
  }
}
