{
  "name": "@generative-music/piece-stream-of-consciousness",
  "version": "3.1.5",
  "lockfileVersion": 1,
  "requires": true,
  "dependencies": {
    "@generative-music/utilities": {
      "version": "3.1.0",
      "resolved": "https://registry.npmjs.org/@generative-music/utilities/-/utilities-3.1.0.tgz",
      "integrity": "sha512-ZWZnesQpi8bcrdXD/wukKxtzPc4RW3RUQ3TDPOFRbmCJhMq8YPt4YvE9uD67U2H1tWuMSm3nsDhuuxWCfkkcjQ=="
    },
    "tone": {
      "version": "13.8.25",
      "resolved": "https://registry.npmjs.org/tone/-/tone-13.8.25.tgz",
      "integrity": "sha512-8QqmLn+/R+Urib/78zf93+NqFLddXS777kQO7+EbJHwqy+nmug+SJFRp2KIytT0LQY2sJBiopNb2ceHA8uQQJg==",
      "dev": true
    }
  }
}
