{
  "name": "@generative-music/piece-trees",
  "version": "2.36.0",
  "lockfileVersion": 1,
  "requires": true,
  "dependencies": {
    "tonal": {
      "version": "2.2.1",
      "resolved": "https://registry.npmjs.org/tonal/-/tonal-2.2.1.tgz",
      "integrity": "sha512-o4bcXoFkB1MXXzNK7bRF5qSCW4xUmbqur3Nn3OU0cpsfRkAAYxJP70xDTo8W4kquS2IoofrsBWq0Ui5RQhOcOg==",
      "requires": {
        "tonal-array": "^2.2.1",
        "tonal-chord": "^2.2.1",
        "tonal-dictionary": "^2.2.1",
        "tonal-distance": "^2.2.1",
        "tonal-interval": "^2.2.1",
        "tonal-key": "^2.2.1",
        "tonal-note": "^2.2.1",
        "tonal-pcset": "^2.2.1",
        "tonal-scale": "^2.2.1"
      }
    },
    "tonal-array": {
      "version": "2.2.1",
      "resolved": "https://registry.npmjs.org/tonal-array/-/tonal-array-2.2.1.tgz",
      "integrity": "sha512-Hmfaiibe/PUnpAyhKE2Q3VDCE3IY4XFL54qLP34f4SpDPnji1p4p92j8uerlTElMFvAav9djO+wD6n0W7M702Q==",
      "requires": {
        "tonal-note": "^2.2.1"
      }
    },
    "tonal-chord": {
      "version": "2.2.1",
      "resolved": "https://registry.npmjs.org/tonal-chord/-/tonal-chord-2.2.1.tgz",
      "integrity": "sha512-8NcMQf5wMCG+TO0vsHuXjzK3lMPcrP3egYf38rLlGwneXam1KLzcqr4/4LoUSpuOZowlRyvuAWRZRSSIAbjN4g==",
      "requires": {
        "tonal-dictionary": "^2.2.1",
        "tonal-distance": "^2.2.1",
        "tonal-note": "^2.2.1",
        "tonal-pcset": "^2.2.1"
      }
    },
    "tonal-dictionary": {
      "version": "2.2.1",
      "resolved": "https://registry.npmjs.org/tonal-dictionary/-/tonal-dictionary-2.2.1.tgz",
      "integrity": "sha512-7xpPLzFvU18h/gzYSGXLkL863Da4609ZDXY6cR2CExrPjUuTyHQmICgz9JeoZLRnn24tRQr0mUJYp6oac7mxVQ==",
      "requires": {
        "tonal-array": "^2.2.1",
        "tonal-note": "^2.2.1",
        "tonal-pcset": "^2.2.1"
      }
    },
    "tonal-distance": {
      "version": "2.2.1",
      "resolved": "https://registry.npmjs.org/tonal-distance/-/tonal-distance-2.2.1.tgz",
      "integrity": "sha512-8nHlEdKGT2HOuVEa/NvOZDxhpaLBsyrvA8d06FbRoFJ9neSnjEKip4ynNJ5ij+uhfPwoSHCcyheMzepRBroMdQ==",
      "requires": {
        "tonal-interval": "^2.2.1",
        "tonal-note": "^2.2.1"
      }
    },
    "tonal-interval": {
      "version": "2.2.1",
      "resolved": "https://registry.npmjs.org/tonal-interval/-/tonal-interval-2.2.1.tgz",
      "integrity": "sha512-90TUFdo5Qlcmy3xoRDoumzwUqKIpgD9IpkmDwAtSxmDDZveV/WHiSjHX8+zKRiPrizi8oflibxDnvZO7RiTVlQ=="
    },
    "tonal-key": {
      "version": "2.2.1",
      "resolved": "https://registry.npmjs.org/tonal-key/-/tonal-key-2.2.1.tgz",
      "integrity": "sha512-uJLyY9CgOvHCAxA1AwAvwGOKc1ETNZgwZakcLItZZ4lNBTkhIWEvgTDgYnEtFLM+xMa0gLwToR1OFib+W50m4A==",
      "requires": {
        "tonal-array": "^2.2.1",
        "tonal-distance": "^2.2.1",
        "tonal-note": "^2.2.1",
        "tonal-roman-numeral": "^2.2.1"
      }
    },
    "tonal-note": {
      "version": "2.2.1",
      "resolved": "https://registry.npmjs.org/tonal-note/-/tonal-note-2.2.1.tgz",
      "integrity": "sha512-anlxv8l26CjvesoCAE+Ru4atqSJjcnPO04IK1sLKi5cB8lzdJjk5xdqCP0Trq4yDPQSGiUbTIbA+hOSf4mCM4A=="
    },
    "tonal-pcset": {
      "version": "2.2.1",
      "resolved": "https://registry.npmjs.org/tonal-pcset/-/tonal-pcset-2.2.1.tgz",
      "integrity": "sha512-lclE33VYUm8m2PBTRdkNS/f4/ehcNcKSjh3e/IbnaD1OayEhxxs6mFjVbnT6cpbqG42M+ZK2prqfPsaVp75jlw==",
      "requires": {
        "tonal-array": "^2.2.1",
        "tonal-interval": "^2.2.1",
        "tonal-note": "^2.2.1"
      }
    },
    "tonal-roman-numeral": {
      "version": "2.2.1",
      "resolved": "https://registry.npmjs.org/tonal-roman-numeral/-/tonal-roman-numeral-2.2.1.tgz",
      "integrity": "sha512-dVskmAxkQVuOscza6j4NEK42yeq1AuPiVv7+dAUimMTsEXDmA8fsLlve9YEMfT8NEWt5dTgIYjkb0pTGkGtRkw=="
    },
    "tonal-scale": {
      "version": "2.2.1",
      "resolved": "https://registry.npmjs.org/tonal-scale/-/tonal-scale-2.2.1.tgz",
      "integrity": "sha512-i96GigrQv4unrLBGKJfxuUqrAQ9hEBq7fFJEcSq+uR9zDhHmy31Lw2yLeFnxuHqYCz0SwFoQ7v61mi9wt0Kscw==",
      "requires": {
        "tonal-array": "^2.2.1",
        "tonal-dictionary": "^2.2.1",
        "tonal-distance": "^2.2.1",
        "tonal-note": "^2.2.1",
        "tonal-pcset": "^2.2.1"
      }
    },
    "tone": {
      "version": "13.4.9",
      "resolved": "https://registry.npmjs.org/tone/-/tone-13.4.9.tgz",
      "integrity": "sha512-jU3MJOzt9wcGbo57TIzgAQe13EgwvdC7N6N/cA6ZkGYHH8gop+L6a87NRP3LIBCcJxVps6I6i/39ZUJI2aCWUA==",
      "dev": true
    }
  }
}
