{
  "name": "@generative-music/piece-timbral-oscillations",
  "version": "4.2.0",
  "lockfileVersion": 1,
  "requires": true,
  "dependencies": {
    "@babel/runtime": {
      "version": "7.11.2",
      "resolved": "https://registry.npmjs.org/@babel/runtime/-/runtime-7.11.2.tgz",
      "integrity": "sha512-TeWkU52so0mPtDcaCTxNBI/IHiz0pZgr8VEFqXFtZWpYD08ZB6FaSwVAS8MKRQAP3bYKiVjwysOJgMFY28o6Tw==",
      "dev": true,
      "requires": {
        "regenerator-runtime": "^0.13.4"
      }
    },
    "@generative-music/utilities": {
      "version": "3.3.0",
      "resolved": "https://registry.npmjs.org/@generative-music/utilities/-/utilities-3.3.0.tgz",
      "integrity": "sha512-v05c7nLK11frRqF5xNPawEdw7aZw+50Iyt5ggaS0lUZJhxQnDZE9y2YVNZPf0pC8p/tiPM0AoQxbuFu08bHaWQ=="
    },
    "automation-events": {
      "version": "2.0.19",
      "resolved": "https://registry.npmjs.org/automation-events/-/automation-events-2.0.19.tgz",
      "integrity": "sha512-6RUNmFkmTYXq/W+ovdwLdqqj44rGh9+dGjg4qLaktVHYT1+c+PdlYAkaCn/H2AaqprW9NZhK+jsXT4t8izPV+w==",
      "dev": true,
      "requires": {
        "@babel/runtime": "^7.11.2",
        "tslib": "^2.0.1"
      },
      "dependencies": {
        "tslib": {
          "version": "2.0.1",
          "resolved": "https://registry.npmjs.org/tslib/-/tslib-2.0.1.tgz",
          "integrity": "sha512-SgIkNheinmEBgx1IUNirK0TUD4X9yjjBRTqqjggWCU3pUEqIk3/Uwl3yRixYKT6WjQuGiwDv4NomL3wqRCj+CQ==",
          "dev": true
        }
      }
    },
    "regenerator-runtime": {
      "version": "0.13.7",
      "resolved": "https://registry.npmjs.org/regenerator-runtime/-/regenerator-runtime-0.13.7.tgz",
      "integrity": "sha512-a54FxoJDIr27pgf7IgeQGxmqUNYrcV338lf/6gH456HZ/PhX+5BcwHXG9ajESmwe6WRO0tAzRUrRmNONWgkrew==",
      "dev": true
    },
    "standardized-audio-context": {
      "version": "24.1.26",
      "resolved": "https://registry.npmjs.org/standardized-audio-context/-/standardized-audio-context-24.1.26.tgz",
      "integrity": "sha512-Grm5EZGcg7hDmLZWbyZ/93dBzlRii9HUmRjmyyatissEzdBPxeA4Ptt9VjtYnd0mEOzxxbS222SxpbYnV57JFA==",
      "dev": true,
      "requires": {
        "@babel/runtime": "^7.11.2",
        "automation-events": "^2.0.19",
        "tslib": "^2.0.1"
      },
      "dependencies": {
        "tslib": {
          "version": "2.0.1",
          "resolved": "https://registry.npmjs.org/tslib/-/tslib-2.0.1.tgz",
          "integrity": "sha512-SgIkNheinmEBgx1IUNirK0TUD4X9yjjBRTqqjggWCU3pUEqIk3/Uwl3yRixYKT6WjQuGiwDv4NomL3wqRCj+CQ==",
          "dev": true
        }
      }
    },
    "tone": {
      "version": "14.7.39",
      "resolved": "https://registry.npmjs.org/tone/-/tone-14.7.39.tgz",
      "integrity": "sha512-lSnR8Y8PTkWaeoD4rce1MROSjxelcLwZNzLn5tzhQvP33VpurdntAm853aFO2zaGwbAEd2mAxzCgczTyDE7GBg==",
      "dev": true,
      "requires": {
        "standardized-audio-context": "^24.1.5",
        "tslib": "^1.10.0"
      }
    },
    "tslib": {
      "version": "1.13.0",
      "resolved": "https://registry.npmjs.org/tslib/-/tslib-1.13.0.tgz",
      "integrity": "sha512-i/6DQjL8Xf3be4K/E6Wgpekn5Qasl1usyw++dAA35Ue5orEn65VIxOA+YvNNl9HV3qv70T7CNwjODHZrLwvd1Q==",
      "dev": true
    }
  }
}
