{
  "name": "@generative-music/piece-meditation",
  "version": "2.0.0",
  "lockfileVersion": 1,
  "requires": true,
  "dependencies": {
    "tonal": {
      "version": "2.1.2",
      "resolved": "https://registry.npmjs.org/tonal/-/tonal-2.1.2.tgz",
      "integrity": "sha512-CPtqcnb0p0ZtCn9VaxnEno2FSkmP85CnYqzX8le3QXmj8tpbOeNVbvw6gegPpj8wIkz9LlFV6duKZx+BNEnC7w==",
      "requires": {
        "tonal-array": "^2.1.2",
        "tonal-chord": "^2.1.2",
        "tonal-dictionary": "^2.1.2",
        "tonal-distance": "^2.1.2",
        "tonal-interval": "^2.1.2",
        "tonal-key": "^2.1.2",
        "tonal-note": "^2.1.2",
        "tonal-pcset": "^2.1.2",
        "tonal-scale": "^2.1.2"
      }
    },
    "tonal-array": {
      "version": "2.1.2",
      "resolved": "https://registry.npmjs.org/tonal-array/-/tonal-array-2.1.2.tgz",
      "integrity": "sha512-itFzicmDy4/ZsrrC2OSqQHNFJAgDCUOqtlSa1H3s4EeUSZFShZfdDGGiHuWaOt2Ybhf30a4zNkeHplBbzU4pKQ==",
      "requires": {
        "tonal-note": "^2.1.2"
      }
    },
    "tonal-chord": {
      "version": "2.1.2",
      "resolved": "https://registry.npmjs.org/tonal-chord/-/tonal-chord-2.1.2.tgz",
      "integrity": "sha512-TglYj3JBZgJBz/mIA34PtQENrsw9nFU3PDM69h2y6KAv2vbQ44097kxzHqkMg9+IS/HGksgUC7xW6L52jECt2w==",
      "requires": {
        "tonal-dictionary": "^2.1.2",
        "tonal-distance": "^2.1.2",
        "tonal-note": "^2.1.2",
        "tonal-pcset": "^2.1.2"
      }
    },
    "tonal-dictionary": {
      "version": "2.1.2",
      "resolved": "https://registry.npmjs.org/tonal-dictionary/-/tonal-dictionary-2.1.2.tgz",
      "integrity": "sha512-aBxLx0ues6ekFFQsfD2s2VL+YCOD1Szls2Ne+j2mQyTWsPKE18PiDUZ4YA0Ytr7TeefgduINQRil26jFhsG7QQ==",
      "requires": {
        "tonal-array": "^2.1.2",
        "tonal-note": "^2.1.2",
        "tonal-pcset": "^2.1.2"
      }
    },
    "tonal-distance": {
      "version": "2.1.2",
      "resolved": "https://registry.npmjs.org/tonal-distance/-/tonal-distance-2.1.2.tgz",
      "integrity": "sha512-0AeogWBIoQMcoW+zEgPHSHfwsLJ/sksYoEaCDYQBNSvYXXtVyMxAM+FSmyP3CEZV/2oirAN7TFRTmc8ORA9f3Q==",
      "requires": {
        "tonal-interval": "^2.1.2",
        "tonal-note": "^2.1.2"
      }
    },
    "tonal-interval": {
      "version": "2.1.2",
      "resolved": "https://registry.npmjs.org/tonal-interval/-/tonal-interval-2.1.2.tgz",
      "integrity": "sha512-qSVezmPdwim+2QmEfjLGFWMB0pAk55ppWP9siTGd3Wby1TNxkKTuVXE8dzZBzEvbhZDs8bblz3kPmtPNNe9Xrg=="
    },
    "tonal-key": {
      "version": "2.1.2",
      "resolved": "https://registry.npmjs.org/tonal-key/-/tonal-key-2.1.2.tgz",
      "integrity": "sha512-m7K/9RK5c9xhL4QLKVi8uKesrYOrhOKn0ifYHXEWWxZ+QA8p5HOUiIf+TMFEmiij9BYnuVz9hBhzl5ESOEsdMg==",
      "requires": {
        "tonal-array": "^2.1.2",
        "tonal-distance": "^2.1.2",
        "tonal-note": "^2.1.2"
      }
    },
    "tonal-note": {
      "version": "2.1.2",
      "resolved": "https://registry.npmjs.org/tonal-note/-/tonal-note-2.1.2.tgz",
      "integrity": "sha512-PP/h5+j4O1b1X3Gk++yJLE6yABRrksxt2CpqYMitdNhn+Hgd5UfMwlZALNVaZZTGGwksKaHn1h61rY+Ab/HCaQ=="
    },
    "tonal-pcset": {
      "version": "2.1.2",
      "resolved": "https://registry.npmjs.org/tonal-pcset/-/tonal-pcset-2.1.2.tgz",
      "integrity": "sha512-UkDzCCtoNE1NSerbt3PUtroz2lf4lPbFgrkaveKBDqqxTu6F1oaukpoehHES4s5+rKY7UzanV8Kr4lfVlrZzCA==",
      "requires": {
        "tonal-array": "^2.1.2",
        "tonal-interval": "^2.1.2",
        "tonal-note": "^2.1.2"
      }
    },
    "tonal-scale": {
      "version": "2.1.2",
      "resolved": "https://registry.npmjs.org/tonal-scale/-/tonal-scale-2.1.2.tgz",
      "integrity": "sha512-8OOwz3legz8xGgBWelXxidE7ZOuZNrSf/xmxbwh41K/8gnL8BIueMPXXkdN0y9yplAhnajc8k+YzO1ynxG86sw==",
      "requires": {
        "tonal-array": "^2.1.2",
        "tonal-dictionary": "^2.1.2",
        "tonal-distance": "^2.1.2",
        "tonal-note": "^2.1.2",
        "tonal-pcset": "^2.1.2"
      }
    }
  }
}
