{
  "name": "@generative-music/piece-pinwheels",
  "version": "4.3.1",
  "lockfileVersion": 1,
  "requires": true,
  "dependencies": {
    "@generative-music/utilities": {
      "version": "4.2.0",
      "resolved": "https://registry.npmjs.org/@generative-music/utilities/-/utilities-4.2.0.tgz",
      "integrity": "sha512-lxS7hpegL+lzlY70nV6cPgvhzOeVwY8R4lIRJwUwgB3MFuADzQ1SlnW1uJf5oQ1DANYMWt9wHVVyodaUlnlsCA=="
    },
    "shuffle-array": {
      "version": "1.0.1",
      "resolved": "https://registry.npmjs.org/shuffle-array/-/shuffle-array-1.0.1.tgz",
      "integrity": "sha1-xP88/nTRb5NzBZIwGyXmV3sSiYs="
    }
  }
}
