{
  "name": "@generative-music/piece-pinwheels",
  "version": "2.36.0",
  "lockfileVersion": 1,
  "requires": true,
  "dependencies": {
    "pick-random": {
      "version": "2.0.0",
      "resolved": "https://registry.npmjs.org/pick-random/-/pick-random-2.0.0.tgz",
      "integrity": "sha1-NuptO86O5Qawxiy3t9OeBcKD2po="
    },
    "random-number": {
      "version": "0.0.9",
      "resolved": "https://registry.npmjs.org/random-number/-/random-number-0.0.9.tgz",
      "integrity": "sha512-ipG3kRCREi/YQpi2A5QGcvDz1KemohovWmH6qGfboVyyGdR2t/7zQz0vFxrfxpbHQgPPdtVlUDaks3aikD1Ljw=="
    },
    "shuffle-array": {
      "version": "1.0.1",
      "resolved": "https://registry.npmjs.org/shuffle-array/-/shuffle-array-1.0.1.tgz",
      "integrity": "sha1-xP88/nTRb5NzBZIwGyXmV3sSiYs="
    },
    "tonal": {
      "version": "2.0.0",
      "resolved": "https://registry.npmjs.org/tonal/-/tonal-2.0.0.tgz",
      "integrity": "sha512-sWcvoPQOMvTusk3uc+IpO50YqXCA7OhLhGQA7D6gMUUudQ5pQERdmvuXhgMDhp+95JtpNyaOBYmW9JxbDLNQXg==",
      "requires": {
        "tonal-array": "^2.0.0",
        "tonal-chord": "^2.0.0",
        "tonal-dictionary": "^2.0.0",
        "tonal-distance": "^2.0.0",
        "tonal-interval": "^2.0.0",
        "tonal-key": "^2.0.0",
        "tonal-note": "^2.0.0",
        "tonal-pcset": "^2.0.0",
        "tonal-scale": "^2.0.0"
      }
    },
    "tonal-array": {
      "version": "2.0.0",
      "resolved": "https://registry.npmjs.org/tonal-array/-/tonal-array-2.0.0.tgz",
      "integrity": "sha512-SqbPkmHXEmAZEPmwELfKAyddAzpDST346MgH8dFnUcE5lEg5nQwr4YsjPRI3KDfNBVDd2/2u4KohF5c8PY7Fqg==",
      "requires": {
        "tonal-note": "^2.0.0"
      }
    },
    "tonal-chord": {
      "version": "2.0.0",
      "resolved": "https://registry.npmjs.org/tonal-chord/-/tonal-chord-2.0.0.tgz",
      "integrity": "sha512-wMuSw05Md02/ncXjGKhRIyv/jcD1UGmcd0c7E59FyllKyxlpHaSxAaFVWaupGQQI3iBdy7/WGE9f3bo65OQXDQ==",
      "requires": {
        "tonal-dictionary": "^2.0.0",
        "tonal-distance": "^2.0.0",
        "tonal-note": "^2.0.0",
        "tonal-pcset": "^2.0.0"
      }
    },
    "tonal-dictionary": {
      "version": "2.0.0",
      "resolved": "https://registry.npmjs.org/tonal-dictionary/-/tonal-dictionary-2.0.0.tgz",
      "integrity": "sha512-zqpm91T6jClSadzH1dvYSAkBFBzjWTYW9/96DVuQ78Mzxyqr3RLWHwpClJ6jIIDAnwGXpiZWfs8s+SL2uWCqRQ==",
      "requires": {
        "tonal-array": "^2.0.0",
        "tonal-note": "^2.0.0",
        "tonal-pcset": "^2.0.0"
      }
    },
    "tonal-distance": {
      "version": "2.0.0",
      "resolved": "https://registry.npmjs.org/tonal-distance/-/tonal-distance-2.0.0.tgz",
      "integrity": "sha512-RnY3r4FQwjyXE0eR3qjUG8hfs6vBPXThk9y94eU7wMQ2mLKinP2dW/DdgUF6ORnJ36jnTCyYLEAPp23yxrfXDw==",
      "requires": {
        "tonal-interval": "^2.0.0",
        "tonal-note": "^2.0.0"
      }
    },
    "tonal-interval": {
      "version": "2.0.0",
      "resolved": "https://registry.npmjs.org/tonal-interval/-/tonal-interval-2.0.0.tgz",
      "integrity": "sha512-pXobehztDC/dlZsQT5KOca/7wszBjrAULXFlvpzzWPgsCv3808fdN6mR3g/dTZOEG47AP6CpzAxZzNBgbJbCXg=="
    },
    "tonal-key": {
      "version": "2.0.0",
      "resolved": "https://registry.npmjs.org/tonal-key/-/tonal-key-2.0.0.tgz",
      "integrity": "sha512-rIXxnG3b9Qc/KQcx7GhDX6xt+Whm4fzpP7/L+diS99LJ/DfiVOTvrC36DBoOa3A+jY/3LWKesfAfwIDoBjPuug==",
      "requires": {
        "tonal-array": "^2.0.0",
        "tonal-distance": "^2.0.0",
        "tonal-note": "^2.0.0"
      }
    },
    "tonal-note": {
      "version": "2.0.0",
      "resolved": "https://registry.npmjs.org/tonal-note/-/tonal-note-2.0.0.tgz",
      "integrity": "sha512-ZUeAloZQE2L3lhobVn7yCX7tT0x+iim26EIkZt8P7f5i4LCxbw/NifS2MgdcCL0Dh+CnaoGD/YMH9QhRmX7Tig=="
    },
    "tonal-pcset": {
      "version": "2.0.0",
      "resolved": "https://registry.npmjs.org/tonal-pcset/-/tonal-pcset-2.0.0.tgz",
      "integrity": "sha512-liEq3QvGF13O8PerJ+Xu+NEM3o/ByU+TsZX8JsResozf+McY/pYhSrhTYBn9zmyBFTbppMNkvfIarOb+JPA9zA==",
      "requires": {
        "tonal-array": "^2.0.0",
        "tonal-interval": "^2.0.0",
        "tonal-note": "^2.0.0"
      }
    },
    "tonal-scale": {
      "version": "2.0.0",
      "resolved": "https://registry.npmjs.org/tonal-scale/-/tonal-scale-2.0.0.tgz",
      "integrity": "sha512-g1WqDRSkB67nh+uuxosA6rgAqcHOGzNXDRgZ0fgwDWGLZhGYECgPX4fK/5mDYpmV+ySYGZscItbNBw6FWDCBnA==",
      "requires": {
        "tonal-array": "^2.0.0",
        "tonal-dictionary": "^2.0.0",
        "tonal-distance": "^2.0.0",
        "tonal-note": "^2.0.0",
        "tonal-pcset": "^2.0.0"
      }
    },
    "tone": {
      "version": "13.4.9",
      "resolved": "https://registry.npmjs.org/tone/-/tone-13.4.9.tgz",
      "integrity": "sha512-jU3MJOzt9wcGbo57TIzgAQe13EgwvdC7N6N/cA6ZkGYHH8gop+L6a87NRP3LIBCcJxVps6I6i/39ZUJI2aCWUA==",
      "dev": true
    }
  }
}
