{
  "name": "@generative-music/piece-neuroplasticity",
  "version": "2.36.0",
  "lockfileVersion": 1,
  "requires": true,
  "dependencies": {
    "tone": {
      "version": "13.4.9",
      "resolved": "https://registry.npmjs.org/tone/-/tone-13.4.9.tgz",
      "integrity": "sha512-jU3MJOzt9wcGbo57TIzgAQe13EgwvdC7N6N/cA6ZkGYHH8gop+L6a87NRP3LIBCcJxVps6I6i/39ZUJI2aCWUA==",
      "dev": true
    }
  }
}
