{
  "name": "@generative-music/piece-homage",
  "version": "3.3.0",
  "lockfileVersion": 1,
  "requires": true,
  "dependencies": {
    "@babel/runtime": {
      "version": "7.11.2",
      "resolved": "https://registry.npmjs.org/@babel/runtime/-/runtime-7.11.2.tgz",
      "integrity": "sha512-TeWkU52so0mPtDcaCTxNBI/IHiz0pZgr8VEFqXFtZWpYD08ZB6FaSwVAS8MKRQAP3bYKiVjwysOJgMFY28o6Tw==",
      "dev": true,
      "requires": {
        "regenerator-runtime": "^0.13.4"
      }
    },
    "@generative-music/utilities": {
      "version": "3.3.0",
      "resolved": "https://registry.npmjs.org/@generative-music/utilities/-/utilities-3.3.0.tgz",
      "integrity": "sha512-v05c7nLK11frRqF5xNPawEdw7aZw+50Iyt5ggaS0lUZJhxQnDZE9y2YVNZPf0pC8p/tiPM0AoQxbuFu08bHaWQ=="
    },
    "automation-events": {
      "version": "3.0.0",
      "resolved": "https://registry.npmjs.org/automation-events/-/automation-events-3.0.0.tgz",
      "integrity": "sha512-FmlIBl/cUuja7iwRScTCFgsiFZvnCsHrUGMnUJqCPbCA+2iY1HuQcp0e4gcxCW5TUkj7cGihjvPnm1UZTC1zLw==",
      "dev": true,
      "requires": {
        "@babel/runtime": "^7.11.2",
        "tslib": "^2.0.1"
      }
    },
    "regenerator-runtime": {
      "version": "0.13.7",
      "resolved": "https://registry.npmjs.org/regenerator-runtime/-/regenerator-runtime-0.13.7.tgz",
      "integrity": "sha512-a54FxoJDIr27pgf7IgeQGxmqUNYrcV338lf/6gH456HZ/PhX+5BcwHXG9ajESmwe6WRO0tAzRUrRmNONWgkrew==",
      "dev": true
    },
    "standardized-audio-context": {
      "version": "25.1.0",
      "resolved": "https://registry.npmjs.org/standardized-audio-context/-/standardized-audio-context-25.1.0.tgz",
      "integrity": "sha512-Gc49nrsYjatbDYrhT0/rAbpi6JuQKz0j2GOnqtfFguHTmajtOgjm1uRZe3SblhmEnT48XNvF/oJ+pLsk5r455A==",
      "dev": true,
      "requires": {
        "@babel/runtime": "^7.11.2",
        "automation-events": "^3.0.0",
        "tslib": "^2.0.1"
      }
    },
    "tone": {
      "version": "14.7.58",
      "resolved": "https://registry.npmjs.org/tone/-/tone-14.7.58.tgz",
      "integrity": "sha512-OzXsCkmaU/tLcNBc4M4dzHAjBzUGm+29DbWmAkAcCvpzWkLqo61RTcJa8tmS63F/7JHPiAJEOpuInMXw3mCvIg==",
      "dev": true,
      "requires": {
        "standardized-audio-context": "^25.0.4",
        "tslib": "^2.0.1"
      }
    },
    "tslib": {
      "version": "2.0.1",
      "resolved": "https://registry.npmjs.org/tslib/-/tslib-2.0.1.tgz",
      "integrity": "sha512-SgIkNheinmEBgx1IUNirK0TUD4X9yjjBRTqqjggWCU3pUEqIk3/Uwl3yRixYKT6WjQuGiwDv4NomL3wqRCj+CQ==",
      "dev": true
    }
  }
}
