{
  "name": "@generative-music/pieces-alex-bainter",
  "version": "4.1.3",
  "lockfileVersion": 1,
  "requires": true,
  "dependencies": {
    "@babel/runtime": {
      "version": "7.11.2",
      "resolved": "https://registry.npmjs.org/@babel/runtime/-/runtime-7.11.2.tgz",
      "integrity": "sha512-TeWkU52so0mPtDcaCTxNBI/IHiz0pZgr8VEFqXFtZWpYD08ZB6FaSwVAS8MKRQAP3bYKiVjwysOJgMFY28o6Tw==",
      "dev": true,
      "requires": {
        "regenerator-runtime": "^0.13.4"
      }
    },
    "@generative-music/make-piece-oxalis": {
      "version": "4.0.0",
      "resolved": "https://registry.npmjs.org/@generative-music/make-piece-oxalis/-/make-piece-oxalis-4.0.0.tgz",
      "integrity": "sha512-oyyLMWRMg7kGNjowYP8EOwcdVv50gLyeu/0dZhTqSSv63MbyCvCkJtJ+8KFqy49oFA8CxZDMOb6vJsA4mpSGtQ==",
      "requires": {
        "@generative-music/utilities": "^4.0.0"
      },
      "dependencies": {
        "@generative-music/utilities": {
          "version": "4.0.0",
          "resolved": "https://registry.npmjs.org/@generative-music/utilities/-/utilities-4.0.0.tgz",
          "integrity": "sha512-M7YMyYYbxUhOAdtKqMqAh/Zi9z1WGAqXtcB0y6Rn0yaHgaPOhUKzhyq2y26o+Sh+cWqB7aOxdDiRiA2NyKvU7Q=="
        }
      }
    },
    "@generative-music/piece-420hz-gamma-waves-for-big-brain": {
      "version": "4.0.0",
      "resolved": "https://registry.npmjs.org/@generative-music/piece-420hz-gamma-waves-for-big-brain/-/piece-420hz-gamma-waves-for-big-brain-4.0.0.tgz",
      "integrity": "sha512-fOPm3XocC85qGb7NwV8Xtmx6HHedAq1yT+JAst1KOh+yPPUqf0UEwIRnOcuNLpkiiYFh9UPKLBGLmrp0h50H2Q==",
      "requires": {
        "@generative-music/utilities": "^4.0.0"
      },
      "dependencies": {
        "@generative-music/utilities": {
          "version": "4.0.0",
          "resolved": "https://registry.npmjs.org/@generative-music/utilities/-/utilities-4.0.0.tgz",
          "integrity": "sha512-M7YMyYYbxUhOAdtKqMqAh/Zi9z1WGAqXtcB0y6Rn0yaHgaPOhUKzhyq2y26o+Sh+cWqB7aOxdDiRiA2NyKvU7Q=="
        }
      }
    },
    "@generative-music/piece-a-viable-system": {
      "version": "4.0.0",
      "resolved": "https://registry.npmjs.org/@generative-music/piece-a-viable-system/-/piece-a-viable-system-4.0.0.tgz",
      "integrity": "sha512-UQEvfGaBGUi3dPIpnL0yeC3FaF9/Bf35xrEJM6XkbN2SMXhJ94j8gnYDmEuHFZUyHNYKnuN4NjtqriiJWfr/vQ==",
      "requires": {
        "@generative-music/utilities": "^4.0.0"
      },
      "dependencies": {
        "@generative-music/utilities": {
          "version": "4.0.0",
          "resolved": "https://registry.npmjs.org/@generative-music/utilities/-/utilities-4.0.0.tgz",
          "integrity": "sha512-M7YMyYYbxUhOAdtKqMqAh/Zi9z1WGAqXtcB0y6Rn0yaHgaPOhUKzhyq2y26o+Sh+cWqB7aOxdDiRiA2NyKvU7Q=="
        }
      }
    },
    "@generative-music/piece-above-the-rain": {
      "version": "4.0.0",
      "resolved": "https://registry.npmjs.org/@generative-music/piece-above-the-rain/-/piece-above-the-rain-4.0.0.tgz",
      "integrity": "sha512-4ZII/uuuHquTxlxDaFtDr2CmCS+WJCzf3Zpkkeus0hVUR7BIuOBRMkPO+RITXYPeIPmpITK3N1ru1UCxAp4yMg==",
      "requires": {
        "@generative-music/utilities": "^4.0.0"
      },
      "dependencies": {
        "@generative-music/utilities": {
          "version": "4.0.0",
          "resolved": "https://registry.npmjs.org/@generative-music/utilities/-/utilities-4.0.0.tgz",
          "integrity": "sha512-M7YMyYYbxUhOAdtKqMqAh/Zi9z1WGAqXtcB0y6Rn0yaHgaPOhUKzhyq2y26o+Sh+cWqB7aOxdDiRiA2NyKvU7Q=="
        }
      }
    },
    "@generative-music/piece-agua-ravine": {
      "version": "4.0.0",
      "resolved": "https://registry.npmjs.org/@generative-music/piece-agua-ravine/-/piece-agua-ravine-4.0.0.tgz",
      "integrity": "sha512-UfF2GBoZHIxE7KBzz94053uXUgVQNc2SAumr4Emh/4Ahw7oGnLKOq0hfwz8D+OyLr5K/GoekfF4q+eAn+CeILg==",
      "requires": {
        "@generative-music/utilities": "^4.0.0"
      },
      "dependencies": {
        "@generative-music/utilities": {
          "version": "4.0.0",
          "resolved": "https://registry.npmjs.org/@generative-music/utilities/-/utilities-4.0.0.tgz",
          "integrity": "sha512-M7YMyYYbxUhOAdtKqMqAh/Zi9z1WGAqXtcB0y6Rn0yaHgaPOhUKzhyq2y26o+Sh+cWqB7aOxdDiRiA2NyKvU7Q=="
        }
      }
    },
    "@generative-music/piece-aisatsana": {
      "version": "4.0.0",
      "resolved": "https://registry.npmjs.org/@generative-music/piece-aisatsana/-/piece-aisatsana-4.0.0.tgz",
      "integrity": "sha512-92HlJBfRYJlTVBpEiDzOlmy2Ptz4W8Bwe+/sYcviISaYf9deE9dfoTK0OQOnV/FsQ6n5UncLMmxbtb8tPf9dZg==",
      "requires": {
        "@generative-music/utilities": "^4.0.0",
        "markov-chains": "^1.0.2"
      },
      "dependencies": {
        "@generative-music/utilities": {
          "version": "4.0.0",
          "resolved": "https://registry.npmjs.org/@generative-music/utilities/-/utilities-4.0.0.tgz",
          "integrity": "sha512-M7YMyYYbxUhOAdtKqMqAh/Zi9z1WGAqXtcB0y6Rn0yaHgaPOhUKzhyq2y26o+Sh+cWqB7aOxdDiRiA2NyKvU7Q=="
        }
      }
    },
    "@generative-music/piece-animalia-chordata": {
      "version": "4.0.0",
      "resolved": "https://registry.npmjs.org/@generative-music/piece-animalia-chordata/-/piece-animalia-chordata-4.0.0.tgz",
      "integrity": "sha512-Z0E+7JUAO3v7CUEZdV7n/FRQTreF3IzMunOFb21PxacTYJ+WDxSmn3z/8iU9cUodGfvVY62vI4K96uBSXq1YzA==",
      "requires": {
        "@generative-music/utilities": "^4.0.0"
      },
      "dependencies": {
        "@generative-music/utilities": {
          "version": "4.0.0",
          "resolved": "https://registry.npmjs.org/@generative-music/utilities/-/utilities-4.0.0.tgz",
          "integrity": "sha512-M7YMyYYbxUhOAdtKqMqAh/Zi9z1WGAqXtcB0y6Rn0yaHgaPOhUKzhyq2y26o+Sh+cWqB7aOxdDiRiA2NyKvU7Q=="
        }
      }
    },
    "@generative-music/piece-apoapsis": {
      "version": "4.0.0",
      "resolved": "https://registry.npmjs.org/@generative-music/piece-apoapsis/-/piece-apoapsis-4.0.0.tgz",
      "integrity": "sha512-3PCL15+T/xVIbT/jNTDFpBFXAjfOH3YmkcJEh5bqPCj2o0jYros5LTI5mJ4i57/RrPKKUjZzu7aMG2NAEQn/Zg==",
      "requires": {
        "@generative-music/utilities": "^4.0.0"
      },
      "dependencies": {
        "@generative-music/utilities": {
          "version": "4.0.0",
          "resolved": "https://registry.npmjs.org/@generative-music/utilities/-/utilities-4.0.0.tgz",
          "integrity": "sha512-M7YMyYYbxUhOAdtKqMqAh/Zi9z1WGAqXtcB0y6Rn0yaHgaPOhUKzhyq2y26o+Sh+cWqB7aOxdDiRiA2NyKvU7Q=="
        }
      }
    },
    "@generative-music/piece-at-sunrise": {
      "version": "4.0.0",
      "resolved": "https://registry.npmjs.org/@generative-music/piece-at-sunrise/-/piece-at-sunrise-4.0.0.tgz",
      "integrity": "sha512-sX6Xj3VTui/VTJrZa7l3CuBLZJQ8JDk7F3T4lo99rC3QfeIyxqPwaD8khlr/DqeyXdwfNItaFONA82fafGDYvw==",
      "requires": {
        "@generative-music/utilities": "^4.0.0"
      },
      "dependencies": {
        "@generative-music/utilities": {
          "version": "4.0.0",
          "resolved": "https://registry.npmjs.org/@generative-music/utilities/-/utilities-4.0.0.tgz",
          "integrity": "sha512-M7YMyYYbxUhOAdtKqMqAh/Zi9z1WGAqXtcB0y6Rn0yaHgaPOhUKzhyq2y26o+Sh+cWqB7aOxdDiRiA2NyKvU7Q=="
        }
      }
    },
    "@generative-music/piece-awash": {
      "version": "4.0.0",
      "resolved": "https://registry.npmjs.org/@generative-music/piece-awash/-/piece-awash-4.0.0.tgz",
      "integrity": "sha512-QCMtNLCu5vvxDS6svnBcvD/45Z4zybd8pIVGR56hrbaakYVQr/dW2b3ZBu23dsTp2Q6ZTQVA3MmelehpeJBBpg==",
      "requires": {
        "@generative-music/utilities": "^4.0.0"
      },
      "dependencies": {
        "@generative-music/utilities": {
          "version": "4.0.0",
          "resolved": "https://registry.npmjs.org/@generative-music/utilities/-/utilities-4.0.0.tgz",
          "integrity": "sha512-M7YMyYYbxUhOAdtKqMqAh/Zi9z1WGAqXtcB0y6Rn0yaHgaPOhUKzhyq2y26o+Sh+cWqB7aOxdDiRiA2NyKvU7Q=="
        }
      }
    },
    "@generative-music/piece-beneath-waves": {
      "version": "4.0.0",
      "resolved": "https://registry.npmjs.org/@generative-music/piece-beneath-waves/-/piece-beneath-waves-4.0.0.tgz",
      "integrity": "sha512-bWzOiz3f7rTambUd7dNerpAXLKSzyEBhgp/2R0lJFvzeK0djoiNryt4P2PDRlawnMo/mIy4IMsIs5fNcBBuBEA==",
      "requires": {
        "@generative-music/utilities": "^4.0.0"
      },
      "dependencies": {
        "@generative-music/utilities": {
          "version": "4.0.0",
          "resolved": "https://registry.npmjs.org/@generative-music/utilities/-/utilities-4.0.0.tgz",
          "integrity": "sha512-M7YMyYYbxUhOAdtKqMqAh/Zi9z1WGAqXtcB0y6Rn0yaHgaPOhUKzhyq2y26o+Sh+cWqB7aOxdDiRiA2NyKvU7Q=="
        }
      }
    },
    "@generative-music/piece-bhairav": {
      "version": "4.0.0",
      "resolved": "https://registry.npmjs.org/@generative-music/piece-bhairav/-/piece-bhairav-4.0.0.tgz",
      "integrity": "sha512-nh0eq72Ug6ClUO4LUDBRXhk2V96OQubmy/XW1WkcIVriPr6w12RszSKO3K6d+juKnuoBxC6v2xIWKAA6FSQR7A==",
      "requires": {
        "@generative-music/utilities": "^4.0.0"
      },
      "dependencies": {
        "@generative-music/utilities": {
          "version": "4.0.0",
          "resolved": "https://registry.npmjs.org/@generative-music/utilities/-/utilities-4.0.0.tgz",
          "integrity": "sha512-M7YMyYYbxUhOAdtKqMqAh/Zi9z1WGAqXtcB0y6Rn0yaHgaPOhUKzhyq2y26o+Sh+cWqB7aOxdDiRiA2NyKvU7Q=="
        }
      }
    },
    "@generative-music/piece-buttafingers": {
      "version": "4.0.0",
      "resolved": "https://registry.npmjs.org/@generative-music/piece-buttafingers/-/piece-buttafingers-4.0.0.tgz",
      "integrity": "sha512-cR9bwJlI/YbI89rIv+y4bbGaYD76Qe5j+cF7O2jzzk9p2ZGvZVKqWnRj+O/tzR9dkpNax4BHju4r+UFRdsxP0g==",
      "requires": {
        "@generative-music/utilities": "^4.0.0"
      },
      "dependencies": {
        "@generative-music/utilities": {
          "version": "4.0.0",
          "resolved": "https://registry.npmjs.org/@generative-music/utilities/-/utilities-4.0.0.tgz",
          "integrity": "sha512-M7YMyYYbxUhOAdtKqMqAh/Zi9z1WGAqXtcB0y6Rn0yaHgaPOhUKzhyq2y26o+Sh+cWqB7aOxdDiRiA2NyKvU7Q=="
        }
      }
    },
    "@generative-music/piece-day-dream": {
      "version": "4.0.0",
      "resolved": "https://registry.npmjs.org/@generative-music/piece-day-dream/-/piece-day-dream-4.0.0.tgz",
      "integrity": "sha512-+/wtGTlYH2+q04NwxipihS5AoVwLckuWyGrI6GEG8dsaEhv1MXCmbMnj9G5jKLVc6Tj3doEBNNrBQqr4SVxx2Q==",
      "requires": {
        "@generative-music/utilities": "^4.0.0"
      },
      "dependencies": {
        "@generative-music/utilities": {
          "version": "4.0.0",
          "resolved": "https://registry.npmjs.org/@generative-music/utilities/-/utilities-4.0.0.tgz",
          "integrity": "sha512-M7YMyYYbxUhOAdtKqMqAh/Zi9z1WGAqXtcB0y6Rn0yaHgaPOhUKzhyq2y26o+Sh+cWqB7aOxdDiRiA2NyKvU7Q=="
        }
      }
    },
    "@generative-music/piece-didgeridoobeats": {
      "version": "4.0.0",
      "resolved": "https://registry.npmjs.org/@generative-music/piece-didgeridoobeats/-/piece-didgeridoobeats-4.0.0.tgz",
      "integrity": "sha512-jz5HZ5i+r6sC/SBEPNMvtmxd8doeP1dngJecKfCXRNAYYWeu6qcChohAOcvsBwnR/RBhP4YpwxAXjogj1vsGfA==",
      "requires": {
        "@generative-music/utilities": "^4.0.0"
      },
      "dependencies": {
        "@generative-music/utilities": {
          "version": "4.0.0",
          "resolved": "https://registry.npmjs.org/@generative-music/utilities/-/utilities-4.0.0.tgz",
          "integrity": "sha512-M7YMyYYbxUhOAdtKqMqAh/Zi9z1WGAqXtcB0y6Rn0yaHgaPOhUKzhyq2y26o+Sh+cWqB7aOxdDiRiA2NyKvU7Q=="
        }
      }
    },
    "@generative-music/piece-documentary-films": {
      "version": "4.0.0",
      "resolved": "https://registry.npmjs.org/@generative-music/piece-documentary-films/-/piece-documentary-films-4.0.0.tgz",
      "integrity": "sha512-Ep4OM0FMZ+swaLj2mKsrdAh5QqRTgaevoTMghhB9go+Qw+uiFN7Jsv1ug6RpXKuKSShHK+dRq632pnZ+VpvRMA==",
      "requires": {
        "@generative-music/utilities": "^4.0.0"
      },
      "dependencies": {
        "@generative-music/utilities": {
          "version": "4.0.0",
          "resolved": "https://registry.npmjs.org/@generative-music/utilities/-/utilities-4.0.0.tgz",
          "integrity": "sha512-M7YMyYYbxUhOAdtKqMqAh/Zi9z1WGAqXtcB0y6Rn0yaHgaPOhUKzhyq2y26o+Sh+cWqB7aOxdDiRiA2NyKvU7Q=="
        }
      }
    },
    "@generative-music/piece-drones": {
      "version": "4.0.0",
      "resolved": "https://registry.npmjs.org/@generative-music/piece-drones/-/piece-drones-4.0.0.tgz",
      "integrity": "sha512-rySgLStao3hM08utGyWVyZgE+HUGpoYDbF8vHZs8d4ltXX4b7zMA6ugX0dvcMPyM+8V7nfkzfrFA844phRUacg==",
      "requires": {
        "@generative-music/utilities": "^4.0.0"
      },
      "dependencies": {
        "@generative-music/utilities": {
          "version": "4.0.0",
          "resolved": "https://registry.npmjs.org/@generative-music/utilities/-/utilities-4.0.0.tgz",
          "integrity": "sha512-M7YMyYYbxUhOAdtKqMqAh/Zi9z1WGAqXtcB0y6Rn0yaHgaPOhUKzhyq2y26o+Sh+cWqB7aOxdDiRiA2NyKvU7Q=="
        }
      }
    },
    "@generative-music/piece-drones-2": {
      "version": "4.0.0",
      "resolved": "https://registry.npmjs.org/@generative-music/piece-drones-2/-/piece-drones-2-4.0.0.tgz",
      "integrity": "sha512-YR/DisvmXVocCt1yo+z/QpOTW22dlI+8HRAeSJOdzmKFaMAPjQczNhlisgu9WI8iTGbiA8D6vu8zyRDTH5/m9A==",
      "requires": {
        "@generative-music/utilities": "^4.0.0"
      },
      "dependencies": {
        "@generative-music/utilities": {
          "version": "4.0.0",
          "resolved": "https://registry.npmjs.org/@generative-music/utilities/-/utilities-4.0.0.tgz",
          "integrity": "sha512-M7YMyYYbxUhOAdtKqMqAh/Zi9z1WGAqXtcB0y6Rn0yaHgaPOhUKzhyq2y26o+Sh+cWqB7aOxdDiRiA2NyKvU7Q=="
        }
      }
    },
    "@generative-music/piece-eno-machine": {
      "version": "4.0.0",
      "resolved": "https://registry.npmjs.org/@generative-music/piece-eno-machine/-/piece-eno-machine-4.0.0.tgz",
      "integrity": "sha512-ShVgfX7hQ9biG6fPfaJWXzryZQB02Q8+tUphX3NUqH/J91/OHIYnLs0gvLfRhak2u5/8yJNWF6mrfYuCnwD88w==",
      "requires": {
        "@generative-music/utilities": "^4.0.0"
      },
      "dependencies": {
        "@generative-music/utilities": {
          "version": "4.0.0",
          "resolved": "https://registry.npmjs.org/@generative-music/utilities/-/utilities-4.0.0.tgz",
          "integrity": "sha512-M7YMyYYbxUhOAdtKqMqAh/Zi9z1WGAqXtcB0y6Rn0yaHgaPOhUKzhyq2y26o+Sh+cWqB7aOxdDiRiA2NyKvU7Q=="
        }
      }
    },
    "@generative-music/piece-enough": {
      "version": "4.0.0",
      "resolved": "https://registry.npmjs.org/@generative-music/piece-enough/-/piece-enough-4.0.0.tgz",
      "integrity": "sha512-i/264n5sVshqVaO2pxJD3u3SAC1b5xSd9Kk2pLhQWS3VaJK+x/9Mdtztkt0TmQCQEvNJiaIYTsvn5XykpvnjyA==",
      "requires": {
        "@generative-music/utilities": "^4.0.0"
      },
      "dependencies": {
        "@generative-music/utilities": {
          "version": "4.0.0",
          "resolved": "https://registry.npmjs.org/@generative-music/utilities/-/utilities-4.0.0.tgz",
          "integrity": "sha512-M7YMyYYbxUhOAdtKqMqAh/Zi9z1WGAqXtcB0y6Rn0yaHgaPOhUKzhyq2y26o+Sh+cWqB7aOxdDiRiA2NyKvU7Q=="
        }
      }
    },
    "@generative-music/piece-expand-collapse": {
      "version": "4.0.0",
      "resolved": "https://registry.npmjs.org/@generative-music/piece-expand-collapse/-/piece-expand-collapse-4.0.0.tgz",
      "integrity": "sha512-hATzUqB2OoAswilNAJTOT6e+dfU3BJW2dPgOK5H9FDPYkWW3GRuIslgOWRclNh3zVFLcjtz8MmsZ9utEFFj/tw==",
      "requires": {
        "@generative-music/utilities": "^4.0.0"
      },
      "dependencies": {
        "@generative-music/utilities": {
          "version": "4.0.0",
          "resolved": "https://registry.npmjs.org/@generative-music/utilities/-/utilities-4.0.0.tgz",
          "integrity": "sha512-M7YMyYYbxUhOAdtKqMqAh/Zi9z1WGAqXtcB0y6Rn0yaHgaPOhUKzhyq2y26o+Sh+cWqB7aOxdDiRiA2NyKvU7Q=="
        }
      }
    },
    "@generative-music/piece-eyes-closed": {
      "version": "4.0.0",
      "resolved": "https://registry.npmjs.org/@generative-music/piece-eyes-closed/-/piece-eyes-closed-4.0.0.tgz",
      "integrity": "sha512-+2qUwzTG2cCZ1jCV9pvo39JatYCG+iik4G5t02dFDhK6xkWEJKGp5WHWonAf56OtNwLRJM/+gtSMydzOkNFoIQ==",
      "requires": {
        "@generative-music/utilities": "^4.0.0"
      },
      "dependencies": {
        "@generative-music/utilities": {
          "version": "4.0.0",
          "resolved": "https://registry.npmjs.org/@generative-music/utilities/-/utilities-4.0.0.tgz",
          "integrity": "sha512-M7YMyYYbxUhOAdtKqMqAh/Zi9z1WGAqXtcB0y6Rn0yaHgaPOhUKzhyq2y26o+Sh+cWqB7aOxdDiRiA2NyKvU7Q=="
        }
      }
    },
    "@generative-music/piece-homage": {
      "version": "4.0.0",
      "resolved": "https://registry.npmjs.org/@generative-music/piece-homage/-/piece-homage-4.0.0.tgz",
      "integrity": "sha512-5HCufEK9dFxV+FdjAgEoI0h5ZbRcfj/PC/14aEA0bR37lM1aYe6BoUnGpXcW+ww7ZjAHrUNZJ9N/V+d08c2BaQ==",
      "requires": {
        "@generative-music/utilities": "^4.0.0"
      },
      "dependencies": {
        "@generative-music/utilities": {
          "version": "4.0.0",
          "resolved": "https://registry.npmjs.org/@generative-music/utilities/-/utilities-4.0.0.tgz",
          "integrity": "sha512-M7YMyYYbxUhOAdtKqMqAh/Zi9z1WGAqXtcB0y6Rn0yaHgaPOhUKzhyq2y26o+Sh+cWqB7aOxdDiRiA2NyKvU7Q=="
        }
      }
    },
    "@generative-music/piece-impact": {
      "version": "4.0.0",
      "resolved": "https://registry.npmjs.org/@generative-music/piece-impact/-/piece-impact-4.0.0.tgz",
      "integrity": "sha512-dkr8F8ilKm9XqIGkzWWbjS7NSsQDrGKQBRnW4Dw4glDbq0GL3alK/J7RXDG4RBMPxQ8pkppfCv2EJTxCEAdD+A==",
      "requires": {
        "@generative-music/utilities": "^4.0.0"
      },
      "dependencies": {
        "@generative-music/utilities": {
          "version": "4.0.0",
          "resolved": "https://registry.npmjs.org/@generative-music/utilities/-/utilities-4.0.0.tgz",
          "integrity": "sha512-M7YMyYYbxUhOAdtKqMqAh/Zi9z1WGAqXtcB0y6Rn0yaHgaPOhUKzhyq2y26o+Sh+cWqB7aOxdDiRiA2NyKvU7Q=="
        }
      }
    },
    "@generative-music/piece-last-transit": {
      "version": "4.0.0",
      "resolved": "https://registry.npmjs.org/@generative-music/piece-last-transit/-/piece-last-transit-4.0.0.tgz",
      "integrity": "sha512-LaJsL/qTQN2lS7beW53EwRJump0dKBRzsxkMeYfgQhoazQtKKjOefI2lCPmO2UF5jn6rQfOqziiH0ezd5dr6nA==",
      "requires": {
        "@generative-music/utilities": "^4.0.0"
      },
      "dependencies": {
        "@generative-music/utilities": {
          "version": "4.0.0",
          "resolved": "https://registry.npmjs.org/@generative-music/utilities/-/utilities-4.0.0.tgz",
          "integrity": "sha512-M7YMyYYbxUhOAdtKqMqAh/Zi9z1WGAqXtcB0y6Rn0yaHgaPOhUKzhyq2y26o+Sh+cWqB7aOxdDiRiA2NyKvU7Q=="
        }
      }
    },
    "@generative-music/piece-lemniscate": {
      "version": "4.0.0",
      "resolved": "https://registry.npmjs.org/@generative-music/piece-lemniscate/-/piece-lemniscate-4.0.0.tgz",
      "integrity": "sha512-Jx6WX3B41hzt3VdnNGDbQxVx2at9F3c2C1UZKHwJzu9ucCuP8F0p9LgYYvQqZv63gvChVZZN/H15zj3C1G5eDw==",
      "requires": {
        "@generative-music/utilities": "^4.0.0"
      },
      "dependencies": {
        "@generative-music/utilities": {
          "version": "4.0.0",
          "resolved": "https://registry.npmjs.org/@generative-music/utilities/-/utilities-4.0.0.tgz",
          "integrity": "sha512-M7YMyYYbxUhOAdtKqMqAh/Zi9z1WGAqXtcB0y6Rn0yaHgaPOhUKzhyq2y26o+Sh+cWqB7aOxdDiRiA2NyKvU7Q=="
        }
      }
    },
    "@generative-music/piece-little-bells": {
      "version": "4.0.0",
      "resolved": "https://registry.npmjs.org/@generative-music/piece-little-bells/-/piece-little-bells-4.0.0.tgz",
      "integrity": "sha512-pkuSzRRKKc7JhaHSQTOnzqAFRgqgYDdnwqY1BMAX/LXGaJQHY1qCn1qDfwa3h6l2C+3dPfPep+VyAByZBoaGMQ==",
      "requires": {
        "@generative-music/utilities": "^4.0.0"
      },
      "dependencies": {
        "@generative-music/utilities": {
          "version": "4.0.0",
          "resolved": "https://registry.npmjs.org/@generative-music/utilities/-/utilities-4.0.0.tgz",
          "integrity": "sha512-M7YMyYYbxUhOAdtKqMqAh/Zi9z1WGAqXtcB0y6Rn0yaHgaPOhUKzhyq2y26o+Sh+cWqB7aOxdDiRiA2NyKvU7Q=="
        }
      }
    },
    "@generative-music/piece-meditation": {
      "version": "4.0.0",
      "resolved": "https://registry.npmjs.org/@generative-music/piece-meditation/-/piece-meditation-4.0.0.tgz",
      "integrity": "sha512-SCXNgRsGKGCEu+y4CyBTBXe1wSgVKUhNxhdqtKmGPeaXZjl1ZM8TPkdXrVbGUFGjFRGZ3ICQLn7frTOCL/5aQQ==",
      "requires": {
        "@generative-music/utilities": "^4.0.0"
      },
      "dependencies": {
        "@generative-music/utilities": {
          "version": "4.0.0",
          "resolved": "https://registry.npmjs.org/@generative-music/utilities/-/utilities-4.0.0.tgz",
          "integrity": "sha512-M7YMyYYbxUhOAdtKqMqAh/Zi9z1WGAqXtcB0y6Rn0yaHgaPOhUKzhyq2y26o+Sh+cWqB7aOxdDiRiA2NyKvU7Q=="
        }
      }
    },
    "@generative-music/piece-moment": {
      "version": "4.0.0",
      "resolved": "https://registry.npmjs.org/@generative-music/piece-moment/-/piece-moment-4.0.0.tgz",
      "integrity": "sha512-qHMKlhFtqdsOsIHCrAKweXmSxna1GgRpctEOvqGMeS7xB0REzaezorTb93fKmGrHC9Y5xitA+Yu0LrQR9xwLfA==",
      "requires": {
        "@generative-music/utilities": "^4.0.0"
      },
      "dependencies": {
        "@generative-music/utilities": {
          "version": "4.0.0",
          "resolved": "https://registry.npmjs.org/@generative-music/utilities/-/utilities-4.0.0.tgz",
          "integrity": "sha512-M7YMyYYbxUhOAdtKqMqAh/Zi9z1WGAqXtcB0y6Rn0yaHgaPOhUKzhyq2y26o+Sh+cWqB7aOxdDiRiA2NyKvU7Q=="
        }
      }
    },
    "@generative-music/piece-nakaii": {
      "version": "4.0.0",
      "resolved": "https://registry.npmjs.org/@generative-music/piece-nakaii/-/piece-nakaii-4.0.0.tgz",
      "integrity": "sha512-Oy8Z4Hf7AwSEBlJvmuJolPo30aPDSKr846UrL7ar4wVCaCav+CutTpN9KVVJTIJNzdqevxdW0ZWklWLRCT1+fA==",
      "requires": {
        "@generative-music/utilities": "^4.0.0"
      },
      "dependencies": {
        "@generative-music/utilities": {
          "version": "4.0.0",
          "resolved": "https://registry.npmjs.org/@generative-music/utilities/-/utilities-4.0.0.tgz",
          "integrity": "sha512-M7YMyYYbxUhOAdtKqMqAh/Zi9z1WGAqXtcB0y6Rn0yaHgaPOhUKzhyq2y26o+Sh+cWqB7aOxdDiRiA2NyKvU7Q=="
        }
      }
    },
    "@generative-music/piece-neuroplasticity": {
      "version": "4.0.0",
      "resolved": "https://registry.npmjs.org/@generative-music/piece-neuroplasticity/-/piece-neuroplasticity-4.0.0.tgz",
      "integrity": "sha512-1V3gR8q2lsudfVrdpHKMYrii4wP8m+rFSKNbYgj5sVL4bStXC2P5Jq2vh9Ks/yIPciKTPQvoSb9RxmVjpKta2g==",
      "requires": {
        "@generative-music/utilities": "^4.0.0"
      },
      "dependencies": {
        "@generative-music/utilities": {
          "version": "4.0.0",
          "resolved": "https://registry.npmjs.org/@generative-music/utilities/-/utilities-4.0.0.tgz",
          "integrity": "sha512-M7YMyYYbxUhOAdtKqMqAh/Zi9z1WGAqXtcB0y6Rn0yaHgaPOhUKzhyq2y26o+Sh+cWqB7aOxdDiRiA2NyKvU7Q=="
        }
      }
    },
    "@generative-music/piece-no-refrain": {
      "version": "4.0.0",
      "resolved": "https://registry.npmjs.org/@generative-music/piece-no-refrain/-/piece-no-refrain-4.0.0.tgz",
      "integrity": "sha512-JwyeNz/bWZCrfQWNEINSKfAGRPbUOHLBg5clQDlgcjaeNDColF4YmDbX6Vu8D61OBcZvkWwSpoeByZ+/Qne2FQ==",
      "requires": {
        "@generative-music/utilities": "^4.0.0"
      },
      "dependencies": {
        "@generative-music/utilities": {
          "version": "4.0.0",
          "resolved": "https://registry.npmjs.org/@generative-music/utilities/-/utilities-4.0.0.tgz",
          "integrity": "sha512-M7YMyYYbxUhOAdtKqMqAh/Zi9z1WGAqXtcB0y6Rn0yaHgaPOhUKzhyq2y26o+Sh+cWqB7aOxdDiRiA2NyKvU7Q=="
        }
      }
    },
    "@generative-music/piece-observable-streams": {
      "version": "4.0.0",
      "resolved": "https://registry.npmjs.org/@generative-music/piece-observable-streams/-/piece-observable-streams-4.0.0.tgz",
      "integrity": "sha512-fPDboJtq8/VKa62Km8hP09YPePDzW9z+q9zq4wbFSDdyJoVpwdEUg7H7V082Cd5+DUF+gEcLZPSBYcsyC4/oLw==",
      "requires": {
        "@generative-music/utilities": "^4.0.0",
        "rxjs": "^6.4.0",
        "tonal": "^2.2.1"
      },
      "dependencies": {
        "@generative-music/utilities": {
          "version": "4.0.0",
          "resolved": "https://registry.npmjs.org/@generative-music/utilities/-/utilities-4.0.0.tgz",
          "integrity": "sha512-M7YMyYYbxUhOAdtKqMqAh/Zi9z1WGAqXtcB0y6Rn0yaHgaPOhUKzhyq2y26o+Sh+cWqB7aOxdDiRiA2NyKvU7Q=="
        }
      }
    },
    "@generative-music/piece-otherness": {
      "version": "4.0.0",
      "resolved": "https://registry.npmjs.org/@generative-music/piece-otherness/-/piece-otherness-4.0.0.tgz",
      "integrity": "sha512-yyH8mAef4szjXe6fvpNvJY+/xhDOjIQjZuI0kbi0CUWg1o0aodhzWo5Om2cSs6MAU7MvBp4n6+oKh5JKWKfU7Q==",
      "requires": {
        "@generative-music/utilities": "^4.0.0"
      },
      "dependencies": {
        "@generative-music/utilities": {
          "version": "4.0.0",
          "resolved": "https://registry.npmjs.org/@generative-music/utilities/-/utilities-4.0.0.tgz",
          "integrity": "sha512-M7YMyYYbxUhOAdtKqMqAh/Zi9z1WGAqXtcB0y6Rn0yaHgaPOhUKzhyq2y26o+Sh+cWqB7aOxdDiRiA2NyKvU7Q=="
        }
      }
    },
    "@generative-music/piece-oxalis-1": {
      "version": "4.0.0",
      "resolved": "https://registry.npmjs.org/@generative-music/piece-oxalis-1/-/piece-oxalis-1-4.0.0.tgz",
      "integrity": "sha512-koCR4MMC4SnD5KIxr2qez1ifiqUBOtgm+xluPueSRUbjPpIuZFSnKnWtsw6RdnwxM8ZDbVv+wl8PxuViOWC+eQ==",
      "requires": {
        "@generative-music/make-piece-oxalis": "^4.0.0"
      }
    },
    "@generative-music/piece-peace": {
      "version": "4.0.0",
      "resolved": "https://registry.npmjs.org/@generative-music/piece-peace/-/piece-peace-4.0.0.tgz",
      "integrity": "sha512-JFawMqlNQ31VpT+vusfxyExGs1RAzDK0Sxpyke21IU+WKCqB9cGehTVrY2zeWi0C6qJ2JpytSL3xbAH5Ge5mSA==",
      "requires": {
        "@generative-music/utilities": "^4.0.0"
      },
      "dependencies": {
        "@generative-music/utilities": {
          "version": "4.0.0",
          "resolved": "https://registry.npmjs.org/@generative-music/utilities/-/utilities-4.0.0.tgz",
          "integrity": "sha512-M7YMyYYbxUhOAdtKqMqAh/Zi9z1WGAqXtcB0y6Rn0yaHgaPOhUKzhyq2y26o+Sh+cWqB7aOxdDiRiA2NyKvU7Q=="
        }
      }
    },
    "@generative-music/piece-pinwheels": {
      "version": "4.0.0",
      "resolved": "https://registry.npmjs.org/@generative-music/piece-pinwheels/-/piece-pinwheels-4.0.0.tgz",
      "integrity": "sha512-BTdNsFo9t7d4QeMZcTl1LvRhSxKGhm3GNeLZVBJ8zDWTmwsbzcDM9wG2uZhi6oQh+55dPO+mAsb+dnOZwWbc0w==",
      "requires": {
        "@generative-music/utilities": "^4.0.0",
        "shuffle-array": "^1.0.1"
      },
      "dependencies": {
        "@generative-music/utilities": {
          "version": "4.0.0",
          "resolved": "https://registry.npmjs.org/@generative-music/utilities/-/utilities-4.0.0.tgz",
          "integrity": "sha512-M7YMyYYbxUhOAdtKqMqAh/Zi9z1WGAqXtcB0y6Rn0yaHgaPOhUKzhyq2y26o+Sh+cWqB7aOxdDiRiA2NyKvU7Q=="
        }
      }
    },
    "@generative-music/piece-pulse-code-modulation": {
      "version": "4.0.0",
      "resolved": "https://registry.npmjs.org/@generative-music/piece-pulse-code-modulation/-/piece-pulse-code-modulation-4.0.0.tgz",
      "integrity": "sha512-ARDjU5h/MDoCurzltN1A1axpPKrEitkPiqtDjGpIeqN4LLFXnx36ClBWEqdRKr15PDeLpSfNrp9IJEp9EpP+pQ==",
      "requires": {
        "@generative-music/utilities": "^4.0.0"
      },
      "dependencies": {
        "@generative-music/utilities": {
          "version": "4.0.0",
          "resolved": "https://registry.npmjs.org/@generative-music/utilities/-/utilities-4.0.0.tgz",
          "integrity": "sha512-M7YMyYYbxUhOAdtKqMqAh/Zi9z1WGAqXtcB0y6Rn0yaHgaPOhUKzhyq2y26o+Sh+cWqB7aOxdDiRiA2NyKvU7Q=="
        }
      }
    },
    "@generative-music/piece-remembering": {
      "version": "4.0.0",
      "resolved": "https://registry.npmjs.org/@generative-music/piece-remembering/-/piece-remembering-4.0.0.tgz",
      "integrity": "sha512-f1xtLmi4uSyXJ0fypn9SWEZXtqeHN04wh7FWGSn1narenoKgb9BiSu0xUQ6E6YYsIpbqjMkn7oJqgYAmMb4zpA==",
      "requires": {
        "@generative-music/utilities": "^4.0.0"
      },
      "dependencies": {
        "@generative-music/utilities": {
          "version": "4.0.0",
          "resolved": "https://registry.npmjs.org/@generative-music/utilities/-/utilities-4.0.0.tgz",
          "integrity": "sha512-M7YMyYYbxUhOAdtKqMqAh/Zi9z1WGAqXtcB0y6Rn0yaHgaPOhUKzhyq2y26o+Sh+cWqB7aOxdDiRiA2NyKvU7Q=="
        }
      }
    },
    "@generative-music/piece-return-to-form": {
      "version": "4.0.0",
      "resolved": "https://registry.npmjs.org/@generative-music/piece-return-to-form/-/piece-return-to-form-4.0.0.tgz",
      "integrity": "sha512-OSo+Tx5WP7YjnSFH4GMC6S+3/XHUh9qX4CeSDOiiJDo9u43rG2FDDO+ivmlYVTyrQjqA2K3RfrwdYCYQvx3/5A==",
      "requires": {
        "@generative-music/utilities": "^4.0.0"
      },
      "dependencies": {
        "@generative-music/utilities": {
          "version": "4.0.0",
          "resolved": "https://registry.npmjs.org/@generative-music/utilities/-/utilities-4.0.0.tgz",
          "integrity": "sha512-M7YMyYYbxUhOAdtKqMqAh/Zi9z1WGAqXtcB0y6Rn0yaHgaPOhUKzhyq2y26o+Sh+cWqB7aOxdDiRiA2NyKvU7Q=="
        }
      }
    },
    "@generative-music/piece-ritual": {
      "version": "4.0.0",
      "resolved": "https://registry.npmjs.org/@generative-music/piece-ritual/-/piece-ritual-4.0.0.tgz",
      "integrity": "sha512-AbIRwLwBx/V7OpO/HAZrwLjvpzxtogsfkKASr1WjiaqRlJ8nSk7g+UT31p5fQbt8Wqucae+bmCLC5rpFl0qTIA==",
      "requires": {
        "@generative-music/utilities": "^4.0.0",
        "tonal": "^2.2.2"
      },
      "dependencies": {
        "@generative-music/utilities": {
          "version": "4.0.0",
          "resolved": "https://registry.npmjs.org/@generative-music/utilities/-/utilities-4.0.0.tgz",
          "integrity": "sha512-M7YMyYYbxUhOAdtKqMqAh/Zi9z1WGAqXtcB0y6Rn0yaHgaPOhUKzhyq2y26o+Sh+cWqB7aOxdDiRiA2NyKvU7Q=="
        }
      }
    },
    "@generative-music/piece-sevenths": {
      "version": "4.0.0",
      "resolved": "https://registry.npmjs.org/@generative-music/piece-sevenths/-/piece-sevenths-4.0.0.tgz",
      "integrity": "sha512-tBtPTgV6EiHt20GOqi4fjtLbTDApU96rWuGJW3wZfHFusVlXnd946QxsRzhFFpfAR7b0r+ylEBW8RuxcPh5dyA==",
      "requires": {
        "@generative-music/utilities": "^4.0.0"
      },
      "dependencies": {
        "@generative-music/utilities": {
          "version": "4.0.0",
          "resolved": "https://registry.npmjs.org/@generative-music/utilities/-/utilities-4.0.0.tgz",
          "integrity": "sha512-M7YMyYYbxUhOAdtKqMqAh/Zi9z1WGAqXtcB0y6Rn0yaHgaPOhUKzhyq2y26o+Sh+cWqB7aOxdDiRiA2NyKvU7Q=="
        }
      }
    },
    "@generative-music/piece-soundtrack": {
      "version": "4.0.0",
      "resolved": "https://registry.npmjs.org/@generative-music/piece-soundtrack/-/piece-soundtrack-4.0.0.tgz",
      "integrity": "sha512-p21qFrd97ZSdTBfySVIdZhJ+iG/ApNtTd31nZEk/yt1uWY+o8vRBNZyQgtVn6bFgJTNrjvEdVFVqS2rxUiOAHw==",
      "requires": {
        "@generative-music/utilities": "^4.0.0"
      },
      "dependencies": {
        "@generative-music/utilities": {
          "version": "4.0.0",
          "resolved": "https://registry.npmjs.org/@generative-music/utilities/-/utilities-4.0.0.tgz",
          "integrity": "sha512-M7YMyYYbxUhOAdtKqMqAh/Zi9z1WGAqXtcB0y6Rn0yaHgaPOhUKzhyq2y26o+Sh+cWqB7aOxdDiRiA2NyKvU7Q=="
        }
      }
    },
    "@generative-music/piece-spring-again": {
      "version": "4.0.0",
      "resolved": "https://registry.npmjs.org/@generative-music/piece-spring-again/-/piece-spring-again-4.0.0.tgz",
      "integrity": "sha512-huxK4QEM0vsDvhoxGDDHEMb/1JOMiSc6I23E7fX6uMhexXkO6ZkbIDzXO28Q8EAKL1Jc2mVWpWQHisRx8ewOng==",
      "requires": {
        "@generative-music/utilities": "^4.0.0"
      },
      "dependencies": {
        "@generative-music/utilities": {
          "version": "4.0.0",
          "resolved": "https://registry.npmjs.org/@generative-music/utilities/-/utilities-4.0.0.tgz",
          "integrity": "sha512-M7YMyYYbxUhOAdtKqMqAh/Zi9z1WGAqXtcB0y6Rn0yaHgaPOhUKzhyq2y26o+Sh+cWqB7aOxdDiRiA2NyKvU7Q=="
        }
      }
    },
    "@generative-music/piece-stratospheric": {
      "version": "4.0.0",
      "resolved": "https://registry.npmjs.org/@generative-music/piece-stratospheric/-/piece-stratospheric-4.0.0.tgz",
      "integrity": "sha512-4sEvwX4t+QUlDGPivbvqVpGBWsuyvkmUnRQUeppOaQQT9FWRYaNgVIbMLJVVGP3fNkHS2qqJJYju2Gy+S1HR8g==",
      "requires": {
        "@generative-music/utilities": "^4.0.0"
      },
      "dependencies": {
        "@generative-music/utilities": {
          "version": "4.0.0",
          "resolved": "https://registry.npmjs.org/@generative-music/utilities/-/utilities-4.0.0.tgz",
          "integrity": "sha512-M7YMyYYbxUhOAdtKqMqAh/Zi9z1WGAqXtcB0y6Rn0yaHgaPOhUKzhyq2y26o+Sh+cWqB7aOxdDiRiA2NyKvU7Q=="
        }
      }
    },
    "@generative-music/piece-stream-of-consciousness": {
      "version": "4.0.0",
      "resolved": "https://registry.npmjs.org/@generative-music/piece-stream-of-consciousness/-/piece-stream-of-consciousness-4.0.0.tgz",
      "integrity": "sha512-4n7Q2I2pVL6PkQpkbmjfAcgLEACjfw2kFFzA7hNEyvnYGEcnQMfbIhee0lygS+XMBHAbn52nCcAGywn9b2bPrA==",
      "requires": {
        "@generative-music/utilities": "^4.0.0"
      },
      "dependencies": {
        "@generative-music/utilities": {
          "version": "4.0.0",
          "resolved": "https://registry.npmjs.org/@generative-music/utilities/-/utilities-4.0.0.tgz",
          "integrity": "sha512-M7YMyYYbxUhOAdtKqMqAh/Zi9z1WGAqXtcB0y6Rn0yaHgaPOhUKzhyq2y26o+Sh+cWqB7aOxdDiRiA2NyKvU7Q=="
        }
      }
    },
    "@generative-music/piece-substrate": {
      "version": "4.0.0",
      "resolved": "https://registry.npmjs.org/@generative-music/piece-substrate/-/piece-substrate-4.0.0.tgz",
      "integrity": "sha512-JpF/koQT6PbnCPQMosfby1EH5yxZu1RkdI2VCR4uVMQdhjp0xeGQ+DFbMzPQLizEOuHwDX3PU5l6/BBITQB4Ng==",
      "requires": {
        "@generative-music/utilities": "^4.0.0"
      },
      "dependencies": {
        "@generative-music/utilities": {
          "version": "4.0.0",
          "resolved": "https://registry.npmjs.org/@generative-music/utilities/-/utilities-4.0.0.tgz",
          "integrity": "sha512-M7YMyYYbxUhOAdtKqMqAh/Zi9z1WGAqXtcB0y6Rn0yaHgaPOhUKzhyq2y26o+Sh+cWqB7aOxdDiRiA2NyKvU7Q=="
        }
      }
    },
    "@generative-music/piece-timbral-oscillations": {
      "version": "4.0.0",
      "resolved": "https://registry.npmjs.org/@generative-music/piece-timbral-oscillations/-/piece-timbral-oscillations-4.0.0.tgz",
      "integrity": "sha512-F5k9uabUoH4OxO1FDA6Q+Ppag+JcS+wvm/KNHoCfvzPk/rxijvrUGUFZQV9m9WcMXV5td56duNSQDykT75U/8w==",
      "requires": {
        "@generative-music/utilities": "^4.0.0"
      },
      "dependencies": {
        "@generative-music/utilities": {
          "version": "4.0.0",
          "resolved": "https://registry.npmjs.org/@generative-music/utilities/-/utilities-4.0.0.tgz",
          "integrity": "sha512-M7YMyYYbxUhOAdtKqMqAh/Zi9z1WGAqXtcB0y6Rn0yaHgaPOhUKzhyq2y26o+Sh+cWqB7aOxdDiRiA2NyKvU7Q=="
        }
      }
    },
    "@generative-music/piece-townsend": {
      "version": "4.0.0",
      "resolved": "https://registry.npmjs.org/@generative-music/piece-townsend/-/piece-townsend-4.0.0.tgz",
      "integrity": "sha512-Zsk+2q8MO8Ab6SHv/Zf+i/j939REMhlF92P0hbL2IhE94Q62tQtYaiU6+CfpwOgHlTqlxnowAFw1uMSxqNVxBA==",
      "requires": {
        "@generative-music/utilities": "^4.0.0"
      },
      "dependencies": {
        "@generative-music/utilities": {
          "version": "4.0.0",
          "resolved": "https://registry.npmjs.org/@generative-music/utilities/-/utilities-4.0.0.tgz",
          "integrity": "sha512-M7YMyYYbxUhOAdtKqMqAh/Zi9z1WGAqXtcB0y6Rn0yaHgaPOhUKzhyq2y26o+Sh+cWqB7aOxdDiRiA2NyKvU7Q=="
        }
      }
    },
    "@generative-music/piece-transmission": {
      "version": "4.0.0",
      "resolved": "https://registry.npmjs.org/@generative-music/piece-transmission/-/piece-transmission-4.0.0.tgz",
      "integrity": "sha512-0ZoIkH4RIiKhYQn3nkG2EggloUx04NbrBzM7OMfN9bAthaef2dGd0N4yNckVBDZth5UWRi1A7MgwxOyfA1Q+UA==",
      "requires": {
        "@generative-music/utilities": "^4.0.0"
      },
      "dependencies": {
        "@generative-music/utilities": {
          "version": "4.0.0",
          "resolved": "https://registry.npmjs.org/@generative-music/utilities/-/utilities-4.0.0.tgz",
          "integrity": "sha512-M7YMyYYbxUhOAdtKqMqAh/Zi9z1WGAqXtcB0y6Rn0yaHgaPOhUKzhyq2y26o+Sh+cWqB7aOxdDiRiA2NyKvU7Q=="
        }
      }
    },
    "@generative-music/piece-trees": {
      "version": "4.0.0",
      "resolved": "https://registry.npmjs.org/@generative-music/piece-trees/-/piece-trees-4.0.0.tgz",
      "integrity": "sha512-rPNjNEbXWLWjeHOzmd9jmjUH0Bxi5UyWR4k8LCVptj82I+jjJ57kxaQNbQaBycOfiAoI/lq7ElbNP2g08L9afg==",
      "requires": {
        "@generative-music/utilities": "^4.0.0"
      },
      "dependencies": {
        "@generative-music/utilities": {
          "version": "4.0.0",
          "resolved": "https://registry.npmjs.org/@generative-music/utilities/-/utilities-4.0.0.tgz",
          "integrity": "sha512-M7YMyYYbxUhOAdtKqMqAh/Zi9z1WGAqXtcB0y6Rn0yaHgaPOhUKzhyq2y26o+Sh+cWqB7aOxdDiRiA2NyKvU7Q=="
        }
      }
    },
    "@generative-music/piece-uun": {
      "version": "4.0.0",
      "resolved": "https://registry.npmjs.org/@generative-music/piece-uun/-/piece-uun-4.0.0.tgz",
      "integrity": "sha512-xplBVBU2w/rwmOelnbj/t0So1WSzkBXtv3MaFN1/mM+4pq/pi3KN3tSSuSsASPtOUteyKl6icLQuF/rAFKVn+Q==",
      "requires": {
        "@generative-music/utilities": "^4.0.0"
      },
      "dependencies": {
        "@generative-music/utilities": {
          "version": "4.0.0",
          "resolved": "https://registry.npmjs.org/@generative-music/utilities/-/utilities-4.0.0.tgz",
          "integrity": "sha512-M7YMyYYbxUhOAdtKqMqAh/Zi9z1WGAqXtcB0y6Rn0yaHgaPOhUKzhyq2y26o+Sh+cWqB7aOxdDiRiA2NyKvU7Q=="
        }
      }
    },
    "@generative-music/piece-western-medicine": {
      "version": "4.0.0",
      "resolved": "https://registry.npmjs.org/@generative-music/piece-western-medicine/-/piece-western-medicine-4.0.0.tgz",
      "integrity": "sha512-gBdyRpvxDQAeNyy+EuNt7WTv29Lac45MSGwqe/r7OLZYsFdYhDXoGEyaxWNqeeY4Tye5/da6X7x0FB6CaSh02g==",
      "requires": {
        "@generative-music/utilities": "^4.0.0"
      },
      "dependencies": {
        "@generative-music/utilities": {
          "version": "4.0.0",
          "resolved": "https://registry.npmjs.org/@generative-music/utilities/-/utilities-4.0.0.tgz",
          "integrity": "sha512-M7YMyYYbxUhOAdtKqMqAh/Zi9z1WGAqXtcB0y6Rn0yaHgaPOhUKzhyq2y26o+Sh+cWqB7aOxdDiRiA2NyKvU7Q=="
        }
      }
    },
    "@generative-music/piece-yesterday": {
      "version": "4.0.0",
      "resolved": "https://registry.npmjs.org/@generative-music/piece-yesterday/-/piece-yesterday-4.0.0.tgz",
      "integrity": "sha512-LdGaQZ/yFj+a6sqec9eGkwL+wcx5SNCWQnSJhlj1wgaCSllMudNw4dZ8WoiQM6+odZKBxqNZIRfYaxPEVaulGg==",
      "requires": {
        "@generative-music/utilities": "^4.0.0"
      },
      "dependencies": {
        "@generative-music/utilities": {
          "version": "4.0.0",
          "resolved": "https://registry.npmjs.org/@generative-music/utilities/-/utilities-4.0.0.tgz",
          "integrity": "sha512-M7YMyYYbxUhOAdtKqMqAh/Zi9z1WGAqXtcB0y6Rn0yaHgaPOhUKzhyq2y26o+Sh+cWqB7aOxdDiRiA2NyKvU7Q=="
        }
      }
    },
    "automation-events": {
      "version": "3.0.0",
      "resolved": "https://registry.npmjs.org/automation-events/-/automation-events-3.0.0.tgz",
      "integrity": "sha512-FmlIBl/cUuja7iwRScTCFgsiFZvnCsHrUGMnUJqCPbCA+2iY1HuQcp0e4gcxCW5TUkj7cGihjvPnm1UZTC1zLw==",
      "dev": true,
      "requires": {
        "@babel/runtime": "^7.11.2",
        "tslib": "^2.0.1"
      },
      "dependencies": {
        "tslib": {
          "version": "2.0.2",
          "resolved": "https://registry.npmjs.org/tslib/-/tslib-2.0.2.tgz",
          "integrity": "sha512-wAH28hcEKwna96/UacuWaVspVLkg4x1aDM9JlzqaQTOFczCktkVAb5fmXChgandR1EraDPs2w8P+ozM+oafwxg==",
          "dev": true
        }
      }
    },
    "javascript-stringify": {
      "version": "1.6.0",
      "resolved": "https://registry.npmjs.org/javascript-stringify/-/javascript-stringify-1.6.0.tgz",
      "integrity": "sha1-FC0RHzpuPa6PSpr9d9RYVbWpzOM="
    },
    "markov-chains": {
      "version": "1.0.2",
      "resolved": "https://registry.npmjs.org/markov-chains/-/markov-chains-1.0.2.tgz",
      "integrity": "sha1-SRBTZZgbi5EDCZBEE5graWovfBQ=",
      "requires": {
        "javascript-stringify": "^1.1.0"
      }
    },
    "regenerator-runtime": {
      "version": "0.13.7",
      "resolved": "https://registry.npmjs.org/regenerator-runtime/-/regenerator-runtime-0.13.7.tgz",
      "integrity": "sha512-a54FxoJDIr27pgf7IgeQGxmqUNYrcV338lf/6gH456HZ/PhX+5BcwHXG9ajESmwe6WRO0tAzRUrRmNONWgkrew==",
      "dev": true
    },
    "rxjs": {
      "version": "6.6.3",
      "resolved": "https://registry.npmjs.org/rxjs/-/rxjs-6.6.3.tgz",
      "integrity": "sha512-trsQc+xYYXZ3urjOiJOuCOa5N3jAZ3eiSpQB5hIT8zGlL2QfnHLJ2r7GMkBGuIausdJN1OneaI6gQlsqNHHmZQ==",
      "requires": {
        "tslib": "^1.9.0"
      }
    },
    "shuffle-array": {
      "version": "1.0.1",
      "resolved": "https://registry.npmjs.org/shuffle-array/-/shuffle-array-1.0.1.tgz",
      "integrity": "sha1-xP88/nTRb5NzBZIwGyXmV3sSiYs="
    },
    "standardized-audio-context": {
      "version": "25.1.2",
      "resolved": "https://registry.npmjs.org/standardized-audio-context/-/standardized-audio-context-25.1.2.tgz",
      "integrity": "sha512-1CgekALBjY84btmKAFpietU9GzewPtPUmv2AHkwauXCbi/YXaIhChWffkirZ/GYBMIxWBupTes4y5YDk9O8ySw==",
      "dev": true,
      "requires": {
        "@babel/runtime": "^7.11.2",
        "automation-events": "^3.0.0",
        "tslib": "^2.0.2"
      },
      "dependencies": {
        "tslib": {
          "version": "2.0.2",
          "resolved": "https://registry.npmjs.org/tslib/-/tslib-2.0.2.tgz",
          "integrity": "sha512-wAH28hcEKwna96/UacuWaVspVLkg4x1aDM9JlzqaQTOFczCktkVAb5fmXChgandR1EraDPs2w8P+ozM+oafwxg==",
          "dev": true
        }
      }
    },
    "tonal": {
      "version": "2.2.2",
      "resolved": "https://registry.npmjs.org/tonal/-/tonal-2.2.2.tgz",
      "integrity": "sha512-Ze2bQc6KhAf3FKM9HzEsQ4z8hZh4WYCOsCrryONqf/THGOrOpL9Cc8Uc0dq0OA2yK2JbD5FhZckEXNYyD9946A==",
      "requires": {
        "tonal-array": "^2.2.2",
        "tonal-chord": "^2.2.2",
        "tonal-dictionary": "^2.2.2",
        "tonal-distance": "^2.2.2",
        "tonal-interval": "^2.2.2",
        "tonal-key": "^2.2.2",
        "tonal-note": "^2.2.2",
        "tonal-pcset": "^2.2.2",
        "tonal-scale": "^2.2.2"
      }
    },
    "tonal-array": {
      "version": "2.2.2",
      "resolved": "https://registry.npmjs.org/tonal-array/-/tonal-array-2.2.2.tgz",
      "integrity": "sha512-h6YIq20L0EEU4EsDoKHAjl5kD2EQn467VfV79QHAuybvNCJpqqRNsQ3QNvoQyir1BgDXaDUIN9FEmQJNiaaCKA==",
      "requires": {
        "tonal-note": "^2.2.2"
      }
    },
    "tonal-chord": {
      "version": "2.2.2",
      "resolved": "https://registry.npmjs.org/tonal-chord/-/tonal-chord-2.2.2.tgz",
      "integrity": "sha512-gOIXapi6Gx3ISRKdEJKEQjhDBiwjhaalyWSrN5rijGrSyyFFNZ+EVOfzcqLtnVAF9BgeO9Ca0eXCor3XpHdEJg==",
      "requires": {
        "tonal-dictionary": "^2.2.2",
        "tonal-distance": "^2.2.2",
        "tonal-note": "^2.2.2",
        "tonal-pcset": "^2.2.2"
      }
    },
    "tonal-dictionary": {
      "version": "2.2.2",
      "resolved": "https://registry.npmjs.org/tonal-dictionary/-/tonal-dictionary-2.2.2.tgz",
      "integrity": "sha512-283ppJl/0lohhlVPMI6t5C6XwaP5Wx0egu9qfG9TLCT2tn4pRwYpXkzGufd9icvkJTgOylOum3+RxWmywUIPIg==",
      "requires": {
        "tonal-array": "^2.2.2",
        "tonal-note": "^2.2.2",
        "tonal-pcset": "^2.2.2"
      }
    },
    "tonal-distance": {
      "version": "2.2.2",
      "resolved": "https://registry.npmjs.org/tonal-distance/-/tonal-distance-2.2.2.tgz",
      "integrity": "sha512-ktA6OapCxaetXJb/JuXD5QwfyB7/G3y3ONby7Kkbezyffc57cnNfjdhlTR9XBR7eSFIY/J1KuhLwMx/qrffT4g==",
      "requires": {
        "tonal-interval": "^2.2.2",
        "tonal-note": "^2.2.2"
      }
    },
    "tonal-interval": {
      "version": "2.2.2",
      "resolved": "https://registry.npmjs.org/tonal-interval/-/tonal-interval-2.2.2.tgz",
      "integrity": "sha512-lrtDU8lH5IAX7YE63OhGGDRpVb4OoGxaN0wDu5XC3sUhXBwjSgNYpHY2D9JI2aWQ/Er9jhQbnw9b0ffkLy34+Q=="
    },
    "tonal-key": {
      "version": "2.2.2",
      "resolved": "https://registry.npmjs.org/tonal-key/-/tonal-key-2.2.2.tgz",
      "integrity": "sha512-KIc0b8yPl2ATDxF/65P52tIIempNsAQrug0idpD0zFvs5F5cb1hp7Rh7JJ4gECwC/6a3Hgdd1jomI+TnJ7K98w==",
      "requires": {
        "tonal-array": "^2.2.2",
        "tonal-distance": "^2.2.2",
        "tonal-note": "^2.2.2",
        "tonal-roman-numeral": "^2.2.2"
      }
    },
    "tonal-note": {
      "version": "2.2.2",
      "resolved": "https://registry.npmjs.org/tonal-note/-/tonal-note-2.2.2.tgz",
      "integrity": "sha512-RNK3Nb8PxBEW9yYGStcoczgE8bCYFZ5zfLvYJjvuzLWiwTQmqWOhTzONVobVCGFZ/jgDNwpBEKe/bngL3g3Xfw=="
    },
    "tonal-pcset": {
      "version": "2.2.2",
      "resolved": "https://registry.npmjs.org/tonal-pcset/-/tonal-pcset-2.2.2.tgz",
      "integrity": "sha512-PSqhkxzckO6J27W0GxawHYln4wvfDJ7puDmccksyFOBo97UhLnpxiyvBekhiYpkuaMtoZLQC/KALAkEj7lcb+A==",
      "requires": {
        "tonal-array": "^2.2.2",
        "tonal-interval": "^2.2.2",
        "tonal-note": "^2.2.2"
      }
    },
    "tonal-roman-numeral": {
      "version": "2.2.2",
      "resolved": "https://registry.npmjs.org/tonal-roman-numeral/-/tonal-roman-numeral-2.2.2.tgz",
      "integrity": "sha512-+auQNObpW3OvsSqlo+Cc+0otrlEhtbEgpzkPoKbTtkCva0P9oSkSz0OZ9fI73KQM5MsBs1XbB+olxppWkzYTFw=="
    },
    "tonal-scale": {
      "version": "2.2.2",
      "resolved": "https://registry.npmjs.org/tonal-scale/-/tonal-scale-2.2.2.tgz",
      "integrity": "sha512-tDb3YCoTF50XOXq9kNhGB1JkInk7qAGN6GQnP/3xkGxkreFFRZyI58jfHlmWf/AH4+IKb/exsOmL6G8Ok/PCRw==",
      "requires": {
        "tonal-array": "^2.2.2",
        "tonal-dictionary": "^2.2.2",
        "tonal-distance": "^2.2.2",
        "tonal-note": "^2.2.2",
        "tonal-pcset": "^2.2.2"
      }
    },
    "tone": {
      "version": "14.7.58",
      "resolved": "https://registry.npmjs.org/tone/-/tone-14.7.58.tgz",
      "integrity": "sha512-OzXsCkmaU/tLcNBc4M4dzHAjBzUGm+29DbWmAkAcCvpzWkLqo61RTcJa8tmS63F/7JHPiAJEOpuInMXw3mCvIg==",
      "dev": true,
      "requires": {
        "standardized-audio-context": "^25.0.4",
        "tslib": "^2.0.1"
      },
      "dependencies": {
        "tslib": {
          "version": "2.0.2",
          "resolved": "https://registry.npmjs.org/tslib/-/tslib-2.0.2.tgz",
          "integrity": "sha512-wAH28hcEKwna96/UacuWaVspVLkg4x1aDM9JlzqaQTOFczCktkVAb5fmXChgandR1EraDPs2w8P+ozM+oafwxg==",
          "dev": true
        }
      }
    },
    "tslib": {
      "version": "1.14.0",
      "resolved": "https://registry.npmjs.org/tslib/-/tslib-1.14.0.tgz",
      "integrity": "sha512-+Zw5lu0D9tvBMjGP8LpvMb0u2WW2QV3y+D8mO6J+cNzCYIN4sVy43Bf9vl92nqFahutN0I8zHa7cc4vihIshnw=="
    }
  }
}
