{
  "name": "@generative-music/pieces-alex-bainter",
  "version": "4.3.1",
  "lockfileVersion": 1,
  "requires": true,
  "dependencies": {
    "@generative-music/make-piece-oxalis": {
      "version": "4.2.0",
      "resolved": "https://registry.npmjs.org/@generative-music/make-piece-oxalis/-/make-piece-oxalis-4.2.0.tgz",
      "integrity": "sha512-WH+eK6IPN5UwTiMbl7PoKWAf2QH/LwjBkcE9FNZQfeTMrwQtZoRu1BU3NS6yvwTR92mwxzeXctV6wX8yVwwzjw==",
      "requires": {
        "@generative-music/utilities": "^4.2.0"
      }
    },
    "@generative-music/piece-420hz-gamma-waves-for-big-brain": {
      "version": "4.2.0",
      "resolved": "https://registry.npmjs.org/@generative-music/piece-420hz-gamma-waves-for-big-brain/-/piece-420hz-gamma-waves-for-big-brain-4.2.0.tgz",
      "integrity": "sha512-CU0jz485mcJnsCHwWsDHZr4Pno1b+r3EbUfVbDSCoy8uH6vBek3FXvB0mRHHljmX7RF/U7mBqOMibmF5MlW3cQ==",
      "requires": {
        "@generative-music/utilities": "^4.2.0"
      }
    },
    "@generative-music/piece-a-viable-system": {
      "version": "4.2.0",
      "resolved": "https://registry.npmjs.org/@generative-music/piece-a-viable-system/-/piece-a-viable-system-4.2.0.tgz",
      "integrity": "sha512-E0NjZ/iANvGsdEyV4XBgKjojIoXX0xPfGLqF2V+98dK7GivNBqBVaNxHIi7sRrKjrOE7VQOD4htyKDbgjP3OZQ==",
      "requires": {
        "@generative-music/utilities": "^4.2.0"
      }
    },
    "@generative-music/piece-above-the-rain": {
      "version": "4.2.0",
      "resolved": "https://registry.npmjs.org/@generative-music/piece-above-the-rain/-/piece-above-the-rain-4.2.0.tgz",
      "integrity": "sha512-ZI1LzEWbpU477oZtmj1hkd45JBR/u3HhKdqZpr3kRHUVZiPMrzxzKNIK6yzbtIozFkVcThBR+IM/ak38l6jFSg==",
      "requires": {
        "@generative-music/utilities": "^4.2.0"
      }
    },
    "@generative-music/piece-agua-ravine": {
      "version": "4.2.0",
      "resolved": "https://registry.npmjs.org/@generative-music/piece-agua-ravine/-/piece-agua-ravine-4.2.0.tgz",
      "integrity": "sha512-bAg6/8+5f5bdxYKpF4QgmtWFvWenx33F0kwwu+P9Ji/qC4r48fI2u9BUbPYHASUXOtFJTcEhb5lb0ahNojSZ7Q==",
      "requires": {
        "@generative-music/utilities": "^4.2.0"
      }
    },
    "@generative-music/piece-aisatsana": {
      "version": "4.2.0",
      "resolved": "https://registry.npmjs.org/@generative-music/piece-aisatsana/-/piece-aisatsana-4.2.0.tgz",
      "integrity": "sha512-h8fyZStSLceWRyplLpVRq3w2YnfeGkEM72MgaE4b7lPHTRkDiu3RGAjjkfURZs9hvmTeXcuWCiEXycfvrU/XQw==",
      "requires": {
        "@generative-music/utilities": "^4.2.0",
        "markov-chains": "^1.0.2"
      }
    },
    "@generative-music/piece-animalia-chordata": {
      "version": "4.2.0",
      "resolved": "https://registry.npmjs.org/@generative-music/piece-animalia-chordata/-/piece-animalia-chordata-4.2.0.tgz",
      "integrity": "sha512-0LiY7hEjYeRAikPly0Yn4cpz7X1VHXdSJS1An9NenikFzBKCmEmo9YuIsoD3AwEblmA1Khq62UWAca06ytr5zw==",
      "requires": {
        "@generative-music/utilities": "^4.2.0"
      }
    },
    "@generative-music/piece-apoapsis": {
      "version": "4.2.0",
      "resolved": "https://registry.npmjs.org/@generative-music/piece-apoapsis/-/piece-apoapsis-4.2.0.tgz",
      "integrity": "sha512-ijfC4RcnftBtleZeA9E3eKL/+WJZuYjNIWYtZuTmyz/HG2E8qyqN97ZbC4MNwaF7XPCbHjzYkA/lKQiD8q+MMg==",
      "requires": {
        "@generative-music/utilities": "^4.2.0"
      }
    },
    "@generative-music/piece-at-sunrise": {
      "version": "4.2.0",
      "resolved": "https://registry.npmjs.org/@generative-music/piece-at-sunrise/-/piece-at-sunrise-4.2.0.tgz",
      "integrity": "sha512-ng7xHQ95K3jpIR1+UKgHFqMhgMPW1QEk4Bg3cT7f0pQFCrMVaHXrteOWrMvVwQuxAxwS+Oz9Z5x+bvrWNcXDrg==",
      "requires": {
        "@generative-music/utilities": "^4.2.0"
      }
    },
    "@generative-music/piece-awash": {
      "version": "4.2.0",
      "resolved": "https://registry.npmjs.org/@generative-music/piece-awash/-/piece-awash-4.2.0.tgz",
      "integrity": "sha512-CLjw94E814KawqmTujlyaYiL6xiQO8OU47wnFBS9dxrPdTcrYFBtXGCNedgsitn1egtnEl1lC2lnk0V3oMtcFw==",
      "requires": {
        "@generative-music/utilities": "^4.2.0"
      }
    },
    "@generative-music/piece-beneath-waves": {
      "version": "4.2.0",
      "resolved": "https://registry.npmjs.org/@generative-music/piece-beneath-waves/-/piece-beneath-waves-4.2.0.tgz",
      "integrity": "sha512-xy+YPOoiYdTOxdDZYYH3EDDB68NuTirIKS9ytjg/58YI9LszUbDiKqKukBA9gbpbVJSh9QAopbp0q4dkD5ZCFA==",
      "requires": {
        "@generative-music/utilities": "^4.2.0"
      }
    },
    "@generative-music/piece-bhairav": {
      "version": "4.2.0",
      "resolved": "https://registry.npmjs.org/@generative-music/piece-bhairav/-/piece-bhairav-4.2.0.tgz",
      "integrity": "sha512-GMoPGxHrdFJGaw5bEkVPc4BeNAlohoO/ddwaOkjx5HHIROW8Y4/MIg4nSJ+/Y8nbnGENyi/ENXlrS+Ki79v/6A==",
      "requires": {
        "@generative-music/utilities": "^4.2.0"
      }
    },
    "@generative-music/piece-buttafingers": {
      "version": "4.2.0",
      "resolved": "https://registry.npmjs.org/@generative-music/piece-buttafingers/-/piece-buttafingers-4.2.0.tgz",
      "integrity": "sha512-h7jlmN364fzBeTbgngSXF6j3ivdjC7FHLkCeLHBu1RPNR21rlbo6H9qgNoRkMhbqtJQYd+PTUNch/kIp/Lj6KA==",
      "requires": {
        "@generative-music/utilities": "^4.2.0"
      }
    },
    "@generative-music/piece-day-dream": {
      "version": "4.2.0",
      "resolved": "https://registry.npmjs.org/@generative-music/piece-day-dream/-/piece-day-dream-4.2.0.tgz",
      "integrity": "sha512-0HVJGpLfm1SfvYMII6Og4t7hl7oRYQzJaD/JpgyN9lSnsWsTmliYXKazCTMyTxgCit9jQ8IS/shgzlZbhcqE8w==",
      "requires": {
        "@generative-music/utilities": "^4.2.0"
      }
    },
    "@generative-music/piece-didgeridoobeats": {
      "version": "4.2.0",
      "resolved": "https://registry.npmjs.org/@generative-music/piece-didgeridoobeats/-/piece-didgeridoobeats-4.2.0.tgz",
      "integrity": "sha512-4Mf1xwJ81drtXm0b70jHhs7+jn683z++Qpf+0E1zQjHoG1zyRYR796k7T6oQFd1c5/juZzwoEHG8HCncHCrr8g==",
      "requires": {
        "@generative-music/utilities": "^4.2.0"
      }
    },
    "@generative-music/piece-documentary-films": {
      "version": "4.2.0",
      "resolved": "https://registry.npmjs.org/@generative-music/piece-documentary-films/-/piece-documentary-films-4.2.0.tgz",
      "integrity": "sha512-C5nZ3CdDawur7fUXbzWzqsoZ9tbgJH9gSkXjd7vbp0nQ2IPqS1q7nprTtMQe0AVapByoulbqAvP6e37Mga4iTg==",
      "requires": {
        "@generative-music/utilities": "^4.2.0"
      }
    },
    "@generative-music/piece-drones": {
      "version": "4.2.0",
      "resolved": "https://registry.npmjs.org/@generative-music/piece-drones/-/piece-drones-4.2.0.tgz",
      "integrity": "sha512-90rviJ2HlfG5vzBIgXvusqKqmq+JoOEc6PbbGllcRBe58HUqesigqrqKFzyl1V16Y7pnpDSjzriej5UtUWI7Vw==",
      "requires": {
        "@generative-music/utilities": "^4.2.0"
      }
    },
    "@generative-music/piece-drones-2": {
      "version": "4.2.0",
      "resolved": "https://registry.npmjs.org/@generative-music/piece-drones-2/-/piece-drones-2-4.2.0.tgz",
      "integrity": "sha512-c0i8ATUnan0ha9NC7bwuIGA+UI/kcX1ynrDBO2ytOYDU2r3/kD5F5jl5R/pwtszDRLrCkPGlVVBcjWgYGIMrvQ==",
      "requires": {
        "@generative-music/utilities": "^4.2.0"
      }
    },
    "@generative-music/piece-eno-machine": {
      "version": "4.2.0",
      "resolved": "https://registry.npmjs.org/@generative-music/piece-eno-machine/-/piece-eno-machine-4.2.0.tgz",
      "integrity": "sha512-gIPji0hoX8a4Z1zkAL0G11FbXLVH4+SPCSNdHCQE28I24HW+kOq7037KezeCmIZaoDNAaKzeenlNQ+AG2ZLPYA==",
      "requires": {
        "@generative-music/utilities": "^4.2.0"
      }
    },
    "@generative-music/piece-enough": {
      "version": "4.2.0",
      "resolved": "https://registry.npmjs.org/@generative-music/piece-enough/-/piece-enough-4.2.0.tgz",
      "integrity": "sha512-iDMVGlkf9A0Lv7SGK8o7u73HnLZq18LqOsImIGMtPo95pCVRggJWgXD5w++bMGW4RbFecZQd+vsSYHaBHubhpw==",
      "requires": {
        "@generative-music/utilities": "^4.2.0"
      }
    },
    "@generative-music/piece-expand-collapse": {
      "version": "4.2.0",
      "resolved": "https://registry.npmjs.org/@generative-music/piece-expand-collapse/-/piece-expand-collapse-4.2.0.tgz",
      "integrity": "sha512-WDL88vaEp0ybz4FxhZF86+bnk4U7KKWO8gNWId/VTr1MUKoJ8eLdkfCzY+xQGIWSZkFexJtcnW4LaSAbNuiL+Q==",
      "requires": {
        "@generative-music/utilities": "^4.2.0"
      }
    },
    "@generative-music/piece-eyes-closed": {
      "version": "4.2.0",
      "resolved": "https://registry.npmjs.org/@generative-music/piece-eyes-closed/-/piece-eyes-closed-4.2.0.tgz",
      "integrity": "sha512-4cUwtmXEUtpfYyZqn/trT3oy0AUJVcC6EYdAQM3pLBACJBgQl4xQihi2Mp2eR/ZGJ3jlSCq0nUGQMcEcwwaZVQ==",
      "requires": {
        "@generative-music/utilities": "^4.2.0"
      }
    },
    "@generative-music/piece-homage": {
      "version": "4.2.0",
      "resolved": "https://registry.npmjs.org/@generative-music/piece-homage/-/piece-homage-4.2.0.tgz",
      "integrity": "sha512-wjb2m9TEYirvw/JVqQDWPP6uE4yUczQwX8ITp7WZMGIcvT7wicRXt1RHOuvA399O8IRRtsDsbmrzwbVyTCMCaw==",
      "requires": {
        "@generative-music/utilities": "^4.2.0"
      }
    },
    "@generative-music/piece-impact": {
      "version": "4.2.0",
      "resolved": "https://registry.npmjs.org/@generative-music/piece-impact/-/piece-impact-4.2.0.tgz",
      "integrity": "sha512-yyKFwPDH7S6W2Wzc7pAaVJgbm2PqSdxKOK5hyUqFwIiVLouyRJ/Lxm8x0vgfhTqlLXQwCefkVEEKaYr/jWMiuw==",
      "requires": {
        "@generative-music/utilities": "^4.2.0"
      }
    },
    "@generative-music/piece-last-transit": {
      "version": "4.2.1",
      "resolved": "https://registry.npmjs.org/@generative-music/piece-last-transit/-/piece-last-transit-4.2.1.tgz",
      "integrity": "sha512-rqFWiYqO6ygAAqm7lK5jsdSKf1LCyUpJrQBQozDNY5Ckdn/pDcNzGs6g9DMhFPfT/cAyCZXMPvWO52RkAxtyvw==",
      "requires": {
        "@generative-music/utilities": "^4.2.0"
      }
    },
    "@generative-music/piece-lemniscate": {
      "version": "4.2.0",
      "resolved": "https://registry.npmjs.org/@generative-music/piece-lemniscate/-/piece-lemniscate-4.2.0.tgz",
      "integrity": "sha512-yxxmXvjdceW3Add7+J0ScA8NfU3ZsPwdfD7KX+wO1Z6KDt8KaqRoFHvAKVNFXr0qHiCaQqzCcLhidKBq43XIlw==",
      "requires": {
        "@generative-music/utilities": "^4.2.0"
      }
    },
    "@generative-music/piece-little-bells": {
      "version": "4.2.0",
      "resolved": "https://registry.npmjs.org/@generative-music/piece-little-bells/-/piece-little-bells-4.2.0.tgz",
      "integrity": "sha512-+mI6qNs1ueK8Z63CE6Q3dx7fxziRq9dlFMjuqfaHx15EOv6y0EeEJF5cEpvwWYxnd+KkslHsj3QVYjttIov6yA==",
      "requires": {
        "@generative-music/utilities": "^4.2.0"
      }
    },
    "@generative-music/piece-meditation": {
      "version": "4.2.0",
      "resolved": "https://registry.npmjs.org/@generative-music/piece-meditation/-/piece-meditation-4.2.0.tgz",
      "integrity": "sha512-ZrvO+7eFXkDAWWHQLCrFHQAAB9x4gyRX3eqy0RMzqhv9KBXRMDHlBpOKU9tKwYDMjx527XPqAy+kRytioqPn5Q==",
      "requires": {
        "@generative-music/utilities": "^4.2.0"
      }
    },
    "@generative-music/piece-moment": {
      "version": "4.2.0",
      "resolved": "https://registry.npmjs.org/@generative-music/piece-moment/-/piece-moment-4.2.0.tgz",
      "integrity": "sha512-I+8XOWh0cZDb87SSNlmuifJRHydMFXKtM+mpiWoZ4zN2LDcX8pgYRJDTymR/IE4emUCrvH/6Q4KwbKehQUuUuw==",
      "requires": {
        "@generative-music/utilities": "^4.2.0"
      }
    },
    "@generative-music/piece-nakaii": {
      "version": "4.2.0",
      "resolved": "https://registry.npmjs.org/@generative-music/piece-nakaii/-/piece-nakaii-4.2.0.tgz",
      "integrity": "sha512-qN6w2ZnZQqDabYqXq/hLI9zaN1ayFyOA72xjZtM0Ktuio5oyum0GFvbHzNKjI+fkoENk2cn6Kxcqj0vtOb5PFg==",
      "requires": {
        "@generative-music/utilities": "^4.2.0"
      }
    },
    "@generative-music/piece-neuroplasticity": {
      "version": "4.2.0",
      "resolved": "https://registry.npmjs.org/@generative-music/piece-neuroplasticity/-/piece-neuroplasticity-4.2.0.tgz",
      "integrity": "sha512-MfwL2oU0MmUUNg0jQIIHkfrURTh8QewXBHIaGbodbumCWYRhobLVeVCcxhLlW8sZyPrdoFHq6taZlDH4hiAHgw==",
      "requires": {
        "@generative-music/utilities": "^4.2.0"
      }
    },
    "@generative-music/piece-no-refrain": {
      "version": "4.2.0",
      "resolved": "https://registry.npmjs.org/@generative-music/piece-no-refrain/-/piece-no-refrain-4.2.0.tgz",
      "integrity": "sha512-/bZx4TWi4ozUjd4/60fBzdEDejlMKevHtty971Gft2HvlgRtor2OIZ9rkhmYWhpz1GkCmULZbupWjxA1dNYpmw==",
      "requires": {
        "@generative-music/utilities": "^4.2.0"
      }
    },
    "@generative-music/piece-observable-streams": {
      "version": "4.2.0",
      "resolved": "https://registry.npmjs.org/@generative-music/piece-observable-streams/-/piece-observable-streams-4.2.0.tgz",
      "integrity": "sha512-cY7KTEcdQ+ar4ko1EzaddiRVRjakEJZ+fmO5leDtSSjAwXRtPTBswErCAMs/UYFqS3/TEGBIn8sojISH8glvqQ==",
      "requires": {
        "@generative-music/utilities": "^4.2.0",
        "rxjs": "^6.4.0",
        "tonal": "^2.2.1"
      }
    },
    "@generative-music/piece-otherness": {
      "version": "4.2.0",
      "resolved": "https://registry.npmjs.org/@generative-music/piece-otherness/-/piece-otherness-4.2.0.tgz",
      "integrity": "sha512-0XsWa49fkoFLDA0YqiQiITFaf/2j+wCVde3x+2oh8w8ICN8JusH8/NYlx9ObDmYZPxNqpBetkGp2h22aAVtdvQ==",
      "requires": {
        "@generative-music/utilities": "^4.2.0"
      }
    },
    "@generative-music/piece-oxalis-1": {
      "version": "4.2.0",
      "resolved": "https://registry.npmjs.org/@generative-music/piece-oxalis-1/-/piece-oxalis-1-4.2.0.tgz",
      "integrity": "sha512-DThmhY287kCvoMIto7q+INLOmDl4ersDt9Bus1qPtjMW2b+bU6whUeSfmAv1bG/ct73D4YXG8wWpCSFXxnslLQ==",
      "requires": {
        "@generative-music/make-piece-oxalis": "^4.2.0"
      }
    },
    "@generative-music/piece-peace": {
      "version": "4.2.0",
      "resolved": "https://registry.npmjs.org/@generative-music/piece-peace/-/piece-peace-4.2.0.tgz",
      "integrity": "sha512-qZzgtAxdI1TqO/jy5MBfb4peChkjw9wTtA7HDSzonhXkLXhtOPhCzkWOtb+JECUaQqsZDK3sUyTn53QY0EIY7Q==",
      "requires": {
        "@generative-music/utilities": "^4.2.0"
      }
    },
    "@generative-music/piece-pinwheels": {
      "version": "4.2.0",
      "resolved": "https://registry.npmjs.org/@generative-music/piece-pinwheels/-/piece-pinwheels-4.2.0.tgz",
      "integrity": "sha512-Ow8RXBjfDl2ns//Tc8RmMdgvyeQMONExhSd/xvGDlX1ya/4qauoiv8JHqJuTuPPCYvKpnAGTjvIBlNzZft3/Mg==",
      "requires": {
        "@generative-music/utilities": "^4.2.0",
        "shuffle-array": "^1.0.1"
      }
    },
    "@generative-music/piece-pulse-code-modulation": {
      "version": "4.2.0",
      "resolved": "https://registry.npmjs.org/@generative-music/piece-pulse-code-modulation/-/piece-pulse-code-modulation-4.2.0.tgz",
      "integrity": "sha512-MFVgJgV/Ngyp9UW8vyW+/IIPUUt7jzCx0f+SZdhiEg6gPmD7RC7KGeUryuXUld5NzMrb84cMz8X9R/5Yui0pWQ==",
      "requires": {
        "@generative-music/utilities": "^4.2.0"
      }
    },
    "@generative-music/piece-remembering": {
      "version": "4.2.0",
      "resolved": "https://registry.npmjs.org/@generative-music/piece-remembering/-/piece-remembering-4.2.0.tgz",
      "integrity": "sha512-XQojZDEkvE0DHBmx82LAM+ce08zTkee0azUokB8aa0jYNUZjJ5p7NGNDJcx7i0nY5x0ad0PemDYY9bRsaKfgRQ==",
      "requires": {
        "@generative-music/utilities": "^4.2.0"
      }
    },
    "@generative-music/piece-return-to-form": {
      "version": "4.2.0",
      "resolved": "https://registry.npmjs.org/@generative-music/piece-return-to-form/-/piece-return-to-form-4.2.0.tgz",
      "integrity": "sha512-dAqmPYvX80hJRyZzObg4Gv/aezQwGqSJCyFcqZwy93vrGKmvqlxz5stf3tzwk4HVbQDgEW3Yu/8E4B51DaeQUQ==",
      "requires": {
        "@generative-music/utilities": "^4.2.0"
      }
    },
    "@generative-music/piece-ritual": {
      "version": "4.2.0",
      "resolved": "https://registry.npmjs.org/@generative-music/piece-ritual/-/piece-ritual-4.2.0.tgz",
      "integrity": "sha512-POfTSPCwgalQquhGISfoPUWSfcYwiN7N0Hq9mSOmbxTi8e/8FGV/tRJP2gi4BT4jaEgTv01vODyhbM6p4hJKMw==",
      "requires": {
        "@generative-music/utilities": "^4.2.0",
        "tonal": "^2.2.2"
      }
    },
    "@generative-music/piece-sevenths": {
      "version": "4.2.0",
      "resolved": "https://registry.npmjs.org/@generative-music/piece-sevenths/-/piece-sevenths-4.2.0.tgz",
      "integrity": "sha512-Zy8+gNxgvAEdhFgMyhnKBuZ/FxYfBS0DmBBFbA0NxY7qm/sGkMNkqUhwtqdtkLSNwb+4ueDBBjUQ95om9UtFcA==",
      "requires": {
        "@generative-music/utilities": "^4.2.0"
      }
    },
    "@generative-music/piece-soundtrack": {
      "version": "4.2.0",
      "resolved": "https://registry.npmjs.org/@generative-music/piece-soundtrack/-/piece-soundtrack-4.2.0.tgz",
      "integrity": "sha512-dBZLJ5CSy7tH3xck/VBJEopCjG3BXTaEKM2btNS0bk7PNRcLxOmpDgq1mhOA3XMr6MFKGi9fyEfgcV+SdICHsA==",
      "requires": {
        "@generative-music/utilities": "^4.2.0"
      }
    },
    "@generative-music/piece-spring-again": {
      "version": "4.2.0",
      "resolved": "https://registry.npmjs.org/@generative-music/piece-spring-again/-/piece-spring-again-4.2.0.tgz",
      "integrity": "sha512-cqyzQaijV3N/5o9qjiDWV+5Ib8xf9offJC1GpoKN2kRZ8L6DfgnWZfcyzShcyKlb+16c3nYYotV+tCIcl/vl9A==",
      "requires": {
        "@generative-music/utilities": "^4.2.0"
      }
    },
    "@generative-music/piece-stratospheric": {
      "version": "4.2.0",
      "resolved": "https://registry.npmjs.org/@generative-music/piece-stratospheric/-/piece-stratospheric-4.2.0.tgz",
      "integrity": "sha512-EcI9ixIlCGUDLHkh5KktJdc8dwk9kC9iKiMs93AQz0i24iS8FaHjBqNgiOzoTraD1C4oYlsICWSpai2wyMQv8A==",
      "requires": {
        "@generative-music/utilities": "^4.2.0"
      }
    },
    "@generative-music/piece-stream-of-consciousness": {
      "version": "4.2.0",
      "resolved": "https://registry.npmjs.org/@generative-music/piece-stream-of-consciousness/-/piece-stream-of-consciousness-4.2.0.tgz",
      "integrity": "sha512-KVGlHprVhHo9fMlCahHh8hMqlT9fFoMFeppCquaGu9la0MMNtDDl07nMNg35jRXsvVL6mqKx33ezRDeQ2n8KIw==",
      "requires": {
        "@generative-music/utilities": "^4.2.0"
      }
    },
    "@generative-music/piece-substrate": {
      "version": "4.2.0",
      "resolved": "https://registry.npmjs.org/@generative-music/piece-substrate/-/piece-substrate-4.2.0.tgz",
      "integrity": "sha512-76RyE9Cug3q3DGuu5u4sVYxJhVj05f5+i/ZwkklVtsZa+R50E4CcYrW4C8W1xonTMK9899v29EcdMKtYuBdA8g==",
      "requires": {
        "@generative-music/utilities": "^4.2.0"
      }
    },
    "@generative-music/piece-timbral-oscillations": {
      "version": "4.2.0",
      "resolved": "https://registry.npmjs.org/@generative-music/piece-timbral-oscillations/-/piece-timbral-oscillations-4.2.0.tgz",
      "integrity": "sha512-0Nw5anUagL1JLPF9DyOFTvF8pGDW+Fd6WNsfkEjACu4KG2cvc3NSJNZhb0qsrMYhc8Iu3YvnSmCf2vV9I9iQCw==",
      "requires": {
        "@generative-music/utilities": "^4.2.0"
      }
    },
    "@generative-music/piece-townsend": {
      "version": "4.2.0",
      "resolved": "https://registry.npmjs.org/@generative-music/piece-townsend/-/piece-townsend-4.2.0.tgz",
      "integrity": "sha512-vDmgvZyPqoOs9stb6LN+Zj8YyzGKVVwZ2sXABWhtB4hTnqGItRKxQJGWSGAC7n3HxuZqRpuqUJvmZ+ux59fZzg==",
      "requires": {
        "@generative-music/utilities": "^4.2.0"
      }
    },
    "@generative-music/piece-transmission": {
      "version": "4.2.0",
      "resolved": "https://registry.npmjs.org/@generative-music/piece-transmission/-/piece-transmission-4.2.0.tgz",
      "integrity": "sha512-rGdvqrXPupKTPyBGoekSPZVGF6lt+qVPLtOCJbZFpSSirkpJ6wEJuvWR3tWYDrS0O9MIBsr3S9ZbefdTSYnZYA==",
      "requires": {
        "@generative-music/utilities": "^4.2.0"
      }
    },
    "@generative-music/piece-trees": {
      "version": "4.2.0",
      "resolved": "https://registry.npmjs.org/@generative-music/piece-trees/-/piece-trees-4.2.0.tgz",
      "integrity": "sha512-CgbvWv61HHS5VUByTT2D/ZzfUz2XD6siT2SCYo9Q2WGIVR6DxI5x0aOzdUf8usnEqIkXgDGYEyy01USTgYbOJg==",
      "requires": {
        "@generative-music/utilities": "^4.2.0"
      }
    },
    "@generative-music/piece-uun": {
      "version": "4.2.0",
      "resolved": "https://registry.npmjs.org/@generative-music/piece-uun/-/piece-uun-4.2.0.tgz",
      "integrity": "sha512-Z3BoJwez8t4Zja3HrId58M4hRamwZapQM2aYlzvHKr3hcBSCgHQyncumdiBpL0yQ/EhFn9UerAP16PUk6iMmsA==",
      "requires": {
        "@generative-music/utilities": "^4.2.0"
      }
    },
    "@generative-music/piece-western-medicine": {
      "version": "4.2.0",
      "resolved": "https://registry.npmjs.org/@generative-music/piece-western-medicine/-/piece-western-medicine-4.2.0.tgz",
      "integrity": "sha512-WIJddVjLrjYddc36AyEdeJeItJoSGFlQDSb5oaBLuNxY1rOqjTrwnHZLnRglBaLQyj73SaF5fqIxdJftkgQPzg==",
      "requires": {
        "@generative-music/utilities": "^4.2.0"
      }
    },
    "@generative-music/piece-yesterday": {
      "version": "4.2.0",
      "resolved": "https://registry.npmjs.org/@generative-music/piece-yesterday/-/piece-yesterday-4.2.0.tgz",
      "integrity": "sha512-uiQBE4/jHgNokOJP21lhFBCknskNV1ypJt3tHR0jkdwJC5rTtlAf21aqtJJegQ6ndi7wsa5KkTzZgxIA6xNN4g==",
      "requires": {
        "@generative-music/utilities": "^4.2.0"
      }
    },
    "@generative-music/piece-zed": {
      "version": "4.2.0",
      "resolved": "https://registry.npmjs.org/@generative-music/piece-zed/-/piece-zed-4.2.0.tgz",
      "integrity": "sha512-ZZkIJgPnBtBUj+ytKhaRIk2xzHpBDQJ7qQdgaZNCwh9TieDiDjkqt1TLQW3+IPGsc7PVrTzDU88bPi9+GBce2A==",
      "requires": {
        "@generative-music/utilities": "^4.2.0"
      }
    },
    "@generative-music/utilities": {
      "version": "4.2.0",
      "resolved": "https://registry.npmjs.org/@generative-music/utilities/-/utilities-4.2.0.tgz",
      "integrity": "sha512-lxS7hpegL+lzlY70nV6cPgvhzOeVwY8R4lIRJwUwgB3MFuADzQ1SlnW1uJf5oQ1DANYMWt9wHVVyodaUlnlsCA=="
    },
    "javascript-stringify": {
      "version": "1.6.0",
      "resolved": "https://registry.npmjs.org/javascript-stringify/-/javascript-stringify-1.6.0.tgz",
      "integrity": "sha1-FC0RHzpuPa6PSpr9d9RYVbWpzOM="
    },
    "markov-chains": {
      "version": "1.0.2",
      "resolved": "https://registry.npmjs.org/markov-chains/-/markov-chains-1.0.2.tgz",
      "integrity": "sha1-SRBTZZgbi5EDCZBEE5graWovfBQ=",
      "requires": {
        "javascript-stringify": "^1.1.0"
      }
    },
    "rxjs": {
      "version": "6.6.3",
      "resolved": "https://registry.npmjs.org/rxjs/-/rxjs-6.6.3.tgz",
      "integrity": "sha512-trsQc+xYYXZ3urjOiJOuCOa5N3jAZ3eiSpQB5hIT8zGlL2QfnHLJ2r7GMkBGuIausdJN1OneaI6gQlsqNHHmZQ==",
      "requires": {
        "tslib": "^1.9.0"
      }
    },
    "shuffle-array": {
      "version": "1.0.1",
      "resolved": "https://registry.npmjs.org/shuffle-array/-/shuffle-array-1.0.1.tgz",
      "integrity": "sha1-xP88/nTRb5NzBZIwGyXmV3sSiYs="
    },
    "tonal": {
      "version": "2.2.2",
      "resolved": "https://registry.npmjs.org/tonal/-/tonal-2.2.2.tgz",
      "integrity": "sha512-Ze2bQc6KhAf3FKM9HzEsQ4z8hZh4WYCOsCrryONqf/THGOrOpL9Cc8Uc0dq0OA2yK2JbD5FhZckEXNYyD9946A==",
      "requires": {
        "tonal-array": "^2.2.2",
        "tonal-chord": "^2.2.2",
        "tonal-dictionary": "^2.2.2",
        "tonal-distance": "^2.2.2",
        "tonal-interval": "^2.2.2",
        "tonal-key": "^2.2.2",
        "tonal-note": "^2.2.2",
        "tonal-pcset": "^2.2.2",
        "tonal-scale": "^2.2.2"
      }
    },
    "tonal-array": {
      "version": "2.2.2",
      "resolved": "https://registry.npmjs.org/tonal-array/-/tonal-array-2.2.2.tgz",
      "integrity": "sha512-h6YIq20L0EEU4EsDoKHAjl5kD2EQn467VfV79QHAuybvNCJpqqRNsQ3QNvoQyir1BgDXaDUIN9FEmQJNiaaCKA==",
      "requires": {
        "tonal-note": "^2.2.2"
      }
    },
    "tonal-chord": {
      "version": "2.2.2",
      "resolved": "https://registry.npmjs.org/tonal-chord/-/tonal-chord-2.2.2.tgz",
      "integrity": "sha512-gOIXapi6Gx3ISRKdEJKEQjhDBiwjhaalyWSrN5rijGrSyyFFNZ+EVOfzcqLtnVAF9BgeO9Ca0eXCor3XpHdEJg==",
      "requires": {
        "tonal-dictionary": "^2.2.2",
        "tonal-distance": "^2.2.2",
        "tonal-note": "^2.2.2",
        "tonal-pcset": "^2.2.2"
      }
    },
    "tonal-dictionary": {
      "version": "2.2.2",
      "resolved": "https://registry.npmjs.org/tonal-dictionary/-/tonal-dictionary-2.2.2.tgz",
      "integrity": "sha512-283ppJl/0lohhlVPMI6t5C6XwaP5Wx0egu9qfG9TLCT2tn4pRwYpXkzGufd9icvkJTgOylOum3+RxWmywUIPIg==",
      "requires": {
        "tonal-array": "^2.2.2",
        "tonal-note": "^2.2.2",
        "tonal-pcset": "^2.2.2"
      }
    },
    "tonal-distance": {
      "version": "2.2.2",
      "resolved": "https://registry.npmjs.org/tonal-distance/-/tonal-distance-2.2.2.tgz",
      "integrity": "sha512-ktA6OapCxaetXJb/JuXD5QwfyB7/G3y3ONby7Kkbezyffc57cnNfjdhlTR9XBR7eSFIY/J1KuhLwMx/qrffT4g==",
      "requires": {
        "tonal-interval": "^2.2.2",
        "tonal-note": "^2.2.2"
      }
    },
    "tonal-interval": {
      "version": "2.2.2",
      "resolved": "https://registry.npmjs.org/tonal-interval/-/tonal-interval-2.2.2.tgz",
      "integrity": "sha512-lrtDU8lH5IAX7YE63OhGGDRpVb4OoGxaN0wDu5XC3sUhXBwjSgNYpHY2D9JI2aWQ/Er9jhQbnw9b0ffkLy34+Q=="
    },
    "tonal-key": {
      "version": "2.2.2",
      "resolved": "https://registry.npmjs.org/tonal-key/-/tonal-key-2.2.2.tgz",
      "integrity": "sha512-KIc0b8yPl2ATDxF/65P52tIIempNsAQrug0idpD0zFvs5F5cb1hp7Rh7JJ4gECwC/6a3Hgdd1jomI+TnJ7K98w==",
      "requires": {
        "tonal-array": "^2.2.2",
        "tonal-distance": "^2.2.2",
        "tonal-note": "^2.2.2",
        "tonal-roman-numeral": "^2.2.2"
      }
    },
    "tonal-note": {
      "version": "2.2.2",
      "resolved": "https://registry.npmjs.org/tonal-note/-/tonal-note-2.2.2.tgz",
      "integrity": "sha512-RNK3Nb8PxBEW9yYGStcoczgE8bCYFZ5zfLvYJjvuzLWiwTQmqWOhTzONVobVCGFZ/jgDNwpBEKe/bngL3g3Xfw=="
    },
    "tonal-pcset": {
      "version": "2.2.2",
      "resolved": "https://registry.npmjs.org/tonal-pcset/-/tonal-pcset-2.2.2.tgz",
      "integrity": "sha512-PSqhkxzckO6J27W0GxawHYln4wvfDJ7puDmccksyFOBo97UhLnpxiyvBekhiYpkuaMtoZLQC/KALAkEj7lcb+A==",
      "requires": {
        "tonal-array": "^2.2.2",
        "tonal-interval": "^2.2.2",
        "tonal-note": "^2.2.2"
      }
    },
    "tonal-roman-numeral": {
      "version": "2.2.2",
      "resolved": "https://registry.npmjs.org/tonal-roman-numeral/-/tonal-roman-numeral-2.2.2.tgz",
      "integrity": "sha512-+auQNObpW3OvsSqlo+Cc+0otrlEhtbEgpzkPoKbTtkCva0P9oSkSz0OZ9fI73KQM5MsBs1XbB+olxppWkzYTFw=="
    },
    "tonal-scale": {
      "version": "2.2.2",
      "resolved": "https://registry.npmjs.org/tonal-scale/-/tonal-scale-2.2.2.tgz",
      "integrity": "sha512-tDb3YCoTF50XOXq9kNhGB1JkInk7qAGN6GQnP/3xkGxkreFFRZyI58jfHlmWf/AH4+IKb/exsOmL6G8Ok/PCRw==",
      "requires": {
        "tonal-array": "^2.2.2",
        "tonal-dictionary": "^2.2.2",
        "tonal-distance": "^2.2.2",
        "tonal-note": "^2.2.2",
        "tonal-pcset": "^2.2.2"
      }
    },
    "tslib": {
      "version": "1.14.1",
      "resolved": "https://registry.npmjs.org/tslib/-/tslib-1.14.1.tgz",
      "integrity": "sha512-Xni35NKzjgMrwevysHTCArtLDpPvye8zV/0E4EyYn43P7/7qvQwPh9BGkHewbMulVntbigmcT7rdX3BNo9wRJg=="
    }
  }
}
