{
  "name": "@generative-music/pieces-alex-bainter",
  "version": "0.0.0",
  "lockfileVersion": 1,
  "requires": true,
  "dependencies": {
    "@generative-music/make-piece-oxalis": {
      "version": "3.2.6",
      "resolved": "https://registry.npmjs.org/@generative-music/make-piece-oxalis/-/make-piece-oxalis-3.2.6.tgz",
      "integrity": "sha512-jCqoCHcC7SoDxvzasH98dUOxZbnwbzdl9ns2SQGt+Zins3/P/RsJzkYcou/3LWf23wuwLl1+3i2bG0iHlFiT3w==",
      "requires": {
        "@generative-music/utilities": "^3.2.6"
      }
    },
    "@generative-music/piece-420hz-gamma-waves-for-big-brain": {
      "version": "3.2.6",
      "resolved": "https://registry.npmjs.org/@generative-music/piece-420hz-gamma-waves-for-big-brain/-/piece-420hz-gamma-waves-for-big-brain-3.2.6.tgz",
      "integrity": "sha512-ArdsfHhTtipB8Voqf336g8IJLIzlc68FjXxRDn4h2FJy/+2Jc4yIkHJhk997ZqnQWKiOjIMYFEhUhLeJeivDvA==",
      "requires": {
        "@generative-music/utilities": "^3.2.6"
      }
    },
    "@generative-music/piece-a-viable-system": {
      "version": "3.2.6",
      "resolved": "https://registry.npmjs.org/@generative-music/piece-a-viable-system/-/piece-a-viable-system-3.2.6.tgz",
      "integrity": "sha512-Uqw1XZ56p+3anLYnvkzJCgBACs6sfpPib9di8PfQszhtgJgHyeWvikgogz1LATQJOGI5NQC7UcAlMeWQQX4JZA==",
      "requires": {
        "@generative-music/utilities": "^3.2.6",
        "tonal": "^2.2.1",
        "tonal-range": "^2.2.1"
      }
    },
    "@generative-music/piece-above-the-rain": {
      "version": "3.2.6",
      "resolved": "https://registry.npmjs.org/@generative-music/piece-above-the-rain/-/piece-above-the-rain-3.2.6.tgz",
      "integrity": "sha512-d6AEoE9vZy2011F7eLid/sAie+SGinrNtLiwO8hYN3K+WNc1/HezbJYMWJaSNnlWUIdrsiuZ8Pg1TSFOwmkXHQ==",
      "requires": {
        "@generative-music/utilities": "^3.2.6"
      }
    },
    "@generative-music/piece-agua-ravine": {
      "version": "3.2.6",
      "resolved": "https://registry.npmjs.org/@generative-music/piece-agua-ravine/-/piece-agua-ravine-3.2.6.tgz",
      "integrity": "sha512-aDWZHb3oJeVAavuLzSf+qhdNXOPm+0DAFx0Sl38oOIYvaKCTm7kpM0/MGzEXoLw9l9lTSRdsSl7BCMLv55ap/w==",
      "requires": {
        "@generative-music/utilities": "^3.2.6"
      }
    },
    "@generative-music/piece-aisatsana": {
      "version": "3.2.6",
      "resolved": "https://registry.npmjs.org/@generative-music/piece-aisatsana/-/piece-aisatsana-3.2.6.tgz",
      "integrity": "sha512-Lk+O860DhpoAubnuXySoBV8hA7VH3gq9Tv6qjYdDTEJA9oaPrMkB4p93epECVK00ZVjH2M/YdX9JjTbHU+Jrkw==",
      "requires": {
        "@generative-music/utilities": "^3.2.6",
        "markov-chains": "^1.0.2"
      }
    },
    "@generative-music/piece-animalia-chordata": {
      "version": "3.2.6",
      "resolved": "https://registry.npmjs.org/@generative-music/piece-animalia-chordata/-/piece-animalia-chordata-3.2.6.tgz",
      "integrity": "sha512-SJ1q+0bx6dZg5tlIdX6fpw2i5s/fK/M/QWxEFaUt1q34krzP8MnCjf5UfyhIbU1rAQvil6hJxmHe1+qBzPkY8A==",
      "requires": {
        "@generative-music/utilities": "^3.2.6"
      }
    },
    "@generative-music/piece-apoapsis": {
      "version": "3.2.6",
      "resolved": "https://registry.npmjs.org/@generative-music/piece-apoapsis/-/piece-apoapsis-3.2.6.tgz",
      "integrity": "sha512-EyHaw+jyIr3gn0Q9TGqOF5bk+Qfa0MjzSuIyKvmcxvZlo/bCvFsMifir0Dx5intbHYB5Fl4cPRnid7Y4fOk+sQ==",
      "requires": {
        "@generative-music/utilities": "^3.2.6",
        "tonal": "^2.2.1"
      }
    },
    "@generative-music/piece-at-sunrise": {
      "version": "3.2.6",
      "resolved": "https://registry.npmjs.org/@generative-music/piece-at-sunrise/-/piece-at-sunrise-3.2.6.tgz",
      "integrity": "sha512-9sHkk1oOBubs/WFiwUypESbvcbRe2iRNPVLk+dTOjv7OJTw/itF1S+3cvCe4Uu6gBUqhRYA/zXh0pLBLG983ZQ==",
      "requires": {
        "@generative-music/utilities": "^3.2.6",
        "tonal": "^2.2.2"
      }
    },
    "@generative-music/piece-awash": {
      "version": "3.2.6",
      "resolved": "https://registry.npmjs.org/@generative-music/piece-awash/-/piece-awash-3.2.6.tgz",
      "integrity": "sha512-8JLwlsvzPXIZjc18K3pZ7Fe3TFe7isNbw4/jcjVhsDuRtcdhL20UJl2apKUlUeJkShuw+NzMqfYVy/O/dQLHoA==",
      "requires": {
        "@generative-music/utilities": "^3.2.6"
      }
    },
    "@generative-music/piece-beneath-waves": {
      "version": "3.2.6",
      "resolved": "https://registry.npmjs.org/@generative-music/piece-beneath-waves/-/piece-beneath-waves-3.2.6.tgz",
      "integrity": "sha512-DFHhDMzKZS+hLqLZ6RdX6brlPINVOKg0d67rgMOxxaYKIsvFNrosoRDuQ96DimYFV+S+njZHGOdjn/bCPG8x4Q==",
      "requires": {
        "@generative-music/utilities": "^3.2.6"
      }
    },
    "@generative-music/piece-bhairav": {
      "version": "3.2.6",
      "resolved": "https://registry.npmjs.org/@generative-music/piece-bhairav/-/piece-bhairav-3.2.6.tgz",
      "integrity": "sha512-a7q8ts3wMv6acBBMxuZMPlvCpH85flsRgx9oWYfO2m9Bpq01S/Wz6cHm2Aw5UUKMhrvM2Wp98h4/dI2rGLRXzA==",
      "requires": {
        "@generative-music/utilities": "^3.2.6",
        "tonal": "^2.2.2"
      }
    },
    "@generative-music/piece-buttafingers": {
      "version": "3.2.6",
      "resolved": "https://registry.npmjs.org/@generative-music/piece-buttafingers/-/piece-buttafingers-3.2.6.tgz",
      "integrity": "sha512-0qkNYSH5SK6fjx5aOq4me7ANw7XZOhUln9fGDL/uzBTQOXy5TW/igV1sR6HM3keZputT7IutObUfMVe2F2dD8Q==",
      "requires": {
        "@generative-music/utilities": "^3.2.6",
        "tonal": "^2.2.1"
      }
    },
    "@generative-music/piece-day-dream": {
      "version": "3.2.6",
      "resolved": "https://registry.npmjs.org/@generative-music/piece-day-dream/-/piece-day-dream-3.2.6.tgz",
      "integrity": "sha512-9KkQGuP/hGml5QuNST+cJZNKwPtV8BqCOnd3NAf8NL/rude9wArB8Rgu2ztVM3Xg6VqRktYrZ+x7bWkNTIlbBg==",
      "requires": {
        "@generative-music/utilities": "^3.2.6",
        "tonal": "^2.2.2"
      }
    },
    "@generative-music/piece-didgeridoobeats": {
      "version": "3.2.6",
      "resolved": "https://registry.npmjs.org/@generative-music/piece-didgeridoobeats/-/piece-didgeridoobeats-3.2.6.tgz",
      "integrity": "sha512-9E4zlnTQBnjSasv7RukIbZNP95Xkk7RgujriHhsRHqt53jgOexe+tDYDyPGlCdgVZASWQaQG9ThgzI6SII61Iw==",
      "requires": {
        "@generative-music/utilities": "^3.2.6"
      }
    },
    "@generative-music/piece-documentary-films": {
      "version": "3.2.6",
      "resolved": "https://registry.npmjs.org/@generative-music/piece-documentary-films/-/piece-documentary-films-3.2.6.tgz",
      "integrity": "sha512-PzTYkPzf2l0XRIiHjNR+WGgCjNEhZX6V41kRoH9tExs+6+Q1YJHo6uVIWsYzUEZaPx/CjxfMO3ZLhkHrZrBxKQ==",
      "requires": {
        "@generative-music/utilities": "^3.2.6"
      }
    },
    "@generative-music/piece-drones": {
      "version": "3.2.6",
      "resolved": "https://registry.npmjs.org/@generative-music/piece-drones/-/piece-drones-3.2.6.tgz",
      "integrity": "sha512-+fbwpsVe3TBhBQ1NI1RkaQoLS6eJ43HkK3/SY/F2irB45HHhUnQEEN7Abay2F5O0iXlP2TOStJHc5j/wZMGL9g==",
      "requires": {
        "@generative-music/utilities": "^3.2.6",
        "tonal": "^2.2.1"
      }
    },
    "@generative-music/piece-drones-2": {
      "version": "3.2.6",
      "resolved": "https://registry.npmjs.org/@generative-music/piece-drones-2/-/piece-drones-2-3.2.6.tgz",
      "integrity": "sha512-jTvwcRGzOomV2HirBYO1WU3tRe5LkeBWCApP6hnsAJR5S/iywiMVxnaTnsJlZkSz+CgbC/xZC1JGouM1t+AQVg==",
      "requires": {
        "@generative-music/utilities": "^3.2.6",
        "tonal": "^2.2.2"
      }
    },
    "@generative-music/piece-eno-machine": {
      "version": "3.2.6",
      "resolved": "https://registry.npmjs.org/@generative-music/piece-eno-machine/-/piece-eno-machine-3.2.6.tgz",
      "integrity": "sha512-lktzPAsRmzitgt5OX6n3yrLrh/c+SN9B34oGS5LvT+AiYcjVGGX1j/LW0HeaKOFiaKpJ4jqKBVqeDFkFgTsjVg==",
      "requires": {
        "@generative-music/utilities": "^3.2.6",
        "random-number": "0.0.9",
        "tonal": "^2.0.0"
      }
    },
    "@generative-music/piece-enough": {
      "version": "3.2.6",
      "resolved": "https://registry.npmjs.org/@generative-music/piece-enough/-/piece-enough-3.2.6.tgz",
      "integrity": "sha512-iQiR+k2lh9Yq30m0UkiVhbt/TIPz0lkSlV3RLgmbWPt2DeHxg3eMaD28zdB8kcwrr6d5a1cuD68aH/cWFx2qkg==",
      "requires": {
        "@generative-music/utilities": "^3.2.6",
        "tonal": "^2.2.2"
      }
    },
    "@generative-music/piece-expand-collapse": {
      "version": "3.2.6",
      "resolved": "https://registry.npmjs.org/@generative-music/piece-expand-collapse/-/piece-expand-collapse-3.2.6.tgz",
      "integrity": "sha512-sIJkTMEtxZlbCx8xHY3WJfcUEul8sjxnH97ERwlVBkifQiOJIqjqyi13EFq+OS9YvYId+C4jTmEeP1Duihp47g==",
      "requires": {
        "@generative-music/utilities": "^3.2.6",
        "tonal": "^2.2.2"
      }
    },
    "@generative-music/piece-eyes-closed": {
      "version": "3.2.6",
      "resolved": "https://registry.npmjs.org/@generative-music/piece-eyes-closed/-/piece-eyes-closed-3.2.6.tgz",
      "integrity": "sha512-EfX/ba9A+VZqtDQmzSUY2OCkzPIfd1cx1oa7nrXH6xwACHkczPvAzq/DYAqWKJ2f4n92VfHHS7fNqW859uzZeQ==",
      "requires": {
        "@generative-music/utilities": "^3.2.6",
        "tonal": "^2.2.2"
      }
    },
    "@generative-music/piece-homage": {
      "version": "3.2.6",
      "resolved": "https://registry.npmjs.org/@generative-music/piece-homage/-/piece-homage-3.2.6.tgz",
      "integrity": "sha512-mHG19WNUXzah6FquKEAZWfBW6iVEvYijyEyU4Lzsod4+LuJBibhdqntI1LtoG+PqkaEAnQVi5CCzuQKoFm1Mow==",
      "requires": {
        "@generative-music/utilities": "^3.2.6",
        "tonal": "^2.2.2"
      }
    },
    "@generative-music/piece-impact": {
      "version": "3.2.6",
      "resolved": "https://registry.npmjs.org/@generative-music/piece-impact/-/piece-impact-3.2.6.tgz",
      "integrity": "sha512-ZUolI9enFiC7t2yzjZu821rpmty8+BGR0teWasEeM08ojhEE7k64g/UPuIHl3TLJBI94B4HdXqaLPeminCnmQQ==",
      "requires": {
        "@generative-music/utilities": "^3.2.6"
      }
    },
    "@generative-music/piece-last-transit": {
      "version": "3.2.6",
      "resolved": "https://registry.npmjs.org/@generative-music/piece-last-transit/-/piece-last-transit-3.2.6.tgz",
      "integrity": "sha512-WY/3NqOJI1O+6HE458xz8TYtbwpzfI9Uk1x1KZoAFR2k0unCNtesm/C1N89L12iutCfMSuwa/o4aNKMWZ7NQ9Q==",
      "requires": {
        "@generative-music/utilities": "^3.2.6"
      }
    },
    "@generative-music/piece-lemniscate": {
      "version": "3.2.6",
      "resolved": "https://registry.npmjs.org/@generative-music/piece-lemniscate/-/piece-lemniscate-3.2.6.tgz",
      "integrity": "sha512-EHvKanqwvId1mrhHbnOCfJqdbs+Sb4aFQVPiHZjq/hO7rn33Q6v/orTd6LOmWpoclwrY4nqzPXCmrLhxgyEFmg==",
      "requires": {
        "@generative-music/utilities": "^3.2.6"
      }
    },
    "@generative-music/piece-little-bells": {
      "version": "3.2.6",
      "resolved": "https://registry.npmjs.org/@generative-music/piece-little-bells/-/piece-little-bells-3.2.6.tgz",
      "integrity": "sha512-7bq1Z3fRYeYH1i396ZsvBN/dbR7fEdn+/z6xpvU7hye9zNg1fAv+3+/r9jpb6l8NiPLonJp1mpbvvz3BzTKNBQ==",
      "requires": {
        "@generative-music/utilities": "^3.2.6",
        "tonal": "^2.1.2"
      }
    },
    "@generative-music/piece-meditation": {
      "version": "3.2.6",
      "resolved": "https://registry.npmjs.org/@generative-music/piece-meditation/-/piece-meditation-3.2.6.tgz",
      "integrity": "sha512-d8emi+ltR9z+R4JjqjlOQmHK0DKNgRPs7AhGXobo5bZbFAgdc0q3oW6qQ26T7enMr2r5uc8sPl6nKmctpAbJWw==",
      "requires": {
        "@generative-music/utilities": "^3.2.6",
        "tonal": "^2.1.2"
      }
    },
    "@generative-music/piece-moment": {
      "version": "3.2.6",
      "resolved": "https://registry.npmjs.org/@generative-music/piece-moment/-/piece-moment-3.2.6.tgz",
      "integrity": "sha512-0O9PO/Qh0ftJGrOmmvNoUTdsiX/7dW45HYkiPlBTKv6WLqXbHOVn2qTwGv1P+7aP9uSuF0/25aq2XvWv5w1zkQ==",
      "requires": {
        "@generative-music/utilities": "^3.2.6",
        "tonal": "^2.2.2"
      }
    },
    "@generative-music/piece-nakaii": {
      "version": "3.2.6",
      "resolved": "https://registry.npmjs.org/@generative-music/piece-nakaii/-/piece-nakaii-3.2.6.tgz",
      "integrity": "sha512-PurhBvNA+/vy5jqJPZsRlz3Wgtvl22Tp2rLOmtZSWSREMpvOH5/jAzRusNutukI3FRAl+1T4tUSNEZe6imtBUQ==",
      "requires": {
        "@generative-music/utilities": "^3.2.6",
        "tonal": "^2.2.2"
      }
    },
    "@generative-music/piece-neuroplasticity": {
      "version": "3.2.6",
      "resolved": "https://registry.npmjs.org/@generative-music/piece-neuroplasticity/-/piece-neuroplasticity-3.2.6.tgz",
      "integrity": "sha512-AjIys09dJEjIJTdthOpXATZ5Sw2Z4YsDgTshBACN+ZNOvkqVdbJFh9VS+tMtjeCs+CIVTE/ejX2b+XCubHK91A==",
      "requires": {
        "@generative-music/utilities": "^3.2.6"
      }
    },
    "@generative-music/piece-no-refrain": {
      "version": "3.2.6",
      "resolved": "https://registry.npmjs.org/@generative-music/piece-no-refrain/-/piece-no-refrain-3.2.6.tgz",
      "integrity": "sha512-WWS7J5QUGWzJV56PN39r5FGSIefeYBEZSG8rfWnce2QaCsbzdsRzsG8DkHl2YA7HH/eEmXQssHs4eAe1ystAEw==",
      "requires": {
        "@generative-music/utilities": "^3.2.6"
      }
    },
    "@generative-music/piece-observable-streams": {
      "version": "3.2.6",
      "resolved": "https://registry.npmjs.org/@generative-music/piece-observable-streams/-/piece-observable-streams-3.2.6.tgz",
      "integrity": "sha512-Mhgfs6j1q34pHHoDuNF0f6EOq7c0d0Zuf5IMzHpMPWRxusmn+9lWg31jgeHuET2pEpdln7VwXwGFiHiBCgIeRA==",
      "requires": {
        "@generative-music/utilities": "^3.2.6",
        "rxjs": "^6.4.0",
        "tonal": "^2.2.1"
      }
    },
    "@generative-music/piece-otherness": {
      "version": "3.2.6",
      "resolved": "https://registry.npmjs.org/@generative-music/piece-otherness/-/piece-otherness-3.2.6.tgz",
      "integrity": "sha512-4HoShNBP+wDglzRRRK8f5ekFFVVHOW1dwILHFMERTbJyCcOsrRhy/wRJqsdSZap49xSnurfom4yklt0dvpPzFA==",
      "requires": {
        "@generative-music/utilities": "^3.2.6",
        "tonal": "^2.2.1"
      }
    },
    "@generative-music/piece-oxalis-1": {
      "version": "3.2.6",
      "resolved": "https://registry.npmjs.org/@generative-music/piece-oxalis-1/-/piece-oxalis-1-3.2.6.tgz",
      "integrity": "sha512-2AZlfEiXHZsxSmCLI+CPq1l7jHE9uXMTbHl0izoRzSz2/R83tOEhgUWpGXyEeVgPdV8tHy1PkL8cxAAqsQCo1g==",
      "requires": {
        "@generative-music/make-piece-oxalis": "^3.2.6"
      }
    },
    "@generative-music/piece-peace": {
      "version": "3.2.6",
      "resolved": "https://registry.npmjs.org/@generative-music/piece-peace/-/piece-peace-3.2.6.tgz",
      "integrity": "sha512-FdbDedhZMHM9nXPLqFlFwGKqNSGZ74GuugVpMMKChx1Ke3CQar/TayRhTz0vhlhv+RxaWSe2GjaACILVKE3W9A==",
      "requires": {
        "@generative-music/utilities": "^3.2.6"
      }
    },
    "@generative-music/piece-pinwheels": {
      "version": "3.2.6",
      "resolved": "https://registry.npmjs.org/@generative-music/piece-pinwheels/-/piece-pinwheels-3.2.6.tgz",
      "integrity": "sha512-NQy6hmN1mpqZe7bmJ45rJdMK6ITcEbEaLBPK2/rh/bIncB2gNfX1fSJSVG7evKGufZ2oNgbf4loR04m+t/zojQ==",
      "requires": {
        "@generative-music/utilities": "^3.2.6",
        "pick-random": "^2.0.0",
        "random-number": "0.0.9",
        "shuffle-array": "^1.0.1",
        "tonal": "^2.0.0"
      }
    },
    "@generative-music/piece-pulse-code-modulation": {
      "version": "3.2.6",
      "resolved": "https://registry.npmjs.org/@generative-music/piece-pulse-code-modulation/-/piece-pulse-code-modulation-3.2.6.tgz",
      "integrity": "sha512-nWz+VaaatpT2Fad7suBWpwyknEyg5vL2zsEKpKntyVg+/3ZDeFJJwc5SwDWpmhBIYRFK+0POAD+RNkptzhtvrg==",
      "requires": {
        "@generative-music/utilities": "^3.2.6",
        "tonal": "^2.2.2"
      }
    },
    "@generative-music/piece-quarter-eyes": {
      "version": "3.2.6",
      "resolved": "https://registry.npmjs.org/@generative-music/piece-quarter-eyes/-/piece-quarter-eyes-3.2.6.tgz",
      "integrity": "sha512-Q277SJw9EavAQ4ppqQUTPc+MOIk0DmJwm6aV2Utd8uEOyPdpLaZE16cg6INPCea7QmQ2RDM3leaDx3QxVjJzjw==",
      "requires": {
        "@generative-music/utilities": "^3.2.6",
        "tonal": "^2.2.2"
      }
    },
    "@generative-music/piece-remembering": {
      "version": "3.2.6",
      "resolved": "https://registry.npmjs.org/@generative-music/piece-remembering/-/piece-remembering-3.2.6.tgz",
      "integrity": "sha512-vaWdFec7vxNEademvKejl6jA6MpbtHpdwcLoaVQcawx98fxs5CgkkOjTZzpwhO6Mx4xqKaQaY7Edfk8ZRz3vQA==",
      "requires": {
        "@generative-music/utilities": "^3.2.6"
      }
    },
    "@generative-music/piece-return-to-form": {
      "version": "3.2.6",
      "resolved": "https://registry.npmjs.org/@generative-music/piece-return-to-form/-/piece-return-to-form-3.2.6.tgz",
      "integrity": "sha512-uCJy36u2n/FHqg9yxMpkZ+C9UN7J1udxH+7sXdmKTbP+xmpjYGqBAv9Oo0yeEKKxpJjO0ZP6BXffOvfetxgNmg==",
      "requires": {
        "@generative-music/utilities": "^3.2.6",
        "tonal": "^2.2.2"
      }
    },
    "@generative-music/piece-ritual": {
      "version": "3.2.6",
      "resolved": "https://registry.npmjs.org/@generative-music/piece-ritual/-/piece-ritual-3.2.6.tgz",
      "integrity": "sha512-bJ9m+naiVfsTKrdiN7CgQvFcJQ0TMcKvntXaqZkuPDZLKpR+n73RgDEVvEnhQvMrknUMH7HiJDDpwF3bhCi+hA==",
      "requires": {
        "@generative-music/utilities": "^3.2.6",
        "tonal": "^2.2.2"
      }
    },
    "@generative-music/piece-sevenths": {
      "version": "3.2.6",
      "resolved": "https://registry.npmjs.org/@generative-music/piece-sevenths/-/piece-sevenths-3.2.6.tgz",
      "integrity": "sha512-HTY1flEU9661/zYk/jM/Jr5KwcXYHHhYfRaXm2e2ABa+L4fIcVGltiClT31/AY3LNj9umgeHA84QLHwdIB1+ZA==",
      "requires": {
        "@generative-music/utilities": "^3.2.6",
        "pick-random": "^2.0.0",
        "random-number": "0.0.9",
        "tonal": "^2.0.0"
      }
    },
    "@generative-music/piece-soundtrack": {
      "version": "3.2.6",
      "resolved": "https://registry.npmjs.org/@generative-music/piece-soundtrack/-/piece-soundtrack-3.2.6.tgz",
      "integrity": "sha512-IjdgC6ShmxlcEx3xLzgfBxCaKg2QU7yi46jVtAdD0bIpF7pwjFFunJGGYutmP3BTYZU8zMOg7g3+AaE1dFLh2Q==",
      "requires": {
        "@generative-music/utilities": "^3.2.6",
        "tonal": "^2.2.2"
      }
    },
    "@generative-music/piece-spring-again": {
      "version": "3.2.6",
      "resolved": "https://registry.npmjs.org/@generative-music/piece-spring-again/-/piece-spring-again-3.2.6.tgz",
      "integrity": "sha512-9NU4//Ard2xbWnsNv4aftJd8ZFBM/dNVGV1M2r/kTYZBY69BFsOeIAwT5LtGrHw6xEmmZ6cBHTa0ABdS5+rR4w==",
      "requires": {
        "@generative-music/utilities": "^3.2.6",
        "tonal": "^2.2.1"
      }
    },
    "@generative-music/piece-stratospheric": {
      "version": "3.2.6",
      "resolved": "https://registry.npmjs.org/@generative-music/piece-stratospheric/-/piece-stratospheric-3.2.6.tgz",
      "integrity": "sha512-fxTyMD0yMsrmq7sjEOQDvhkmKF0Uy8gi5jPYanV5vgPmKYX1A8if2h4SF1aPMjDxxw8Ic/BCmiowFVntUqaCvw==",
      "requires": {
        "@generative-music/utilities": "^3.2.6"
      }
    },
    "@generative-music/piece-stream-of-consciousness": {
      "version": "3.2.6",
      "resolved": "https://registry.npmjs.org/@generative-music/piece-stream-of-consciousness/-/piece-stream-of-consciousness-3.2.6.tgz",
      "integrity": "sha512-OZXx/XgNTNbw8oMSffymY5qxmRkUkJqJmPyQmZxaMODLRyMJnQDn/LhcyX9QlS6+6jJ/Z7VZxLdQxprwzFnVqw==",
      "requires": {
        "@generative-music/utilities": "^3.2.6"
      }
    },
    "@generative-music/piece-substrate": {
      "version": "3.2.6",
      "resolved": "https://registry.npmjs.org/@generative-music/piece-substrate/-/piece-substrate-3.2.6.tgz",
      "integrity": "sha512-xWVGBWcJh+rGTtHIhM39viuDjvz2DEaf5l6cXEAEe7AWiZE4rVCEzmZK/BLfAk4krhjo+M3msLNvVp8gV0NSzA==",
      "requires": {
        "@generative-music/utilities": "^3.2.6",
        "shuffle-array": "^1.0.1",
        "tonal": "^2.2.2"
      }
    },
    "@generative-music/piece-timbral-oscillations": {
      "version": "3.2.6",
      "resolved": "https://registry.npmjs.org/@generative-music/piece-timbral-oscillations/-/piece-timbral-oscillations-3.2.6.tgz",
      "integrity": "sha512-j4n7vEgkr14tXKO73XjspYgjSAmOL0F++114jTL4JqAxjBowYkKrIs39L6qQQxZ/dH2zne742ceEjBLcOVCoJQ==",
      "requires": {
        "@generative-music/utilities": "^3.2.6",
        "tonal": "^2.2.1"
      }
    },
    "@generative-music/piece-townsend": {
      "version": "3.2.6",
      "resolved": "https://registry.npmjs.org/@generative-music/piece-townsend/-/piece-townsend-3.2.6.tgz",
      "integrity": "sha512-8ErIzr3MQVG3EeqKXChW7qgwLSz30WhyckNlcZYUsFxP12Kyu6t8jvmQE44i+E6wHeBdl/KC6b/ig2YkaT+WtQ==",
      "requires": {
        "@generative-music/utilities": "^3.2.6"
      }
    },
    "@generative-music/piece-transmission": {
      "version": "3.2.6",
      "resolved": "https://registry.npmjs.org/@generative-music/piece-transmission/-/piece-transmission-3.2.6.tgz",
      "integrity": "sha512-J5lgT+REZvF+MHAP+vugo2sNyjMQW9/zmAiaxqCHVA1pSkQCgMs1xDwA54p2A37xPXs9CdrCvPQZoqZY9XRb/g==",
      "requires": {
        "@generative-music/utilities": "^3.2.6"
      }
    },
    "@generative-music/piece-trees": {
      "version": "3.2.6",
      "resolved": "https://registry.npmjs.org/@generative-music/piece-trees/-/piece-trees-3.2.6.tgz",
      "integrity": "sha512-+n3LfOn87BYAhQnpuAqZ2hso4tiFzQ9GsDQn4/LLN9iK0KsIrCHShv5+DRP4mjr2h/uluXaDFqWpp7qzfFZI1w==",
      "requires": {
        "@generative-music/utilities": "^3.2.6",
        "tonal": "^2.2.1"
      }
    },
    "@generative-music/piece-uun": {
      "version": "3.2.6",
      "resolved": "https://registry.npmjs.org/@generative-music/piece-uun/-/piece-uun-3.2.6.tgz",
      "integrity": "sha512-kK78lg5GG2Vzs7fUgXAcgxMriN4/yjlCXWfxXs1pnSM278ghdlu5CQmcM3CVa359Iaf6ymXp2I7YMvmS6giBqQ==",
      "requires": {
        "@generative-music/utilities": "^3.2.6"
      }
    },
    "@generative-music/piece-western-medicine": {
      "version": "3.2.6",
      "resolved": "https://registry.npmjs.org/@generative-music/piece-western-medicine/-/piece-western-medicine-3.2.6.tgz",
      "integrity": "sha512-bgf+8V+aW1u2wUs54SEq91QAV93+77fF8MQGnlNlPJxfo1dOuqt5zbU883eF2JE9Qw7iNWVPf+SwtwH6mNzVqQ==",
      "requires": {
        "@generative-music/utilities": "^3.2.6",
        "tonal": "^2.2.2"
      }
    },
    "@generative-music/piece-yesterday": {
      "version": "3.2.6",
      "resolved": "https://registry.npmjs.org/@generative-music/piece-yesterday/-/piece-yesterday-3.2.6.tgz",
      "integrity": "sha512-K5PSH7vXkPU+ADN/YoxQwAe1iMwkXYpace7yK/f1Ig/i7NvZep9kgIjyF0f/qKtBxa9Cpv8v453qKEpwLlOeTA==",
      "requires": {
        "@generative-music/utilities": "^3.2.6"
      }
    },
    "@generative-music/utilities": {
      "version": "3.2.6",
      "resolved": "https://registry.npmjs.org/@generative-music/utilities/-/utilities-3.2.6.tgz",
      "integrity": "sha512-o2dxDr+OWViBA5+THXohr51BuTXMFZYxDN6EU9Zyozvfd+FxcoEiboIWQQTWVBXZxlCeeSfXRjsw30WYgXjvfA=="
    },
    "javascript-stringify": {
      "version": "1.6.0",
      "resolved": "https://registry.npmjs.org/javascript-stringify/-/javascript-stringify-1.6.0.tgz",
      "integrity": "sha1-FC0RHzpuPa6PSpr9d9RYVbWpzOM="
    },
    "markov-chains": {
      "version": "1.0.2",
      "resolved": "https://registry.npmjs.org/markov-chains/-/markov-chains-1.0.2.tgz",
      "integrity": "sha1-SRBTZZgbi5EDCZBEE5graWovfBQ=",
      "requires": {
        "javascript-stringify": "^1.1.0"
      }
    },
    "pick-random": {
      "version": "2.0.0",
      "resolved": "https://registry.npmjs.org/pick-random/-/pick-random-2.0.0.tgz",
      "integrity": "sha1-NuptO86O5Qawxiy3t9OeBcKD2po="
    },
    "random-number": {
      "version": "0.0.9",
      "resolved": "https://registry.npmjs.org/random-number/-/random-number-0.0.9.tgz",
      "integrity": "sha512-ipG3kRCREi/YQpi2A5QGcvDz1KemohovWmH6qGfboVyyGdR2t/7zQz0vFxrfxpbHQgPPdtVlUDaks3aikD1Ljw=="
    },
    "rxjs": {
      "version": "6.5.5",
      "resolved": "https://registry.npmjs.org/rxjs/-/rxjs-6.5.5.tgz",
      "integrity": "sha512-WfQI+1gohdf0Dai/Bbmk5L5ItH5tYqm3ki2c5GdWhKjalzjg93N3avFjVStyZZz+A2Em+ZxKH5bNghw9UeylGQ==",
      "requires": {
        "tslib": "^1.9.0"
      }
    },
    "shuffle-array": {
      "version": "1.0.1",
      "resolved": "https://registry.npmjs.org/shuffle-array/-/shuffle-array-1.0.1.tgz",
      "integrity": "sha1-xP88/nTRb5NzBZIwGyXmV3sSiYs="
    },
    "tonal": {
      "version": "2.2.2",
      "resolved": "https://registry.npmjs.org/tonal/-/tonal-2.2.2.tgz",
      "integrity": "sha512-Ze2bQc6KhAf3FKM9HzEsQ4z8hZh4WYCOsCrryONqf/THGOrOpL9Cc8Uc0dq0OA2yK2JbD5FhZckEXNYyD9946A==",
      "requires": {
        "tonal-array": "^2.2.2",
        "tonal-chord": "^2.2.2",
        "tonal-dictionary": "^2.2.2",
        "tonal-distance": "^2.2.2",
        "tonal-interval": "^2.2.2",
        "tonal-key": "^2.2.2",
        "tonal-note": "^2.2.2",
        "tonal-pcset": "^2.2.2",
        "tonal-scale": "^2.2.2"
      }
    },
    "tonal-array": {
      "version": "2.2.2",
      "resolved": "https://registry.npmjs.org/tonal-array/-/tonal-array-2.2.2.tgz",
      "integrity": "sha512-h6YIq20L0EEU4EsDoKHAjl5kD2EQn467VfV79QHAuybvNCJpqqRNsQ3QNvoQyir1BgDXaDUIN9FEmQJNiaaCKA==",
      "requires": {
        "tonal-note": "^2.2.2"
      }
    },
    "tonal-chord": {
      "version": "2.2.2",
      "resolved": "https://registry.npmjs.org/tonal-chord/-/tonal-chord-2.2.2.tgz",
      "integrity": "sha512-gOIXapi6Gx3ISRKdEJKEQjhDBiwjhaalyWSrN5rijGrSyyFFNZ+EVOfzcqLtnVAF9BgeO9Ca0eXCor3XpHdEJg==",
      "requires": {
        "tonal-dictionary": "^2.2.2",
        "tonal-distance": "^2.2.2",
        "tonal-note": "^2.2.2",
        "tonal-pcset": "^2.2.2"
      }
    },
    "tonal-dictionary": {
      "version": "2.2.2",
      "resolved": "https://registry.npmjs.org/tonal-dictionary/-/tonal-dictionary-2.2.2.tgz",
      "integrity": "sha512-283ppJl/0lohhlVPMI6t5C6XwaP5Wx0egu9qfG9TLCT2tn4pRwYpXkzGufd9icvkJTgOylOum3+RxWmywUIPIg==",
      "requires": {
        "tonal-array": "^2.2.2",
        "tonal-note": "^2.2.2",
        "tonal-pcset": "^2.2.2"
      }
    },
    "tonal-distance": {
      "version": "2.2.2",
      "resolved": "https://registry.npmjs.org/tonal-distance/-/tonal-distance-2.2.2.tgz",
      "integrity": "sha512-ktA6OapCxaetXJb/JuXD5QwfyB7/G3y3ONby7Kkbezyffc57cnNfjdhlTR9XBR7eSFIY/J1KuhLwMx/qrffT4g==",
      "requires": {
        "tonal-interval": "^2.2.2",
        "tonal-note": "^2.2.2"
      }
    },
    "tonal-interval": {
      "version": "2.2.2",
      "resolved": "https://registry.npmjs.org/tonal-interval/-/tonal-interval-2.2.2.tgz",
      "integrity": "sha512-lrtDU8lH5IAX7YE63OhGGDRpVb4OoGxaN0wDu5XC3sUhXBwjSgNYpHY2D9JI2aWQ/Er9jhQbnw9b0ffkLy34+Q=="
    },
    "tonal-key": {
      "version": "2.2.2",
      "resolved": "https://registry.npmjs.org/tonal-key/-/tonal-key-2.2.2.tgz",
      "integrity": "sha512-KIc0b8yPl2ATDxF/65P52tIIempNsAQrug0idpD0zFvs5F5cb1hp7Rh7JJ4gECwC/6a3Hgdd1jomI+TnJ7K98w==",
      "requires": {
        "tonal-array": "^2.2.2",
        "tonal-distance": "^2.2.2",
        "tonal-note": "^2.2.2",
        "tonal-roman-numeral": "^2.2.2"
      }
    },
    "tonal-note": {
      "version": "2.2.2",
      "resolved": "https://registry.npmjs.org/tonal-note/-/tonal-note-2.2.2.tgz",
      "integrity": "sha512-RNK3Nb8PxBEW9yYGStcoczgE8bCYFZ5zfLvYJjvuzLWiwTQmqWOhTzONVobVCGFZ/jgDNwpBEKe/bngL3g3Xfw=="
    },
    "tonal-pcset": {
      "version": "2.2.2",
      "resolved": "https://registry.npmjs.org/tonal-pcset/-/tonal-pcset-2.2.2.tgz",
      "integrity": "sha512-PSqhkxzckO6J27W0GxawHYln4wvfDJ7puDmccksyFOBo97UhLnpxiyvBekhiYpkuaMtoZLQC/KALAkEj7lcb+A==",
      "requires": {
        "tonal-array": "^2.2.2",
        "tonal-interval": "^2.2.2",
        "tonal-note": "^2.2.2"
      }
    },
    "tonal-range": {
      "version": "2.2.2",
      "resolved": "https://registry.npmjs.org/tonal-range/-/tonal-range-2.2.2.tgz",
      "integrity": "sha512-YJD46awTgRHSxawUy9zhyISK5xYyefWzuvE/nSe/L9lAWUdF1uK2BzNKE4A3S68GvIjshMxoCKoHZ8koKzDoQA==",
      "requires": {
        "tonal-array": "^2.2.2",
        "tonal-distance": "^2.2.2",
        "tonal-note": "^2.2.2",
        "tonal-pcset": "^2.2.2"
      }
    },
    "tonal-roman-numeral": {
      "version": "2.2.2",
      "resolved": "https://registry.npmjs.org/tonal-roman-numeral/-/tonal-roman-numeral-2.2.2.tgz",
      "integrity": "sha512-+auQNObpW3OvsSqlo+Cc+0otrlEhtbEgpzkPoKbTtkCva0P9oSkSz0OZ9fI73KQM5MsBs1XbB+olxppWkzYTFw=="
    },
    "tonal-scale": {
      "version": "2.2.2",
      "resolved": "https://registry.npmjs.org/tonal-scale/-/tonal-scale-2.2.2.tgz",
      "integrity": "sha512-tDb3YCoTF50XOXq9kNhGB1JkInk7qAGN6GQnP/3xkGxkreFFRZyI58jfHlmWf/AH4+IKb/exsOmL6G8Ok/PCRw==",
      "requires": {
        "tonal-array": "^2.2.2",
        "tonal-dictionary": "^2.2.2",
        "tonal-distance": "^2.2.2",
        "tonal-note": "^2.2.2",
        "tonal-pcset": "^2.2.2"
      }
    },
    "tone": {
      "version": "13.8.25",
      "resolved": "https://registry.npmjs.org/tone/-/tone-13.8.25.tgz",
      "integrity": "sha512-8QqmLn+/R+Urib/78zf93+NqFLddXS777kQO7+EbJHwqy+nmug+SJFRp2KIytT0LQY2sJBiopNb2ceHA8uQQJg==",
      "dev": true
    },
    "tslib": {
      "version": "1.11.1",
      "resolved": "https://registry.npmjs.org/tslib/-/tslib-1.11.1.tgz",
      "integrity": "sha512-aZW88SY8kQbU7gpV19lN24LtXh/yD4ZZg6qieAJDDg+YBsJcSmLGK9QpnUjAKVG/xefmvJGd1WUmfpT/g6AJGA=="
    }
  }
}
