{
  "name": "@generative-music/piece-western-medicine",
  "version": "2.29.0",
  "lockfileVersion": 1,
  "requires": true,
  "dependencies": {
    "@generative-music/samples.generative.fm": {
      "version": "1.19.0",
      "resolved": "https://registry.npmjs.org/@generative-music/samples.generative.fm/-/samples.generative.fm-1.19.0.tgz",
      "integrity": "sha512-GYZxHZyp4MREA0SOPYy2yn80K3MCHrTmBJzD57SA90OEaeYN+cADQowlkKZEc8Bb65HM6s3eBL39mkgxC98meA==",
      "dev": true,
      "requires": {
        "detect-node": "^2.0.4",
        "mem": "^4.1.0",
        "node-fetch": "^2.3.0"
      }
    },
    "detect-node": {
      "version": "2.0.4",
      "resolved": "https://registry.npmjs.org/detect-node/-/detect-node-2.0.4.tgz",
      "integrity": "sha512-ZIzRpLJrOj7jjP2miAtgqIfmzbxa4ZOr5jJc601zklsfEx9oTzmmj2nVpIPRpNlRTIh8lc1kyViIY7BWSGNmKw==",
      "dev": true
    },
    "map-age-cleaner": {
      "version": "0.1.3",
      "resolved": "https://registry.npmjs.org/map-age-cleaner/-/map-age-cleaner-0.1.3.tgz",
      "integrity": "sha512-bJzx6nMoP6PDLPBFmg7+xRKeFZvFboMrGlxmNj9ClvX53KrmvM5bXFXEWjbz4cz1AFn+jWJ9z/DJSz7hrs0w3w==",
      "dev": true,
      "requires": {
        "p-defer": "^1.0.0"
      }
    },
    "mem": {
      "version": "4.3.0",
      "resolved": "https://registry.npmjs.org/mem/-/mem-4.3.0.tgz",
      "integrity": "sha512-qX2bG48pTqYRVmDB37rn/6PT7LcR8T7oAX3bf99u1Tt1nzxYfxkgqDwUwolPlXweM0XzBOBFzSx4kfp7KP1s/w==",
      "dev": true,
      "requires": {
        "map-age-cleaner": "^0.1.1",
        "mimic-fn": "^2.0.0",
        "p-is-promise": "^2.0.0"
      }
    },
    "mimic-fn": {
      "version": "2.1.0",
      "resolved": "https://registry.npmjs.org/mimic-fn/-/mimic-fn-2.1.0.tgz",
      "integrity": "sha512-OqbOk5oEQeAZ8WXWydlu9HJjz9WVdEIvamMCcXmuqUYjTknH/sqsWvhQ3vgwKFRR1HpjvNBKQ37nbJgYzGqGcg==",
      "dev": true
    },
    "node-fetch": {
      "version": "2.6.0",
      "resolved": "https://registry.npmjs.org/node-fetch/-/node-fetch-2.6.0.tgz",
      "integrity": "sha512-8dG4H5ujfvFiqDmVu9fQ5bOHUC15JMjMY/Zumv26oOvvVJjM67KF8koCWIabKQ1GJIa9r2mMZscBq/TbdOcmNA==",
      "dev": true
    },
    "p-defer": {
      "version": "1.0.0",
      "resolved": "https://registry.npmjs.org/p-defer/-/p-defer-1.0.0.tgz",
      "integrity": "sha1-n26xgvbJqozXQwBKfU+WsZaw+ww=",
      "dev": true
    },
    "p-is-promise": {
      "version": "2.1.0",
      "resolved": "https://registry.npmjs.org/p-is-promise/-/p-is-promise-2.1.0.tgz",
      "integrity": "sha512-Y3W0wlRPK8ZMRbNq97l4M5otioeA5lm1z7bkNkxCka8HSPjR0xRWmpCmc9utiaLP9Jb1eD8BgeIxTW4AIF45Pg==",
      "dev": true
    },
    "tonal": {
      "version": "2.2.2",
      "resolved": "https://registry.npmjs.org/tonal/-/tonal-2.2.2.tgz",
      "integrity": "sha512-Ze2bQc6KhAf3FKM9HzEsQ4z8hZh4WYCOsCrryONqf/THGOrOpL9Cc8Uc0dq0OA2yK2JbD5FhZckEXNYyD9946A==",
      "requires": {
        "tonal-array": "^2.2.2",
        "tonal-chord": "^2.2.2",
        "tonal-dictionary": "^2.2.2",
        "tonal-distance": "^2.2.2",
        "tonal-interval": "^2.2.2",
        "tonal-key": "^2.2.2",
        "tonal-note": "^2.2.2",
        "tonal-pcset": "^2.2.2",
        "tonal-scale": "^2.2.2"
      }
    },
    "tonal-array": {
      "version": "2.2.2",
      "resolved": "https://registry.npmjs.org/tonal-array/-/tonal-array-2.2.2.tgz",
      "integrity": "sha512-h6YIq20L0EEU4EsDoKHAjl5kD2EQn467VfV79QHAuybvNCJpqqRNsQ3QNvoQyir1BgDXaDUIN9FEmQJNiaaCKA==",
      "requires": {
        "tonal-note": "^2.2.2"
      }
    },
    "tonal-chord": {
      "version": "2.2.2",
      "resolved": "https://registry.npmjs.org/tonal-chord/-/tonal-chord-2.2.2.tgz",
      "integrity": "sha512-gOIXapi6Gx3ISRKdEJKEQjhDBiwjhaalyWSrN5rijGrSyyFFNZ+EVOfzcqLtnVAF9BgeO9Ca0eXCor3XpHdEJg==",
      "requires": {
        "tonal-dictionary": "^2.2.2",
        "tonal-distance": "^2.2.2",
        "tonal-note": "^2.2.2",
        "tonal-pcset": "^2.2.2"
      }
    },
    "tonal-dictionary": {
      "version": "2.2.2",
      "resolved": "https://registry.npmjs.org/tonal-dictionary/-/tonal-dictionary-2.2.2.tgz",
      "integrity": "sha512-283ppJl/0lohhlVPMI6t5C6XwaP5Wx0egu9qfG9TLCT2tn4pRwYpXkzGufd9icvkJTgOylOum3+RxWmywUIPIg==",
      "requires": {
        "tonal-array": "^2.2.2",
        "tonal-note": "^2.2.2",
        "tonal-pcset": "^2.2.2"
      }
    },
    "tonal-distance": {
      "version": "2.2.2",
      "resolved": "https://registry.npmjs.org/tonal-distance/-/tonal-distance-2.2.2.tgz",
      "integrity": "sha512-ktA6OapCxaetXJb/JuXD5QwfyB7/G3y3ONby7Kkbezyffc57cnNfjdhlTR9XBR7eSFIY/J1KuhLwMx/qrffT4g==",
      "requires": {
        "tonal-interval": "^2.2.2",
        "tonal-note": "^2.2.2"
      }
    },
    "tonal-interval": {
      "version": "2.2.2",
      "resolved": "https://registry.npmjs.org/tonal-interval/-/tonal-interval-2.2.2.tgz",
      "integrity": "sha512-lrtDU8lH5IAX7YE63OhGGDRpVb4OoGxaN0wDu5XC3sUhXBwjSgNYpHY2D9JI2aWQ/Er9jhQbnw9b0ffkLy34+Q=="
    },
    "tonal-key": {
      "version": "2.2.2",
      "resolved": "https://registry.npmjs.org/tonal-key/-/tonal-key-2.2.2.tgz",
      "integrity": "sha512-KIc0b8yPl2ATDxF/65P52tIIempNsAQrug0idpD0zFvs5F5cb1hp7Rh7JJ4gECwC/6a3Hgdd1jomI+TnJ7K98w==",
      "requires": {
        "tonal-array": "^2.2.2",
        "tonal-distance": "^2.2.2",
        "tonal-note": "^2.2.2",
        "tonal-roman-numeral": "^2.2.2"
      }
    },
    "tonal-note": {
      "version": "2.2.2",
      "resolved": "https://registry.npmjs.org/tonal-note/-/tonal-note-2.2.2.tgz",
      "integrity": "sha512-RNK3Nb8PxBEW9yYGStcoczgE8bCYFZ5zfLvYJjvuzLWiwTQmqWOhTzONVobVCGFZ/jgDNwpBEKe/bngL3g3Xfw=="
    },
    "tonal-pcset": {
      "version": "2.2.2",
      "resolved": "https://registry.npmjs.org/tonal-pcset/-/tonal-pcset-2.2.2.tgz",
      "integrity": "sha512-PSqhkxzckO6J27W0GxawHYln4wvfDJ7puDmccksyFOBo97UhLnpxiyvBekhiYpkuaMtoZLQC/KALAkEj7lcb+A==",
      "requires": {
        "tonal-array": "^2.2.2",
        "tonal-interval": "^2.2.2",
        "tonal-note": "^2.2.2"
      }
    },
    "tonal-roman-numeral": {
      "version": "2.2.2",
      "resolved": "https://registry.npmjs.org/tonal-roman-numeral/-/tonal-roman-numeral-2.2.2.tgz",
      "integrity": "sha512-+auQNObpW3OvsSqlo+Cc+0otrlEhtbEgpzkPoKbTtkCva0P9oSkSz0OZ9fI73KQM5MsBs1XbB+olxppWkzYTFw=="
    },
    "tonal-scale": {
      "version": "2.2.2",
      "resolved": "https://registry.npmjs.org/tonal-scale/-/tonal-scale-2.2.2.tgz",
      "integrity": "sha512-tDb3YCoTF50XOXq9kNhGB1JkInk7qAGN6GQnP/3xkGxkreFFRZyI58jfHlmWf/AH4+IKb/exsOmL6G8Ok/PCRw==",
      "requires": {
        "tonal-array": "^2.2.2",
        "tonal-dictionary": "^2.2.2",
        "tonal-distance": "^2.2.2",
        "tonal-note": "^2.2.2",
        "tonal-pcset": "^2.2.2"
      }
    },
    "tone": {
      "version": "13.8.25",
      "resolved": "https://registry.npmjs.org/tone/-/tone-13.8.25.tgz",
      "integrity": "sha512-8QqmLn+/R+Urib/78zf93+NqFLddXS777kQO7+EbJHwqy+nmug+SJFRp2KIytT0LQY2sJBiopNb2ceHA8uQQJg==",
      "dev": true
    }
  }
}
