{
  "name": "@generative-music/piece-transmission",
  "version": "3.0.0",
  "lockfileVersion": 1,
  "requires": true,
  "dependencies": {
    "@generative-music/utilities": {
      "version": "0.1.0",
      "resolved": "https://registry.npmjs.org/@generative-music/utilities/-/utilities-0.1.0.tgz",
      "integrity": "sha512-P9fG6GcRztRshOZr+rTwrDuEe8woLhREoKLWgF6+T6i0In6Sw5tdVwEXBptz9sk8WpjFPtzs+u7lHGr+UataBQ=="
    },
    "tone": {
      "version": "13.8.25",
      "resolved": "https://registry.npmjs.org/tone/-/tone-13.8.25.tgz",
      "integrity": "sha512-8QqmLn+/R+Urib/78zf93+NqFLddXS777kQO7+EbJHwqy+nmug+SJFRp2KIytT0LQY2sJBiopNb2ceHA8uQQJg==",
      "dev": true
    }
  }
}
