{
  "name": "@generative-music/piece-didgeridoobeats",
  "requires": true,
  "lockfileVersion": 1,
  "dependencies": {
    "@generative-music/samples.generative.fm": {
      "version": "1.6.0",
      "resolved": "https://registry.npmjs.org/@generative-music/samples.generative.fm/-/samples.generative.fm-1.6.0.tgz",
      "integrity": "sha512-YfxmWqt7NlmKf0+uSmgvgXJc+kCh6HvpYPVpUo2eN+rxKM6lgnfVVk5VK08C93vXU4upgcyaIygmzp0rUR1HNg==",
      "dev": true,
      "requires": {
        "detect-node": "^2.0.4",
        "mem": "^4.1.0",
        "node-fetch": "^2.3.0"
      }
    },
    "detect-node": {
      "version": "2.0.4",
      "resolved": "https://registry.npmjs.org/detect-node/-/detect-node-2.0.4.tgz",
      "integrity": "sha512-ZIzRpLJrOj7jjP2miAtgqIfmzbxa4ZOr5jJc601zklsfEx9oTzmmj2nVpIPRpNlRTIh8lc1kyViIY7BWSGNmKw==",
      "dev": true
    },
    "map-age-cleaner": {
      "version": "0.1.3",
      "resolved": "https://registry.npmjs.org/map-age-cleaner/-/map-age-cleaner-0.1.3.tgz",
      "integrity": "sha512-bJzx6nMoP6PDLPBFmg7+xRKeFZvFboMrGlxmNj9ClvX53KrmvM5bXFXEWjbz4cz1AFn+jWJ9z/DJSz7hrs0w3w==",
      "dev": true,
      "requires": {
        "p-defer": "^1.0.0"
      }
    },
    "mem": {
      "version": "4.2.0",
      "resolved": "https://registry.npmjs.org/mem/-/mem-4.2.0.tgz",
      "integrity": "sha512-5fJxa68urlY0Ir8ijatKa3eRz5lwXnRCTvo9+TbTGAuTFJOwpGcY0X05moBd0nW45965Njt4CDI2GFQoG8DvqA==",
      "dev": true,
      "requires": {
        "map-age-cleaner": "^0.1.1",
        "mimic-fn": "^2.0.0",
        "p-is-promise": "^2.0.0"
      }
    },
    "mimic-fn": {
      "version": "2.0.0",
      "resolved": "https://registry.npmjs.org/mimic-fn/-/mimic-fn-2.0.0.tgz",
      "integrity": "sha512-jbex9Yd/3lmICXwYT6gA/j2mNQGU48wCh/VzRd+/Y/PjYQtlg1gLMdZqvu9s/xH7qKvngxRObl56XZR609IMbA==",
      "dev": true
    },
    "node-fetch": {
      "version": "2.3.0",
      "resolved": "https://registry.npmjs.org/node-fetch/-/node-fetch-2.3.0.tgz",
      "integrity": "sha512-MOd8pV3fxENbryESLgVIeaGKrdl+uaYhCSSVkjeOb/31/njTpcis5aWfdqgNlHIrKOLRbMnfPINPOML2CIFeXA==",
      "dev": true
    },
    "p-defer": {
      "version": "1.0.0",
      "resolved": "https://registry.npmjs.org/p-defer/-/p-defer-1.0.0.tgz",
      "integrity": "sha1-n26xgvbJqozXQwBKfU+WsZaw+ww=",
      "dev": true
    },
    "p-is-promise": {
      "version": "2.0.0",
      "resolved": "https://registry.npmjs.org/p-is-promise/-/p-is-promise-2.0.0.tgz",
      "integrity": "sha512-pzQPhYMCAgLAKPWD2jC3Se9fEfrD9npNos0y150EeqZll7akhEgGhTW/slB6lHku8AvYGiJ+YJ5hfHKePPgFWg==",
      "dev": true
    },
    "tone": {
      "version": "13.4.9",
      "resolved": "https://registry.npmjs.org/tone/-/tone-13.4.9.tgz",
      "integrity": "sha512-jU3MJOzt9wcGbo57TIzgAQe13EgwvdC7N6N/cA6ZkGYHH8gop+L6a87NRP3LIBCcJxVps6I6i/39ZUJI2aCWUA==",
      "dev": true
    }
  }
}
