{
  "name": "@generative-music/piece-yesterday",
  "version": "3.0.0",
  "lockfileVersion": 1,
  "requires": true,
  "dependencies": {
    "@generative-music/utilities": {
      "version": "0.1.0",
      "resolved": "https://registry.npmjs.org/@generative-music/utilities/-/utilities-0.1.0.tgz",
      "integrity": "sha512-P9fG6GcRztRshOZr+rTwrDuEe8woLhREoKLWgF6+T6i0In6Sw5tdVwEXBptz9sk8WpjFPtzs+u7lHGr+UataBQ=="
    },
    "tone": {
      "version": "13.4.9",
      "resolved": "https://registry.npmjs.org/tone/-/tone-13.4.9.tgz",
      "integrity": "sha512-jU3MJOzt9wcGbo57TIzgAQe13EgwvdC7N6N/cA6ZkGYHH8gop+L6a87NRP3LIBCcJxVps6I6i/39ZUJI2aCWUA==",
      "dev": true
    }
  }
}
