{
  "name": "@generative-music/make-piece-oxalis",
  "version": "3.2.2",
  "lockfileVersion": 1,
  "requires": true,
  "dependencies": {
    "@generative-music/utilities": {
      "version": "3.2.0",
      "resolved": "https://registry.npmjs.org/@generative-music/utilities/-/utilities-3.2.0.tgz",
      "integrity": "sha512-E6vsSiu5sUR4zzI0isC9sRoTvtizO6vMR6GMeNnTnTmx62JNOvVh3lA8tHhotvcKcfFyy02LlFtT23ToSDS6Rw=="
    },
    "tone": {
      "version": "13.8.25",
      "resolved": "https://registry.npmjs.org/tone/-/tone-13.8.25.tgz",
      "integrity": "sha512-8QqmLn+/R+Urib/78zf93+NqFLddXS777kQO7+EbJHwqy+nmug+SJFRp2KIytT0LQY2sJBiopNb2ceHA8uQQJg==",
      "dev": true
    }
  }
}
