{
  "name": "@generative-music/piece-drones",
  "version": "3.3.0",
  "lockfileVersion": 1,
  "requires": true,
  "dependencies": {
    "@babel/runtime": {
      "version": "7.11.2",
      "resolved": "https://registry.npmjs.org/@babel/runtime/-/runtime-7.11.2.tgz",
      "integrity": "sha512-TeWkU52so0mPtDcaCTxNBI/IHiz0pZgr8VEFqXFtZWpYD08ZB6FaSwVAS8MKRQAP3bYKiVjwysOJgMFY28o6Tw==",
      "dev": true,
      "requires": {
        "regenerator-runtime": "^0.13.4"
      }
    },
    "automation-events": {
      "version": "2.0.19",
      "resolved": "https://registry.npmjs.org/automation-events/-/automation-events-2.0.19.tgz",
      "integrity": "sha512-6RUNmFkmTYXq/W+ovdwLdqqj44rGh9+dGjg4qLaktVHYT1+c+PdlYAkaCn/H2AaqprW9NZhK+jsXT4t8izPV+w==",
      "dev": true,
      "requires": {
        "@babel/runtime": "^7.11.2",
        "tslib": "^2.0.1"
      },
      "dependencies": {
        "tslib": {
          "version": "2.0.1",
          "resolved": "https://registry.npmjs.org/tslib/-/tslib-2.0.1.tgz",
          "integrity": "sha512-SgIkNheinmEBgx1IUNirK0TUD4X9yjjBRTqqjggWCU3pUEqIk3/Uwl3yRixYKT6WjQuGiwDv4NomL3wqRCj+CQ==",
          "dev": true
        }
      }
    },
    "regenerator-runtime": {
      "version": "0.13.7",
      "resolved": "https://registry.npmjs.org/regenerator-runtime/-/regenerator-runtime-0.13.7.tgz",
      "integrity": "sha512-a54FxoJDIr27pgf7IgeQGxmqUNYrcV338lf/6gH456HZ/PhX+5BcwHXG9ajESmwe6WRO0tAzRUrRmNONWgkrew==",
      "dev": true
    },
    "standardized-audio-context": {
      "version": "24.1.26",
      "resolved": "https://registry.npmjs.org/standardized-audio-context/-/standardized-audio-context-24.1.26.tgz",
      "integrity": "sha512-Grm5EZGcg7hDmLZWbyZ/93dBzlRii9HUmRjmyyatissEzdBPxeA4Ptt9VjtYnd0mEOzxxbS222SxpbYnV57JFA==",
      "dev": true,
      "requires": {
        "@babel/runtime": "^7.11.2",
        "automation-events": "^2.0.19",
        "tslib": "^2.0.1"
      },
      "dependencies": {
        "tslib": {
          "version": "2.0.1",
          "resolved": "https://registry.npmjs.org/tslib/-/tslib-2.0.1.tgz",
          "integrity": "sha512-SgIkNheinmEBgx1IUNirK0TUD4X9yjjBRTqqjggWCU3pUEqIk3/Uwl3yRixYKT6WjQuGiwDv4NomL3wqRCj+CQ==",
          "dev": true
        }
      }
    },
    "tonal": {
      "version": "2.2.1",
      "resolved": "https://registry.npmjs.org/tonal/-/tonal-2.2.1.tgz",
      "integrity": "sha512-o4bcXoFkB1MXXzNK7bRF5qSCW4xUmbqur3Nn3OU0cpsfRkAAYxJP70xDTo8W4kquS2IoofrsBWq0Ui5RQhOcOg==",
      "requires": {
        "tonal-array": "^2.2.1",
        "tonal-chord": "^2.2.1",
        "tonal-dictionary": "^2.2.1",
        "tonal-distance": "^2.2.1",
        "tonal-interval": "^2.2.1",
        "tonal-key": "^2.2.1",
        "tonal-note": "^2.2.1",
        "tonal-pcset": "^2.2.1",
        "tonal-scale": "^2.2.1"
      }
    },
    "tonal-array": {
      "version": "2.2.1",
      "resolved": "https://registry.npmjs.org/tonal-array/-/tonal-array-2.2.1.tgz",
      "integrity": "sha512-Hmfaiibe/PUnpAyhKE2Q3VDCE3IY4XFL54qLP34f4SpDPnji1p4p92j8uerlTElMFvAav9djO+wD6n0W7M702Q==",
      "requires": {
        "tonal-note": "^2.2.1"
      }
    },
    "tonal-chord": {
      "version": "2.2.1",
      "resolved": "https://registry.npmjs.org/tonal-chord/-/tonal-chord-2.2.1.tgz",
      "integrity": "sha512-8NcMQf5wMCG+TO0vsHuXjzK3lMPcrP3egYf38rLlGwneXam1KLzcqr4/4LoUSpuOZowlRyvuAWRZRSSIAbjN4g==",
      "requires": {
        "tonal-dictionary": "^2.2.1",
        "tonal-distance": "^2.2.1",
        "tonal-note": "^2.2.1",
        "tonal-pcset": "^2.2.1"
      }
    },
    "tonal-dictionary": {
      "version": "2.2.1",
      "resolved": "https://registry.npmjs.org/tonal-dictionary/-/tonal-dictionary-2.2.1.tgz",
      "integrity": "sha512-7xpPLzFvU18h/gzYSGXLkL863Da4609ZDXY6cR2CExrPjUuTyHQmICgz9JeoZLRnn24tRQr0mUJYp6oac7mxVQ==",
      "requires": {
        "tonal-array": "^2.2.1",
        "tonal-note": "^2.2.1",
        "tonal-pcset": "^2.2.1"
      }
    },
    "tonal-distance": {
      "version": "2.2.1",
      "resolved": "https://registry.npmjs.org/tonal-distance/-/tonal-distance-2.2.1.tgz",
      "integrity": "sha512-8nHlEdKGT2HOuVEa/NvOZDxhpaLBsyrvA8d06FbRoFJ9neSnjEKip4ynNJ5ij+uhfPwoSHCcyheMzepRBroMdQ==",
      "requires": {
        "tonal-interval": "^2.2.1",
        "tonal-note": "^2.2.1"
      }
    },
    "tonal-interval": {
      "version": "2.2.1",
      "resolved": "https://registry.npmjs.org/tonal-interval/-/tonal-interval-2.2.1.tgz",
      "integrity": "sha512-90TUFdo5Qlcmy3xoRDoumzwUqKIpgD9IpkmDwAtSxmDDZveV/WHiSjHX8+zKRiPrizi8oflibxDnvZO7RiTVlQ=="
    },
    "tonal-key": {
      "version": "2.2.1",
      "resolved": "https://registry.npmjs.org/tonal-key/-/tonal-key-2.2.1.tgz",
      "integrity": "sha512-uJLyY9CgOvHCAxA1AwAvwGOKc1ETNZgwZakcLItZZ4lNBTkhIWEvgTDgYnEtFLM+xMa0gLwToR1OFib+W50m4A==",
      "requires": {
        "tonal-array": "^2.2.1",
        "tonal-distance": "^2.2.1",
        "tonal-note": "^2.2.1",
        "tonal-roman-numeral": "^2.2.1"
      }
    },
    "tonal-note": {
      "version": "2.2.1",
      "resolved": "https://registry.npmjs.org/tonal-note/-/tonal-note-2.2.1.tgz",
      "integrity": "sha512-anlxv8l26CjvesoCAE+Ru4atqSJjcnPO04IK1sLKi5cB8lzdJjk5xdqCP0Trq4yDPQSGiUbTIbA+hOSf4mCM4A=="
    },
    "tonal-pcset": {
      "version": "2.2.1",
      "resolved": "https://registry.npmjs.org/tonal-pcset/-/tonal-pcset-2.2.1.tgz",
      "integrity": "sha512-lclE33VYUm8m2PBTRdkNS/f4/ehcNcKSjh3e/IbnaD1OayEhxxs6mFjVbnT6cpbqG42M+ZK2prqfPsaVp75jlw==",
      "requires": {
        "tonal-array": "^2.2.1",
        "tonal-interval": "^2.2.1",
        "tonal-note": "^2.2.1"
      }
    },
    "tonal-roman-numeral": {
      "version": "2.2.1",
      "resolved": "https://registry.npmjs.org/tonal-roman-numeral/-/tonal-roman-numeral-2.2.1.tgz",
      "integrity": "sha512-dVskmAxkQVuOscza6j4NEK42yeq1AuPiVv7+dAUimMTsEXDmA8fsLlve9YEMfT8NEWt5dTgIYjkb0pTGkGtRkw=="
    },
    "tonal-scale": {
      "version": "2.2.1",
      "resolved": "https://registry.npmjs.org/tonal-scale/-/tonal-scale-2.2.1.tgz",
      "integrity": "sha512-i96GigrQv4unrLBGKJfxuUqrAQ9hEBq7fFJEcSq+uR9zDhHmy31Lw2yLeFnxuHqYCz0SwFoQ7v61mi9wt0Kscw==",
      "requires": {
        "tonal-array": "^2.2.1",
        "tonal-dictionary": "^2.2.1",
        "tonal-distance": "^2.2.1",
        "tonal-note": "^2.2.1",
        "tonal-pcset": "^2.2.1"
      }
    },
    "tone": {
      "version": "14.7.39",
      "resolved": "https://registry.npmjs.org/tone/-/tone-14.7.39.tgz",
      "integrity": "sha512-lSnR8Y8PTkWaeoD4rce1MROSjxelcLwZNzLn5tzhQvP33VpurdntAm853aFO2zaGwbAEd2mAxzCgczTyDE7GBg==",
      "dev": true,
      "requires": {
        "standardized-audio-context": "^24.1.5",
        "tslib": "^1.10.0"
      }
    },
    "tslib": {
      "version": "1.13.0",
      "resolved": "https://registry.npmjs.org/tslib/-/tslib-1.13.0.tgz",
      "integrity": "sha512-i/6DQjL8Xf3be4K/E6Wgpekn5Qasl1usyw++dAA35Ue5orEn65VIxOA+YvNNl9HV3qv70T7CNwjODHZrLwvd1Q==",
      "dev": true
    }
  }
}
