{
  "name": "@generative-music/piece-observable-streams",
  "version": "5.0.2",
  "lockfileVersion": 1,
  "requires": true,
  "dependencies": {
    "@babel/runtime": {
      "version": "7.12.5",
      "resolved": "https://registry.npmjs.org/@babel/runtime/-/runtime-7.12.5.tgz",
      "integrity": "sha512-plcc+hbExy3McchJCEQG3knOsuh3HH+Prx1P6cLIkET/0dLuQDEnrT+s27Axgc9bqfsmNUNHfscgMUdBpC9xfg==",
      "requires": {
        "regenerator-runtime": "^0.13.4"
      }
    },
    "regenerator-runtime": {
      "version": "0.13.7",
      "resolved": "https://registry.npmjs.org/regenerator-runtime/-/regenerator-runtime-0.13.7.tgz",
      "integrity": "sha512-a54FxoJDIr27pgf7IgeQGxmqUNYrcV338lf/6gH456HZ/PhX+5BcwHXG9ajESmwe6WRO0tAzRUrRmNONWgkrew=="
    },
    "rxjs": {
      "version": "6.4.0",
      "resolved": "https://registry.npmjs.org/rxjs/-/rxjs-6.4.0.tgz",
      "integrity": "sha512-Z9Yfa11F6B9Sg/BK9MnqnQ+aQYicPLtilXBp2yUtDt2JRCE0h26d33EnfO3ZxoNxG0T92OUucP3Ct7cpfkdFfw==",
      "requires": {
        "tslib": "^1.9.0"
      }
    },
    "tonal": {
      "version": "2.2.1",
      "resolved": "https://registry.npmjs.org/tonal/-/tonal-2.2.1.tgz",
      "integrity": "sha512-o4bcXoFkB1MXXzNK7bRF5qSCW4xUmbqur3Nn3OU0cpsfRkAAYxJP70xDTo8W4kquS2IoofrsBWq0Ui5RQhOcOg==",
      "requires": {
        "tonal-array": "^2.2.1",
        "tonal-chord": "^2.2.1",
        "tonal-dictionary": "^2.2.1",
        "tonal-distance": "^2.2.1",
        "tonal-interval": "^2.2.1",
        "tonal-key": "^2.2.1",
        "tonal-note": "^2.2.1",
        "tonal-pcset": "^2.2.1",
        "tonal-scale": "^2.2.1"
      }
    },
    "tonal-array": {
      "version": "2.2.1",
      "resolved": "https://registry.npmjs.org/tonal-array/-/tonal-array-2.2.1.tgz",
      "integrity": "sha512-Hmfaiibe/PUnpAyhKE2Q3VDCE3IY4XFL54qLP34f4SpDPnji1p4p92j8uerlTElMFvAav9djO+wD6n0W7M702Q==",
      "requires": {
        "tonal-note": "^2.2.1"
      }
    },
    "tonal-chord": {
      "version": "2.2.1",
      "resolved": "https://registry.npmjs.org/tonal-chord/-/tonal-chord-2.2.1.tgz",
      "integrity": "sha512-8NcMQf5wMCG+TO0vsHuXjzK3lMPcrP3egYf38rLlGwneXam1KLzcqr4/4LoUSpuOZowlRyvuAWRZRSSIAbjN4g==",
      "requires": {
        "tonal-dictionary": "^2.2.1",
        "tonal-distance": "^2.2.1",
        "tonal-note": "^2.2.1",
        "tonal-pcset": "^2.2.1"
      }
    },
    "tonal-dictionary": {
      "version": "2.2.1",
      "resolved": "https://registry.npmjs.org/tonal-dictionary/-/tonal-dictionary-2.2.1.tgz",
      "integrity": "sha512-7xpPLzFvU18h/gzYSGXLkL863Da4609ZDXY6cR2CExrPjUuTyHQmICgz9JeoZLRnn24tRQr0mUJYp6oac7mxVQ==",
      "requires": {
        "tonal-array": "^2.2.1",
        "tonal-note": "^2.2.1",
        "tonal-pcset": "^2.2.1"
      }
    },
    "tonal-distance": {
      "version": "2.2.1",
      "resolved": "https://registry.npmjs.org/tonal-distance/-/tonal-distance-2.2.1.tgz",
      "integrity": "sha512-8nHlEdKGT2HOuVEa/NvOZDxhpaLBsyrvA8d06FbRoFJ9neSnjEKip4ynNJ5ij+uhfPwoSHCcyheMzepRBroMdQ==",
      "requires": {
        "tonal-interval": "^2.2.1",
        "tonal-note": "^2.2.1"
      }
    },
    "tonal-interval": {
      "version": "2.2.1",
      "resolved": "https://registry.npmjs.org/tonal-interval/-/tonal-interval-2.2.1.tgz",
      "integrity": "sha512-90TUFdo5Qlcmy3xoRDoumzwUqKIpgD9IpkmDwAtSxmDDZveV/WHiSjHX8+zKRiPrizi8oflibxDnvZO7RiTVlQ=="
    },
    "tonal-key": {
      "version": "2.2.1",
      "resolved": "https://registry.npmjs.org/tonal-key/-/tonal-key-2.2.1.tgz",
      "integrity": "sha512-uJLyY9CgOvHCAxA1AwAvwGOKc1ETNZgwZakcLItZZ4lNBTkhIWEvgTDgYnEtFLM+xMa0gLwToR1OFib+W50m4A==",
      "requires": {
        "tonal-array": "^2.2.1",
        "tonal-distance": "^2.2.1",
        "tonal-note": "^2.2.1",
        "tonal-roman-numeral": "^2.2.1"
      }
    },
    "tonal-note": {
      "version": "2.2.1",
      "resolved": "https://registry.npmjs.org/tonal-note/-/tonal-note-2.2.1.tgz",
      "integrity": "sha512-anlxv8l26CjvesoCAE+Ru4atqSJjcnPO04IK1sLKi5cB8lzdJjk5xdqCP0Trq4yDPQSGiUbTIbA+hOSf4mCM4A=="
    },
    "tonal-pcset": {
      "version": "2.2.1",
      "resolved": "https://registry.npmjs.org/tonal-pcset/-/tonal-pcset-2.2.1.tgz",
      "integrity": "sha512-lclE33VYUm8m2PBTRdkNS/f4/ehcNcKSjh3e/IbnaD1OayEhxxs6mFjVbnT6cpbqG42M+ZK2prqfPsaVp75jlw==",
      "requires": {
        "tonal-array": "^2.2.1",
        "tonal-interval": "^2.2.1",
        "tonal-note": "^2.2.1"
      }
    },
    "tonal-roman-numeral": {
      "version": "2.2.1",
      "resolved": "https://registry.npmjs.org/tonal-roman-numeral/-/tonal-roman-numeral-2.2.1.tgz",
      "integrity": "sha512-dVskmAxkQVuOscza6j4NEK42yeq1AuPiVv7+dAUimMTsEXDmA8fsLlve9YEMfT8NEWt5dTgIYjkb0pTGkGtRkw=="
    },
    "tonal-scale": {
      "version": "2.2.1",
      "resolved": "https://registry.npmjs.org/tonal-scale/-/tonal-scale-2.2.1.tgz",
      "integrity": "sha512-i96GigrQv4unrLBGKJfxuUqrAQ9hEBq7fFJEcSq+uR9zDhHmy31Lw2yLeFnxuHqYCz0SwFoQ7v61mi9wt0Kscw==",
      "requires": {
        "tonal-array": "^2.2.1",
        "tonal-dictionary": "^2.2.1",
        "tonal-distance": "^2.2.1",
        "tonal-note": "^2.2.1",
        "tonal-pcset": "^2.2.1"
      }
    },
    "tslib": {
      "version": "1.9.3",
      "resolved": "https://registry.npmjs.org/tslib/-/tslib-1.9.3.tgz",
      "integrity": "sha512-4krF8scpejhaOgqzBEcGM7yDIEfi0/8+8zDRZhNZZ2kjmHJ4hv3zCbQWxoJGz1iw5U0Jl0nma13xzHXcncMavQ=="
    }
  }
}
